{
  "version": 2,
  "dependencies": {
    "net8.0": {
      "Microsoft.NET.ILLink.Tasks": {
        "type": "Direct",
        "requested": "[8.0.14, )",
        "resolved": "8.0.14",
        "contentHash": "4U2fd7PexNKrK5ZqfqIcXZj9/lRRjFsLgA/pxuFQTuGQuLYP/+7yACz/j7EmWbEj/fspOf4mafi/vHIy/rKDzQ=="
      }
    }
  }
}