{
  "version": 2,
  "dependencies": {
    "net8.0": {
      "Microsoft.NET.ILLink.Tasks": {
        "type": "Direct",
        "requested": "[8.0.17, )",
        "resolved": "8.0.17",
        "contentHash": "x5/y4l8AtshpBOrCZdlE4txw8K3e3s9meBFeZeR3l8hbbku2V7kK6ojhXvrbjg1rk3G+JqL1BI26gtgc1ZrdUw=="
      }
    }
  }
}