{
  "version": 1,
  "dependencies": {
    "net6.0": {
      "Avalonia": {
        "type": "Direct",
        "requested": "[0.10.17, )",
        "resolved": "0.10.17",
        "contentHash": "yEmORUaMg9m4O2oGEYwHoCrejQByHDwrBVhTnq3b02qc3vx6CFPouKxNK2ef+luzvpegFVyvJ3qszJe11Bplig==",
        "dependencies": {
          "Avalonia.Remote.Protocol": "0.10.17",
          "JetBrains.Annotations": "10.3.0",
          "System.ComponentModel.Annotations": "4.5.0",
          "System.Memory": "4.5.3",
          "System.Reactive": "5.0.0",
          "System.Runtime.CompilerServices.Unsafe": "4.6.0",
          "System.ValueTuple": "4.5.0"
        }
      },
      "Avalonia.Controls.DataGrid": {
        "type": "Direct",
        "requested": "[0.10.17, )",
        "resolved": "0.10.17",
        "contentHash": "GuT4qXwHuzHepGuC880ErLKQLUh2BwBfBPpGAXdaDzBdiXXc+F8KS6xeS9Gxlbnt7sWE3aRiWYzVqy7l/ryy4w==",
        "dependencies": {
          "Avalonia": "0.10.17",
          "Avalonia.Remote.Protocol": "0.10.17",
          "JetBrains.Annotations": "10.3.0",
          "System.Reactive": "5.0.0"
        }
      },
      "DotNet.ReproducibleBuilds": {
        "type": "Direct",
        "requested": "[1.1.1, )",
        "resolved": "1.1.1",
        "contentHash": "+H2t/t34h6mhEoUvHi8yGXyuZ2GjSovcGYehJrS2MDm2XgmPfZL2Sdxg+uL2lKgZ4M6tTwKHIlxOob2bgh0NRQ==",
        "dependencies": {
          "Microsoft.SourceLink.AzureRepos.Git": "1.1.1",
          "Microsoft.SourceLink.Bitbucket.Git": "1.1.1",
          "Microsoft.SourceLink.GitHub": "1.1.1",
          "Microsoft.SourceLink.GitLab": "1.1.1"
        }
      },
      "DotNet.ReproducibleBuilds.Isolated": {
        "type": "Direct",
        "requested": "[1.1.1, )",
        "resolved": "1.1.1",
        "contentHash": "mdk9ue5KRj+2uaWpyrqUtnMw2c0RMVK1MhdOyvEB3xeBO80G28zAGRnHw/Eu/fnOfIYyUl79Ld2BTWwjmpanQA=="
      },
      "IdentityModel.OidcClient": {
        "type": "Direct",
        "requested": "[5.0.1, )",
        "resolved": "5.0.1",
        "contentHash": "kLrv5o5uQ9gfEt7F6k+K6ffsZJg5AaH8ldTo7ilSNO0SL89RrFhRbq9yyWOixHqv5k1w14Hxfwp5jwWTQSZwHA==",
        "dependencies": {
          "IdentityModel": "5.2.0",
          "Microsoft.Extensions.Logging": "6.0.0"
        }
      },
      "LiveChartsCore.SkiaSharpView.Avalonia": {
        "type": "Direct",
        "requested": "[2.0.0-beta.330, )",
        "resolved": "2.0.0-beta.330",
        "contentHash": "Fx26ymwtbfCyLd/Zkv0VEN39i628vwAy6dHCvFpp9l6CrB1fRb+rR+WGmqIsVfO56t7+t+C+9GLTJECVYuZ4fA==",
        "dependencies": {
          "Avalonia": "0.10.0",
          "Avalonia.Desktop": "0.10.0",
          "Avalonia.Diagnostics": "0.10.0",
          "LiveChartsCore.SkiaSharpView": "2.0.0-beta.330"
        }
      },
      "Microsoft.Extensions.Configuration": {
        "type": "Direct",
        "requested": "[6.0.1, )",
        "resolved": "6.0.1",
        "contentHash": "BUyFU9t+HzlSE7ri4B+AQN2BgTgHv/uM82s5ZkgU1BApyzWzIl48nDsG5wR1t0pniNuuyTBzG3qCW8152/NtSw==",
        "dependencies": {
          "Microsoft.Extensions.Configuration.Abstractions": "6.0.0",
          "Microsoft.Extensions.Primitives": "6.0.0"
        }
      },
      "Microsoft.Extensions.Configuration.EnvironmentVariables": {
        "type": "Direct",
        "requested": "[6.0.1, )",
        "resolved": "6.0.1",
        "contentHash": "pnyXV1LFOsYjGveuC07xp0YHIyGq7jRq5Ncb5zrrIieMLWVwgMyYxcOH0jTnBedDT4Gh1QinSqsjqzcieHk1og==",
        "dependencies": {
          "Microsoft.Extensions.Configuration": "6.0.0",
          "Microsoft.Extensions.Configuration.Abstractions": "6.0.0"
        }
      },
      "Microsoft.Extensions.DependencyInjection.Abstractions": {
        "type": "Direct",
        "requested": "[6.0.0, )",
        "resolved": "6.0.0",
        "contentHash": "xlzi2IYREJH3/m6+lUrQlujzX8wDitm4QGnUu6kUXTQAWPuZY8i+ticFJbzfqaetLA6KR/rO6Ew/HuYD+bxifg=="
      },
      "Microsoft.Extensions.Http": {
        "type": "Direct",
        "requested": "[6.0.0, )",
        "resolved": "6.0.0",
        "contentHash": "15+pa2G0bAMHbHewaQIdr/y6ag2H3yh4rd9hTXavtWDzQBkvpe2RMqFg8BxDpcQWssmjmBApGPcw93QRz6YcMg==",
        "dependencies": {
          "Microsoft.Extensions.DependencyInjection.Abstractions": "6.0.0",
          "Microsoft.Extensions.Logging": "6.0.0",
          "Microsoft.Extensions.Logging.Abstractions": "6.0.0",
          "Microsoft.Extensions.Options": "6.0.0"
        }
      },
      "Microsoft.Extensions.Options.ConfigurationExtensions": {
        "type": "Direct",
        "requested": "[6.0.0, )",
        "resolved": "6.0.0",
        "contentHash": "bXWINbTn0vC0FYc9GaQTISbxhQLAMrvtbuvD9N6JelEaIS/Pr62wUCinrq5bf1WRBGczt1v4wDhxFtVFNcMdUQ==",
        "dependencies": {
          "Microsoft.Extensions.Configuration.Abstractions": "6.0.0",
          "Microsoft.Extensions.Configuration.Binder": "6.0.0",
          "Microsoft.Extensions.DependencyInjection.Abstractions": "6.0.0",
          "Microsoft.Extensions.Options": "6.0.0",
          "Microsoft.Extensions.Primitives": "6.0.0"
        }
      },
      "Microsoft.Extensions.Options.DataAnnotations": {
        "type": "Direct",
        "requested": "[6.0.0, )",
        "resolved": "6.0.0",
        "contentHash": "Fvs4plZYQT/iF/JsYwP/pppQRvQC211enBjCoIu/355M+aunlzSyzN/n3wPibyY76794MFLkLVT47JCBc3porg==",
        "dependencies": {
          "Microsoft.Extensions.DependencyInjection.Abstractions": "6.0.0",
          "Microsoft.Extensions.Options": "6.0.0",
          "System.ComponentModel.Annotations": "5.0.0"
        }
      },
      "StyleCop.Analyzers": {
        "type": "Direct",
        "requested": "[1.2.0-beta.406, )",
        "resolved": "1.2.0-beta.406",
        "contentHash": "YbsYoczQPZyz+4nmQ7bBiU9uQkk7Q2KUizQWEv01S4/ImCdJFiHvJfm8HAINNS0cvSLOA7xM9Y+KWQ2FOYjgkA==",
        "dependencies": {
          "StyleCop.Analyzers.Unstable": "1.2.0.406"
        }
      },
      "Avalonia.Angle.Windows.Natives": {
        "type": "Transitive",
        "resolved": "2.1.0.2020091801",
        "contentHash": "nGsCPI8FuUknU/e6hZIqlsKRDxClXHZyztmgM8vuwslFC/BIV3LqM2wKefWbr6SORX4Lct4nivhSMkdF/TrKgg=="
      },
      "Avalonia.Desktop": {
        "type": "Transitive",
        "resolved": "0.10.0",
        "contentHash": "ypCPwtEJs0R9+dgvxU0nCdtOyUe5LIViumEIHqwcUwoG13N4Pl2moU2Pf+ic3RgzGqE7Bfn488mnCEO3EzTJsg==",
        "dependencies": {
          "Avalonia": "0.10.0",
          "Avalonia.Native": "0.10.0",
          "Avalonia.Skia": "0.10.0",
          "Avalonia.Win32": "0.10.0",
          "Avalonia.X11": "0.10.0"
        }
      },
      "Avalonia.Diagnostics": {
        "type": "Transitive",
        "resolved": "0.10.0",
        "contentHash": "ZueZfLdkonwk3kjNMrdkuAnqw1feF7fXLcfdV97u04KIcvgfUf1IvsHDbECM+xgpg93cS0D3udjvLpS5/khD2Q==",
        "dependencies": {
          "Avalonia": "0.10.0",
          "Avalonia.Controls.DataGrid": "0.10.0",
          "Microsoft.CodeAnalysis.CSharp.Scripting": "3.4.0",
          "System.Reactive": "5.0.0"
        }
      },
      "Avalonia.FreeDesktop": {
        "type": "Transitive",
        "resolved": "0.10.0",
        "contentHash": "v9IottyEUwXGuonnIkPwi/BEAfCz7O+Gaq8QlNOy/SyB7ZUijbUoW7iNhkgAyAH34Ol2Yl+bXLSqHaLB4A5XQw==",
        "dependencies": {
          "Avalonia": "0.10.0",
          "Tmds.DBus": "0.9.0"
        }
      },
      "Avalonia.Native": {
        "type": "Transitive",
        "resolved": "0.10.0",
        "contentHash": "M/X7DU6woPbGPLrXLxoKJbR/CifXWzj9JT+otnf15pDE/39ji2hWg8rJWYHxPxijHskla840lSMxPc0GltUJGg==",
        "dependencies": {
          "Avalonia": "0.10.0"
        }
      },
      "Avalonia.Remote.Protocol": {
        "type": "Transitive",
        "resolved": "0.10.17",
        "contentHash": "Tkj8QIvQbxBs9tJ56gsDy7ee1gfH90Gm6rPfutew+RhkaQrEZqEOsI0sOZlFJNxrASj0EeVWPIbtPL1O1xK8vQ=="
      },
      "Avalonia.Skia": {
        "type": "Transitive",
        "resolved": "0.10.0",
        "contentHash": "RitaTRbah6TwX02HC8zFI28D5azQj3BmDGyoQeHm2xcDRbg921bKUkU4GrF+XVCy87JvFsQfSASkYeMBnjB7dQ==",
        "dependencies": {
          "Avalonia": "0.10.0",
          "HarfBuzzSharp": "2.6.1.7",
          "HarfBuzzSharp.NativeAssets.Linux": "2.6.1.7",
          "SkiaSharp": "2.80.2",
          "SkiaSharp.NativeAssets.Linux": "2.80.2"
        }
      },
      "Avalonia.Win32": {
        "type": "Transitive",
        "resolved": "0.10.0",
        "contentHash": "K7ou9bmBKq42WjuWrxlyBynHy+YMIFmth3BA4bGysOkMpQOsDdUO5MLNf30ZurW98j2PzDZx7BCaPrjwKd30pA==",
        "dependencies": {
          "Avalonia": "0.10.0",
          "Avalonia.Angle.Windows.Natives": "2.1.0.2020091801",
          "System.Drawing.Common": "4.5.0",
          "System.Numerics.Vectors": "4.5.0"
        }
      },
      "Avalonia.X11": {
        "type": "Transitive",
        "resolved": "0.10.0",
        "contentHash": "rhgOcdSWFaCBhRRh97NHqltSBaz2ddCu4sr6SDPj2iT7BRgUs9a3ri0r4+2bkpWBBU0wBqEAyUg9JngfUMls9g==",
        "dependencies": {
          "Avalonia": "0.10.0",
          "Avalonia.FreeDesktop": "0.10.0",
          "Avalonia.Skia": "0.10.0"
        }
      },
      "HarfBuzzSharp": {
        "type": "Transitive",
        "resolved": "2.8.2.1-preview.91",
        "contentHash": "m5B67NMVrvA+3zoDuuqvuMDCtHb/FRBfR6XMB3DrWq1NbeR0ILJmJOc8wKEeMeTjkJyPInVq3GttT5aU9dHBXA==",
        "dependencies": {
          "HarfBuzzSharp.NativeAssets.Win32": "2.8.2.1-preview.91",
          "HarfBuzzSharp.NativeAssets.macOS": "2.8.2.1-preview.91"
        }
      },
      "HarfBuzzSharp.NativeAssets.Linux": {
        "type": "Transitive",
        "resolved": "2.6.1.7",
        "contentHash": "Aef8YgAqJ5dW0CNWCtaPNKHdJlhl+w83LmqDpaan9NmmKhG/px6Zta06iu0R2n4RrBHCRDly/Q/6kc0xQOfT9A==",
        "dependencies": {
          "HarfBuzzSharp": "2.6.1.7"
        }
      },
      "HarfBuzzSharp.NativeAssets.macOS": {
        "type": "Transitive",
        "resolved": "2.8.2.1-preview.91",
        "contentHash": "OCktqWrPp4aokAc3G5Yzq7FeXXA/srx4bWdrot5Nf6+iOjKTWRnFitdDcgeSEAu7iD4Bz2wi4v2WY0o1sWhrBw=="
      },
      "HarfBuzzSharp.NativeAssets.Win32": {
        "type": "Transitive",
        "resolved": "2.8.2.1-preview.91",
        "contentHash": "P84PDBoJTPAo0qYcvdSkEXUn5/0eVDIDoQGiS7vTXcR0G/H5b02t/7ubVgmHcO1VYzad2hmOMIHRvPg5FdyC8w=="
      },
      "IdentityModel": {
        "type": "Transitive",
        "resolved": "5.2.0",
        "contentHash": "nuhkbaDH9l5QzNJp2MtP3qio57MPtiRneUN8Ocr7od0JvSYaIe3gBj/vxllr11S/Qvu1AG4GZXoyv5469ewYDA=="
      },
      "JetBrains.Annotations": {
        "type": "Transitive",
        "resolved": "2022.1.0",
        "contentHash": "ASfpoFJxiRsC9Xc4TWuPM41Zb/gl64xwfMOhnOZ3RnVWGYIZchjpWQV5zshJgoc/ZxVtgjaF7b577lURj7E6ig=="
      },
      "LiveChartsCore": {
        "type": "Transitive",
        "resolved": "2.0.0-beta.330",
        "contentHash": "viNayVI8HpFEzfdmYQwIq8uGMlRVn3l4VNck9oPKKNbdHdkRq5U8bgE7iw3uqPriDQeBSVUH93YbDJRgyhmkUA=="
      },
      "LiveChartsCore.SkiaSharpView": {
        "type": "Transitive",
        "resolved": "2.0.0-beta.330",
        "contentHash": "JuQzo3m7drw8kq2UmK1Ja/h9OqrIrJ1OkaymYsu6D+zSaNjeNsLb6xnPCXB2SWwNOX+TkEi0KgWZYBAmBjef4g==",
        "dependencies": {
          "LiveChartsCore": "2.0.0-beta.330",
          "SkiaSharp": "2.88.1-preview.91",
          "SkiaSharp.HarfBuzz": "2.88.1-preview.91"
        }
      },
      "Microsoft.AspNetCore.Http.Features": {
        "type": "Transitive",
        "resolved": "5.0.17",
        "contentHash": "3jG2xS+dx8DDCGV/F+STdPTg89lX3ao3dF/VEPvJaz3wzBIjuadipTtYNEXDIVuOPZwb6jdmhrX9jkzOIBm5cw==",
        "dependencies": {
          "Microsoft.Extensions.Primitives": "5.0.1",
          "System.IO.Pipelines": "5.0.2"
        }
      },
      "Microsoft.Build.Tasks.Git": {
        "type": "Transitive",
        "resolved": "1.1.1",
        "contentHash": "AT3HlgTjsqHnWpBHSNeR0KxbLZD7bztlZVj7I8vgeYG9SYqbeFGh0TM/KVtC6fg53nrWHl3VfZFvb5BiQFcY6Q=="
      },
      "Microsoft.CodeAnalysis.Analyzers": {
        "type": "Transitive",
        "resolved": "2.9.6",
        "contentHash": "Kmms3TxGQMNb95Cu/3K+0bIcMnV4qf/phZBLAB0HUi65rBPxP4JO3aM2LoAcb+DFS600RQJMZ7ZLyYDTbLwJOQ=="
      },
      "Microsoft.CodeAnalysis.Common": {
        "type": "Transitive",
        "resolved": "3.4.0",
        "contentHash": "3ncA7cV+iXGA1VYwe2UEZXcvWyZSlbexWjM9AvocP7sik5UD93qt9Hq0fMRGk0jFRmvmE4T2g+bGfXiBVZEhLw==",
        "dependencies": {
          "Microsoft.CodeAnalysis.Analyzers": "2.9.6",
          "System.Collections.Immutable": "1.5.0",
          "System.Memory": "4.5.3",
          "System.Reflection.Metadata": "1.6.0",
          "System.Runtime.CompilerServices.Unsafe": "4.5.2",
          "System.Text.Encoding.CodePages": "4.5.1",
          "System.Threading.Tasks.Extensions": "4.5.3"
        }
      },
      "Microsoft.CodeAnalysis.CSharp": {
        "type": "Transitive",
        "resolved": "3.4.0",
        "contentHash": "/LsTtgcMN6Tu1oo7/WYbRAHL4/ubXC/miEakwTpcZKJKtFo7D0AK95Hw0dbGxul6C8WJu60v6NP2435TDYZM+Q==",
        "dependencies": {
          "Microsoft.CodeAnalysis.Common": "[3.4.0]"
        }
      },
      "Microsoft.CodeAnalysis.CSharp.Scripting": {
        "type": "Transitive",
        "resolved": "3.4.0",
        "contentHash": "tLgqc76qXHmONUhWhxo7z3TcL/LmGFWIUJm1exbQmVJohuQvJnejUMxmVkdxDfMuMZU1fIyJXPZ6Fkp4FEneAg==",
        "dependencies": {
          "Microsoft.CSharp": "4.3.0",
          "Microsoft.CodeAnalysis.CSharp": "[3.4.0]",
          "Microsoft.CodeAnalysis.Common": "[3.4.0]",
          "Microsoft.CodeAnalysis.Scripting.Common": "[3.4.0]"
        }
      },
      "Microsoft.CodeAnalysis.Scripting.Common": {
        "type": "Transitive",
        "resolved": "3.4.0",
        "contentHash": "+b6I3DZL2zvck+B/E/aiOveakj5U2G2BcYODQxcGh2IDbatNU3XXxGT1HumkWB5uIZI2Leu0opBgBpjScmjGMA==",
        "dependencies": {
          "Microsoft.CodeAnalysis.Common": "[3.4.0]"
        }
      },
      "Microsoft.CSharp": {
        "type": "Transitive",
        "resolved": "4.3.0",
        "contentHash": "P+MBhIM0YX+JqROuf7i306ZLJEjQYA9uUyRDE+OqwUI5sh41e2ZbPQV3LfAPh+29cmceE1pUffXsGfR4eMY3KA==",
        "dependencies": {
          "System.Collections": "4.3.0",
          "System.Diagnostics.Debug": "4.3.0",
          "System.Dynamic.Runtime": "4.3.0",
          "System.Globalization": "4.3.0",
          "System.Linq": "4.3.0",
          "System.Linq.Expressions": "4.3.0",
          "System.ObjectModel": "4.3.0",
          "System.Reflection": "4.3.0",
          "System.Reflection.Extensions": "4.3.0",
          "System.Reflection.Primitives": "4.3.0",
          "System.Reflection.TypeExtensions": "4.3.0",
          "System.Resources.ResourceManager": "4.3.0",
          "System.Runtime": "4.3.0",
          "System.Runtime.Extensions": "4.3.0",
          "System.Runtime.InteropServices": "4.3.0",
          "System.Threading": "4.3.0"
        }
      },
      "Microsoft.Extensions.Configuration.Abstractions": {
        "type": "Transitive",
        "resolved": "6.0.0",
        "contentHash": "qWzV9o+ZRWq+pGm+1dF+R7qTgTYoXvbyowRoBxQJGfqTpqDun2eteerjRQhq5PQ/14S+lqto3Ft4gYaRyl4rdQ==",
        "dependencies": {
          "Microsoft.Extensions.Primitives": "6.0.0"
        }
      },
      "Microsoft.Extensions.Configuration.Binder": {
        "type": "Transitive",
        "resolved": "6.0.0",
        "contentHash": "b3ErKzND8LIC7o08QAVlKfaEIYEvLJbtmVbFZVBRXeu9YkKfSSzLZfR1SUfQPBIy9mKLhEtJgGYImkcMNaKE0A==",
        "dependencies": {
          "Microsoft.Extensions.Configuration.Abstractions": "6.0.0"
        }
      },
      "Microsoft.Extensions.DependencyInjection": {
        "type": "Transitive",
        "resolved": "6.0.0",
        "contentHash": "k6PWQMuoBDGGHOQTtyois2u4AwyVcIwL2LaSLlTZQm2CYcJ1pxbt6jfAnpWmzENA/wfrYRI/X9DTLoUkE4AsLw==",
        "dependencies": {
          "Microsoft.Extensions.DependencyInjection.Abstractions": "6.0.0",
          "System.Runtime.CompilerServices.Unsafe": "6.0.0"
        }
      },
      "Microsoft.Extensions.Logging": {
        "type": "Transitive",
        "resolved": "6.0.0",
        "contentHash": "eIbyj40QDg1NDz0HBW0S5f3wrLVnKWnDJ/JtZ+yJDFnDj90VoPuoPmFkeaXrtu+0cKm5GRAwoDf+dBWXK0TUdg==",
        "dependencies": {
          "Microsoft.Extensions.DependencyInjection": "6.0.0",
          "Microsoft.Extensions.DependencyInjection.Abstractions": "6.0.0",
          "Microsoft.Extensions.Logging.Abstractions": "6.0.0",
          "Microsoft.Extensions.Options": "6.0.0",
          "System.Diagnostics.DiagnosticSource": "6.0.0"
        }
      },
      "Microsoft.Extensions.Logging.Abstractions": {
        "type": "Transitive",
        "resolved": "6.0.0",
        "contentHash": "/HggWBbTwy8TgebGSX5DBZ24ndhzi93sHUBDvP1IxbZD7FDokYzdAr6+vbWGjw2XAfR2EJ1sfKUotpjHnFWPxA=="
      },
      "Microsoft.Extensions.Options": {
        "type": "Transitive",
        "resolved": "6.0.0",
        "contentHash": "dzXN0+V1AyjOe2xcJ86Qbo233KHuLEY0njf/P2Kw8SfJU+d45HNS2ctJdnEnrWbM9Ye2eFgaC5Mj9otRMU6IsQ==",
        "dependencies": {
          "Microsoft.Extensions.DependencyInjection.Abstractions": "6.0.0",
          "Microsoft.Extensions.Primitives": "6.0.0"
        }
      },
      "Microsoft.Extensions.Primitives": {
        "type": "Transitive",
        "resolved": "6.0.0",
        "contentHash": "9+PnzmQFfEFNR9J2aDTfJGGupShHjOuGw4VUv+JB044biSHrnmCIMD+mJHmb2H7YryrfBEXDurxQ47gJZdCKNQ==",
        "dependencies": {
          "System.Runtime.CompilerServices.Unsafe": "6.0.0"
        }
      },
      "Microsoft.NETCore.Platforms": {
        "type": "Transitive",
        "resolved": "2.1.2",
        "contentHash": "mOJy3M0UN+LUG21dLGMxaWZEP6xYpQEpLuvuEQBaownaX4YuhH6NmNUlN9si+vNkAS6dwJ//N1O4DmLf2CikVg=="
      },
      "Microsoft.NETCore.Targets": {
        "type": "Transitive",
        "resolved": "1.1.0",
        "contentHash": "aOZA3BWfz9RXjpzt0sRJJMjAscAUm3Hoa4UWAfceV9UTYxgwZ1lZt5nO2myFf+/jetYQo4uTP7zS8sJY67BBxg=="
      },
      "Microsoft.SourceLink.AzureRepos.Git": {
        "type": "Transitive",
        "resolved": "1.1.1",
        "contentHash": "qB5urvw9LO2bG3eVAkuL+2ughxz2rR7aYgm2iyrB8Rlk9cp2ndvGRCvehk3rNIhRuNtQaeKwctOl1KvWiklv5w==",
        "dependencies": {
          "Microsoft.Build.Tasks.Git": "1.1.1",
          "Microsoft.SourceLink.Common": "1.1.1"
        }
      },
      "Microsoft.SourceLink.Bitbucket.Git": {
        "type": "Transitive",
        "resolved": "1.1.1",
        "contentHash": "cDzxXwlyWpLWaH0em4Idj0H3AmVo3L/6xRXKssYemx+7W52iNskj/SQ4FOmfCb8YQt39otTDNMveCZzYtMoucQ==",
        "dependencies": {
          "Microsoft.Build.Tasks.Git": "1.1.1",
          "Microsoft.SourceLink.Common": "1.1.1"
        }
      },
      "Microsoft.SourceLink.Common": {
        "type": "Transitive",
        "resolved": "1.1.1",
        "contentHash": "WMcGpWKrmJmzrNeuaEb23bEMnbtR/vLmvZtkAP5qWu7vQsY59GqfRJd65sFpBszbd2k/bQ8cs8eWawQKAabkVg=="
      },
      "Microsoft.SourceLink.GitHub": {
        "type": "Transitive",
        "resolved": "1.1.1",
        "contentHash": "IaJGnOv/M7UQjRJks7B6p7pbPnOwisYGOIzqCz5ilGFTApZ3ktOR+6zJ12ZRPInulBmdAf1SrGdDG2MU8g6XTw==",
        "dependencies": {
          "Microsoft.Build.Tasks.Git": "1.1.1",
          "Microsoft.SourceLink.Common": "1.1.1"
        }
      },
      "Microsoft.SourceLink.GitLab": {
        "type": "Transitive",
        "resolved": "1.1.1",
        "contentHash": "tvsg47DDLqqedlPeYVE2lmiTpND8F0hkrealQ5hYltSmvruy/Gr5nHAKSsjyw5L3NeM/HLMI5ORv7on/M4qyZw==",
        "dependencies": {
          "Microsoft.Build.Tasks.Git": "1.1.1",
          "Microsoft.SourceLink.Common": "1.1.1"
        }
      },
      "Microsoft.Win32.SystemEvents": {
        "type": "Transitive",
        "resolved": "4.5.0",
        "contentHash": "LuI1oG+24TUj1ZRQQjM5Ew73BKnZE5NZ/7eAdh1o8ST5dPhUnJvIkiIn2re3MwnkRy6ELRnvEbBxHP8uALKhJw==",
        "dependencies": {
          "Microsoft.NETCore.Platforms": "2.0.0"
        }
      },
      "NodaTime": {
        "type": "Transitive",
        "resolved": "3.1.0",
        "contentHash": "x5IqJNff9ITRaw83P8IbdudB1tpMDbTqdeVlppBx346ywmLj2ZhE+kf7GJfkCks1piJazxDr2+0EYKc7l1K2WA==",
        "dependencies": {
          "System.Runtime.CompilerServices.Unsafe": "4.7.1"
        }
      },
      "NodaTime.Serialization.SystemTextJson": {
        "type": "Transitive",
        "resolved": "1.0.0",
        "contentHash": "q1Io5ELt6nqRUQEVtrssC6pZ9Cl1gllsCAHuAU6lv7rxVMZV0aaJi0xkXPRip2JmD7NaIczkiJ/MsqQMLOFxAQ==",
        "dependencies": {
          "NodaTime": "[3.0.0, 4.0.0)",
          "System.Text.Json": "4.7.1"
        }
      },
      "SkiaSharp": {
        "type": "Transitive",
        "resolved": "2.88.1-preview.91",
        "contentHash": "jrmq8hxzWLrIkMuSLxvlaagDzh4yMOeyR0UfaiQ8uq0qXzrNL/NXeFNkpM/OoEb3+mgNHnRVgW7ozCUPnO+uFw==",
        "dependencies": {
          "SkiaSharp.NativeAssets.Win32": "2.88.1-preview.91",
          "SkiaSharp.NativeAssets.macOS": "2.88.1-preview.91"
        }
      },
      "SkiaSharp.HarfBuzz": {
        "type": "Transitive",
        "resolved": "2.88.1-preview.91",
        "contentHash": "KgtSx5ggDxuZEoBhtd+t2/+JrPM5ngDJd/abhmaKs+6a2ewMwk4SOIoX03t63kslbCW3fB2tY+vMpwlBfyUthw==",
        "dependencies": {
          "HarfBuzzSharp": "2.8.2.1-preview.91",
          "SkiaSharp": "2.88.1-preview.91"
        }
      },
      "SkiaSharp.NativeAssets.Linux": {
        "type": "Transitive",
        "resolved": "2.80.2",
        "contentHash": "uQSxFy5iVTK6tENWrlc+HCKGSCLgJ+d2KGXUlC1OMCXlKOVkzMqdwa0gMukrEA6HYdO+qk6IUq3ya4fk70EB4g==",
        "dependencies": {
          "SkiaSharp": "2.80.2"
        }
      },
      "SkiaSharp.NativeAssets.macOS": {
        "type": "Transitive",
        "resolved": "2.88.1-preview.91",
        "contentHash": "8flfBRk//P0crtAHvHG6tACtzvFj67fIITPgOqWcxbKxMgoxkafi+DwPVwzUK9NVWBdEo09J1H2PIbYX4berVQ=="
      },
      "SkiaSharp.NativeAssets.Win32": {
        "type": "Transitive",
        "resolved": "2.88.1-preview.91",
        "contentHash": "ElIeikrt/zVVawIN/KZWXagWT+u/t7RHVH3XTBDeGY7Dmllmv2s8JfSlrX+oP9kGdo0HJze/N3jou7iLS0ymIw=="
      },
      "StyleCop.Analyzers.Unstable": {
        "type": "Transitive",
        "resolved": "1.2.0.406",
        "contentHash": "FclNdBR81ynIo9l1QNlo+l0I/PaFIYaPQPlMram8XVIMh6G6G43KTa1aCxfwTj13uKlAJS/LhLy6KjOPOeAU4w=="
      },
      "System.Collections": {
        "type": "Transitive",
        "resolved": "4.3.0",
        "contentHash": "3Dcj85/TBdVpL5Zr+gEEBUuFe2icOnLalmEh9hfck1PTYbbyWuZgh4fmm2ysCLTrqLQw6t3TgTyJ+VLp+Qb+Lw==",
        "dependencies": {
          "Microsoft.NETCore.Platforms": "1.1.0",
          "Microsoft.NETCore.Targets": "1.1.0",
          "System.Runtime": "4.3.0"
        }
      },
      "System.Collections.Immutable": {
        "type": "Transitive",
        "resolved": "1.5.0",
        "contentHash": "EXKiDFsChZW0RjrZ4FYHu9aW6+P4MCgEDCklsVseRfhoO0F+dXeMSsMRAlVXIo06kGJ/zv+2w1a2uc2+kxxSaQ=="
      },
      "System.ComponentModel.Annotations": {
        "type": "Transitive",
        "resolved": "5.0.0",
        "contentHash": "dMkqfy2el8A8/I76n2Hi1oBFEbG1SfxD2l5nhwXV3XjlnOmwxJlQbYpJH4W51odnU9sARCSAgv7S3CyAFMkpYg=="
      },
      "System.Diagnostics.Debug": {
        "type": "Transitive",
        "resolved": "4.3.0",
        "contentHash": "ZUhUOdqmaG5Jk3Xdb8xi5kIyQYAA4PnTNlHx1mu9ZY3qv4ELIdKbnL/akbGaKi2RnNUWaZsAs31rvzFdewTj2g==",
        "dependencies": {
          "Microsoft.NETCore.Platforms": "1.1.0",
          "Microsoft.NETCore.Targets": "1.1.0",
          "System.Runtime": "4.3.0"
        }
      },
      "System.Diagnostics.DiagnosticSource": {
        "type": "Transitive",
        "resolved": "6.0.0",
        "contentHash": "frQDfv0rl209cKm1lnwTgFPzNigy2EKk1BS3uAvHvlBVKe5cymGyHO+Sj+NLv5VF/AhHsqPIUUwya5oV4CHMUw==",
        "dependencies": {
          "System.Runtime.CompilerServices.Unsafe": "6.0.0"
        }
      },
      "System.Drawing.Common": {
        "type": "Transitive",
        "resolved": "4.5.0",
        "contentHash": "AiJFxxVPdeITstiRS5aAu8+8Dpf5NawTMoapZ53Gfirml24p7HIfhjmCRxdXnmmf3IUA3AX3CcW7G73CjWxW/Q==",
        "dependencies": {
          "Microsoft.NETCore.Platforms": "2.0.0",
          "Microsoft.Win32.SystemEvents": "4.5.0"
        }
      },
      "System.Dynamic.Runtime": {
        "type": "Transitive",
        "resolved": "4.3.0",
        "contentHash": "SNVi1E/vfWUAs/WYKhE9+qlS6KqK0YVhnlT0HQtr8pMIA8YX3lwy3uPMownDwdYISBdmAF/2holEIldVp85Wag==",
        "dependencies": {
          "System.Collections": "4.3.0",
          "System.Diagnostics.Debug": "4.3.0",
          "System.Linq": "4.3.0",
          "System.Linq.Expressions": "4.3.0",
          "System.ObjectModel": "4.3.0",
          "System.Reflection": "4.3.0",
          "System.Reflection.Emit": "4.3.0",
          "System.Reflection.Emit.ILGeneration": "4.3.0",
          "System.Reflection.Primitives": "4.3.0",
          "System.Reflection.TypeExtensions": "4.3.0",
          "System.Resources.ResourceManager": "4.3.0",
          "System.Runtime": "4.3.0",
          "System.Runtime.Extensions": "4.3.0",
          "System.Threading": "4.3.0"
        }
      },
      "System.Globalization": {
        "type": "Transitive",
        "resolved": "4.3.0",
        "contentHash": "kYdVd2f2PAdFGblzFswE4hkNANJBKRmsfa2X5LG2AcWE1c7/4t0pYae1L8vfZ5xvE2nK/R9JprtToA61OSHWIg==",
        "dependencies": {
          "Microsoft.NETCore.Platforms": "1.1.0",
          "Microsoft.NETCore.Targets": "1.1.0",
          "System.Runtime": "4.3.0"
        }
      },
      "System.IO": {
        "type": "Transitive",
        "resolved": "4.3.0",
        "contentHash": "3qjaHvxQPDpSOYICjUoTsmoq5u6QJAFRUITgeT/4gqkF1bajbSmb1kwSxEA8AHlofqgcKJcM8udgieRNhaJ5Cg==",
        "dependencies": {
          "Microsoft.NETCore.Platforms": "1.1.0",
          "Microsoft.NETCore.Targets": "1.1.0",
          "System.Runtime": "4.3.0",
          "System.Text.Encoding": "4.3.0",
          "System.Threading.Tasks": "4.3.0"
        }
      },
      "System.IO.Pipelines": {
        "type": "Transitive",
        "resolved": "5.0.2",
        "contentHash": "Iew+dfa6FFiyvWBdRmXApixRY1db+beyutpIck4SOSe0NLM8FD/7AD54MscqVLhvfSMLHO7KadjTRT7fqxOGTA=="
      },
      "System.Linq": {
        "type": "Transitive",
        "resolved": "4.3.0",
        "contentHash": "5DbqIUpsDp0dFftytzuMmc0oeMdQwjcP/EWxsksIz/w1TcFRkZ3yKKz0PqiYFMmEwPSWw+qNVqD7PJ889JzHbw==",
        "dependencies": {
          "System.Collections": "4.3.0",
          "System.Diagnostics.Debug": "4.3.0",
          "System.Resources.ResourceManager": "4.3.0",
          "System.Runtime": "4.3.0",
          "System.Runtime.Extensions": "4.3.0"
        }
      },
      "System.Linq.Expressions": {
        "type": "Transitive",
        "resolved": "4.3.0",
        "contentHash": "PGKkrd2khG4CnlyJwxwwaWWiSiWFNBGlgXvJpeO0xCXrZ89ODrQ6tjEWS/kOqZ8GwEOUATtKtzp1eRgmYNfclg==",
        "dependencies": {
          "System.Collections": "4.3.0",
          "System.Diagnostics.Debug": "4.3.0",
          "System.Globalization": "4.3.0",
          "System.IO": "4.3.0",
          "System.Linq": "4.3.0",
          "System.ObjectModel": "4.3.0",
          "System.Reflection": "4.3.0",
          "System.Reflection.Emit": "4.3.0",
          "System.Reflection.Emit.ILGeneration": "4.3.0",
          "System.Reflection.Emit.Lightweight": "4.3.0",
          "System.Reflection.Extensions": "4.3.0",
          "System.Reflection.Primitives": "4.3.0",
          "System.Reflection.TypeExtensions": "4.3.0",
          "System.Resources.ResourceManager": "4.3.0",
          "System.Runtime": "4.3.0",
          "System.Runtime.Extensions": "4.3.0",
          "System.Threading": "4.3.0"
        }
      },
      "System.Memory": {
        "type": "Transitive",
        "resolved": "4.5.3",
        "contentHash": "3oDzvc/zzetpTKWMShs1AADwZjQ/36HnsufHRPcOjyRAAMLDlu2iD33MBI2opxnezcVUtXyqDXXjoFMOU9c7SA=="
      },
      "System.Numerics.Vectors": {
        "type": "Transitive",
        "resolved": "4.5.0",
        "contentHash": "QQTlPTl06J/iiDbJCiepZ4H//BVraReU4O4EoRw1U02H5TLUIT7xn3GnDp9AXPSlJUDyFs4uWjWafNX6WrAojQ=="
      },
      "System.ObjectModel": {
        "type": "Transitive",
        "resolved": "4.3.0",
        "contentHash": "bdX+80eKv9bN6K4N+d77OankKHGn6CH711a6fcOpMQu2Fckp/Ft4L/kW9WznHpyR0NRAvJutzOMHNNlBGvxQzQ==",
        "dependencies": {
          "System.Collections": "4.3.0",
          "System.Diagnostics.Debug": "4.3.0",
          "System.Resources.ResourceManager": "4.3.0",
          "System.Runtime": "4.3.0",
          "System.Threading": "4.3.0"
        }
      },
      "System.Reactive": {
        "type": "Transitive",
        "resolved": "5.0.0",
        "contentHash": "erBZjkQHWL9jpasCE/0qKAryzVBJFxGHVBAvgRN1bzM0q2s1S4oYREEEL0Vb+1kA/6BKb5FjUZMp5VXmy+gzkQ=="
      },
      "System.Reflection": {
        "type": "Transitive",
        "resolved": "4.3.0",
        "contentHash": "KMiAFoW7MfJGa9nDFNcfu+FpEdiHpWgTcS2HdMpDvt9saK3y/G4GwprPyzqjFH9NTaGPQeWNHU+iDlDILj96aQ==",
        "dependencies": {
          "Microsoft.NETCore.Platforms": "1.1.0",
          "Microsoft.NETCore.Targets": "1.1.0",
          "System.IO": "4.3.0",
          "System.Reflection.Primitives": "4.3.0",
          "System.Runtime": "4.3.0"
        }
      },
      "System.Reflection.Emit": {
        "type": "Transitive",
        "resolved": "4.7.0",
        "contentHash": "VR4kk8XLKebQ4MZuKuIni/7oh+QGFmZW3qORd1GvBq/8026OpW501SzT/oypwiQl4TvT8ErnReh/NzY9u+C6wQ=="
      },
      "System.Reflection.Emit.ILGeneration": {
        "type": "Transitive",
        "resolved": "4.3.0",
        "contentHash": "59tBslAk9733NXLrUJrwNZEzbMAcu8k344OYo+wfSVygcgZ9lgBdGIzH/nrg3LYhXceynyvTc8t5/GD4Ri0/ng==",
        "dependencies": {
          "System.Reflection": "4.3.0",
          "System.Reflection.Primitives": "4.3.0",
          "System.Runtime": "4.3.0"
        }
      },
      "System.Reflection.Emit.Lightweight": {
        "type": "Transitive",
        "resolved": "4.3.0",
        "contentHash": "oadVHGSMsTmZsAF864QYN1t1QzZjIcuKU3l2S9cZOwDdDueNTrqq1yRj7koFfIGEnKpt6NjpL3rOzRhs4ryOgA==",
        "dependencies": {
          "System.Reflection": "4.3.0",
          "System.Reflection.Emit.ILGeneration": "4.3.0",
          "System.Reflection.Primitives": "4.3.0",
          "System.Runtime": "4.3.0"
        }
      },
      "System.Reflection.Extensions": {
        "type": "Transitive",
        "resolved": "4.3.0",
        "contentHash": "rJkrJD3kBI5B712aRu4DpSIiHRtr6QlfZSQsb0hYHrDCZORXCFjQfoipo2LaMUHoT9i1B7j7MnfaEKWDFmFQNQ==",
        "dependencies": {
          "Microsoft.NETCore.Platforms": "1.1.0",
          "Microsoft.NETCore.Targets": "1.1.0",
          "System.Reflection": "4.3.0",
          "System.Runtime": "4.3.0"
        }
      },
      "System.Reflection.Metadata": {
        "type": "Transitive",
        "resolved": "1.6.0",
        "contentHash": "COC1aiAJjCoA5GBF+QKL2uLqEBew4JsCkQmoHKbN3TlOZKa2fKLz5CpiRQKDz0RsAOEGsVKqOD5bomsXq/4STQ=="
      },
      "System.Reflection.Primitives": {
        "type": "Transitive",
        "resolved": "4.3.0",
        "contentHash": "5RXItQz5As4xN2/YUDxdpsEkMhvw3e6aNveFXUn4Hl/udNTCNhnKp8lT9fnc3MhvGKh1baak5CovpuQUXHAlIA==",
        "dependencies": {
          "Microsoft.NETCore.Platforms": "1.1.0",
          "Microsoft.NETCore.Targets": "1.1.0",
          "System.Runtime": "4.3.0"
        }
      },
      "System.Reflection.TypeExtensions": {
        "type": "Transitive",
        "resolved": "4.3.0",
        "contentHash": "7u6ulLcZbyxB5Gq0nMkQttcdBTx57ibzw+4IOXEfR+sXYQoHvjW5LTLyNr8O22UIMrqYbchJQJnos4eooYzYJA==",
        "dependencies": {
          "System.Reflection": "4.3.0",
          "System.Runtime": "4.3.0"
        }
      },
      "System.Resources.ResourceManager": {
        "type": "Transitive",
        "resolved": "4.3.0",
        "contentHash": "/zrcPkkWdZmI4F92gL/TPumP98AVDu/Wxr3CSJGQQ+XN6wbRZcyfSKVoPo17ilb3iOr0cCRqJInGwNMolqhS8A==",
        "dependencies": {
          "Microsoft.NETCore.Platforms": "1.1.0",
          "Microsoft.NETCore.Targets": "1.1.0",
          "System.Globalization": "4.3.0",
          "System.Reflection": "4.3.0",
          "System.Runtime": "4.3.0"
        }
      },
      "System.Runtime": {
        "type": "Transitive",
        "resolved": "4.3.0",
        "contentHash": "JufQi0vPQ0xGnAczR13AUFglDyVYt4Kqnz1AZaiKZ5+GICq0/1MH/mO/eAJHt/mHW1zjKBJd7kV26SrxddAhiw==",
        "dependencies": {
          "Microsoft.NETCore.Platforms": "1.1.0",
          "Microsoft.NETCore.Targets": "1.1.0"
        }
      },
      "System.Runtime.CompilerServices.Unsafe": {
        "type": "Transitive",
        "resolved": "6.0.0",
        "contentHash": "/iUeP3tq1S0XdNNoMz5C9twLSrM/TH+qElHkXWaPvuNOt+99G75NrV0OS2EqHx5wMN7popYjpc8oTjC1y16DLg=="
      },
      "System.Runtime.Extensions": {
        "type": "Transitive",
        "resolved": "4.3.0",
        "contentHash": "guW0uK0fn5fcJJ1tJVXYd7/1h5F+pea1r7FLSOz/f8vPEqbR2ZAknuRDvTQ8PzAilDveOxNjSfr0CHfIQfFk8g==",
        "dependencies": {
          "Microsoft.NETCore.Platforms": "1.1.0",
          "Microsoft.NETCore.Targets": "1.1.0",
          "System.Runtime": "4.3.0"
        }
      },
      "System.Runtime.Handles": {
        "type": "Transitive",
        "resolved": "4.3.0",
        "contentHash": "OKiSUN7DmTWeYb3l51A7EYaeNMnvxwE249YtZz7yooT4gOZhmTjIn48KgSsw2k2lYdLgTKNJw/ZIfSElwDRVgg==",
        "dependencies": {
          "Microsoft.NETCore.Platforms": "1.1.0",
          "Microsoft.NETCore.Targets": "1.1.0",
          "System.Runtime": "4.3.0"
        }
      },
      "System.Runtime.InteropServices": {
        "type": "Transitive",
        "resolved": "4.3.0",
        "contentHash": "uv1ynXqiMK8mp1GM3jDqPCFN66eJ5w5XNomaK2XD+TuCroNTLFGeZ+WCmBMcBDyTFKou3P6cR6J/QsaqDp7fGQ==",
        "dependencies": {
          "Microsoft.NETCore.Platforms": "1.1.0",
          "Microsoft.NETCore.Targets": "1.1.0",
          "System.Reflection": "4.3.0",
          "System.Reflection.Primitives": "4.3.0",
          "System.Runtime": "4.3.0",
          "System.Runtime.Handles": "4.3.0"
        }
      },
      "System.Security.Principal.Windows": {
        "type": "Transitive",
        "resolved": "4.7.0",
        "contentHash": "ojD0PX0XhneCsUbAZVKdb7h/70vyYMDYs85lwEI+LngEONe/17A0cFaRFqZU+sOEidcVswYWikYOQ9PPfjlbtQ=="
      },
      "System.Text.Encoding": {
        "type": "Transitive",
        "resolved": "4.3.0",
        "contentHash": "BiIg+KWaSDOITze6jGQynxg64naAPtqGHBwDrLaCtixsa5bKiR8dpPOHA7ge3C0JJQizJE+sfkz1wV+BAKAYZw==",
        "dependencies": {
          "Microsoft.NETCore.Platforms": "1.1.0",
          "Microsoft.NETCore.Targets": "1.1.0",
          "System.Runtime": "4.3.0"
        }
      },
      "System.Text.Encoding.CodePages": {
        "type": "Transitive",
        "resolved": "4.5.1",
        "contentHash": "4J2JQXbftjPMppIHJ7IC+VXQ9XfEagN92vZZNoG12i+zReYlim5dMoXFC1Zzg7tsnKDM7JPo5bYfFK4Jheq44w==",
        "dependencies": {
          "Microsoft.NETCore.Platforms": "2.1.2",
          "System.Runtime.CompilerServices.Unsafe": "4.5.2"
        }
      },
      "System.Text.Json": {
        "type": "Transitive",
        "resolved": "4.7.1",
        "contentHash": "XwzMbct3iNepJaFylN1+l8weWlFburEzXidqleSsLvSXdHSIJHEKtRVKHPlpWcFmJX6k3goPFfVgUfp40RR+bg=="
      },
      "System.Threading": {
        "type": "Transitive",
        "resolved": "4.3.0",
        "contentHash": "VkUS0kOBcUf3Wwm0TSbrevDDZ6BlM+b/HRiapRFWjM5O0NS0LviG0glKmFK+hhPDd1XFeSdU1GmlLhb2CoVpIw==",
        "dependencies": {
          "System.Runtime": "4.3.0",
          "System.Threading.Tasks": "4.3.0"
        }
      },
      "System.Threading.Tasks": {
        "type": "Transitive",
        "resolved": "4.3.0",
        "contentHash": "LbSxKEdOUhVe8BezB/9uOGGppt+nZf6e1VFyw6v3DN6lqitm0OSn2uXMOdtP0M3W4iMcqcivm2J6UgqiwwnXiA==",
        "dependencies": {
          "Microsoft.NETCore.Platforms": "1.1.0",
          "Microsoft.NETCore.Targets": "1.1.0",
          "System.Runtime": "4.3.0"
        }
      },
      "System.Threading.Tasks.Extensions": {
        "type": "Transitive",
        "resolved": "4.5.3",
        "contentHash": "+MvhNtcvIbqmhANyKu91jQnvIRVSTiaOiFNfKWwXGHG48YAb4I/TyH8spsySiPYla7gKal5ZnF3teJqZAximyQ=="
      },
      "System.ValueTuple": {
        "type": "Transitive",
        "resolved": "4.5.0",
        "contentHash": "okurQJO6NRE/apDIP23ajJ0hpiNmJ+f0BwOlB/cSqTLQlw5upkf+5+96+iG2Jw40G1fCVCyPz/FhIABUjMR+RQ=="
      },
      "Tmds.DBus": {
        "type": "Transitive",
        "resolved": "0.9.0",
        "contentHash": "KcTWL9aKuob9Qo2sOTTKFePs1rKGTwZrcBvMFuGVIVR5RojX3oIFj5UBLYfSGjYgrcImC7LjQI3DdCFwUnhNXw==",
        "dependencies": {
          "System.Reflection.Emit": "4.7.0",
          "System.Security.Principal.Windows": "4.7.0"
        }
      },
      "gnomeshade.interfaces.webapi.client": {
        "type": "Project",
        "dependencies": {
          "DotNet.ReproducibleBuilds.Isolated": "1.1.1",
          "Gnomeshade.Interfaces.WebApi.Models": "1.0.0",
          "IdentityModel.OidcClient": "5.0.1",
          "JetBrains.Annotations": "2022.1.0",
          "NodaTime.Serialization.SystemTextJson": "1.0.0"
        }
      },
      "gnomeshade.interfaces.webapi.models": {
        "type": "Project",
        "dependencies": {
          "DotNet.ReproducibleBuilds.Isolated": "1.1.1",
          "JetBrains.Annotations": "2022.1.0",
          "Microsoft.AspNetCore.Http.Features": "5.0.17",
          "NodaTime": "3.1.0"
        }
      }
    }
  }
}