{
  "version": 2,
  "dependencies": {
    "net10.0": {
      "dbup-sqlite": {
        "type": "Direct",
        "requested": "[5.0.40, )",
        "resolved": "5.0.40",
        "contentHash": "0/QsCVPpQHMbHAr6/A8OxsbGwCNes3KsKbo53yeWn7tGen2/XMV7+h8kpQC2wZWvbhbsZqTrrW/35UDjlB9MPQ==",
        "dependencies": {
          "Microsoft.Data.Sqlite": "1.0.1",
          "NETStandard.Library": "1.6.1",
          "dbup-core": "5.0.37"
        }
      },
      "DotNet.ReproducibleBuilds": {
        "type": "Direct",
        "requested": "[2.0.2, )",
        "resolved": "2.0.2",
        "contentHash": "VaHoEN6YHp0jXucxm67vfuRy8zo9ufiKSuaZ4ZudRi8xmWcEFMKxfCsg2nvYNvdISFTURDu+IHqADGh53+Bamw=="
      },
      "DotNet.ReproducibleBuilds.Isolated": {
        "type": "Direct",
        "requested": "[2.0.2, )",
        "resolved": "2.0.2",
        "contentHash": "5jWfUacx6T8solcE3qkhigeCLz/PK50MOgmyf3aauKZP8LxOC2b7wmXU65Okx+9n0Nd355ShrDZ0NIKK4njvag=="
      },
      "JetBrains.Annotations": {
        "type": "Direct",
        "requested": "[2025.2.4, )",
        "resolved": "2025.2.4",
        "contentHash": "TwbgxAkXxY+vNEhNVx/QXjJ4vqxmepOjsgRvvImQPbHkHMMb4W+ahL3laMsxXKtNT7iMy+E1B3xkqao2hf1n3A=="
      },
      "Microsoft.Data.Sqlite": {
        "type": "Direct",
        "requested": "[10.0.6, )",
        "resolved": "10.0.6",
        "contentHash": "hlwbTByzt2tPyRHlG1SzMrnHdO7GE9dG945456rOu2s0Tv6PBgN7ykidAfsnOn6fhDdmbCMoU+pq7+6CbCneSg==",
        "dependencies": {
          "Microsoft.Data.Sqlite.Core": "10.0.6",
          "SQLitePCLRaw.bundle_e_sqlite3": "2.1.11",
          "SQLitePCLRaw.core": "2.1.11"
        }
      },
      "Microsoft.EntityFrameworkCore.Sqlite": {
        "type": "Direct",
        "requested": "[10.0.6, )",
        "resolved": "10.0.6",
        "contentHash": "EEkOdl08u45mfcQwTZfcwA0D6vjR4XqpJSIsLn9Wd++buEja3VK7oy0nVMF9b58P6ZKerUf2vGszc/6owUAANg==",
        "dependencies": {
          "Microsoft.EntityFrameworkCore.Sqlite.Core": "10.0.6",
          "Microsoft.Extensions.Caching.Memory": "10.0.6",
          "Microsoft.Extensions.Configuration.Abstractions": "10.0.6",
          "Microsoft.Extensions.DependencyModel": "10.0.6",
          "Microsoft.Extensions.Logging": "10.0.6",
          "SQLitePCLRaw.bundle_e_sqlite3": "2.1.11",
          "SQLitePCLRaw.core": "2.1.11"
        }
      },
      "Microsoft.NET.ILLink.Tasks": {
        "type": "Direct",
        "requested": "[10.0.6, )",
        "resolved": "10.0.6",
        "contentHash": "QKuvS0LWX4fjFqeDkyM7Kqt8P3wYTiPD4nwU+9y59n0sCiG714fxDgbbN82vDnzq89AF/PiHl92TP2C4aFDUQA=="
      },
      "StyleCop.Analyzers": {
        "type": "Direct",
        "requested": "[1.2.0-beta.556, )",
        "resolved": "1.2.0-beta.556",
        "contentHash": "llRPgmA1fhC0I0QyFLEcjvtM2239QzKr/tcnbsjArLMJxJlu0AA5G7Fft0OI30pHF3MW63Gf4aSSsjc5m82J1Q==",
        "dependencies": {
          "StyleCop.Analyzers.Unstable": "1.2.0.556"
        }
      },
      "Microsoft.AspNetCore.Cryptography.Internal": {
        "type": "Transitive",
        "resolved": "10.0.6",
        "contentHash": "uilNcQcBAXgf/hJl5cVwXkYd2frzHatkcnXXNZ26d9geELozdQnbY6XkP2QAiJV2RL2B5wU7NWdnXkpb+mLLhg=="
      },
      "Microsoft.AspNetCore.Cryptography.KeyDerivation": {
        "type": "Transitive",
        "resolved": "10.0.6",
        "contentHash": "uIxxPb3NQ2SiPfA6x7ze7TbqlqwC30IJHythvX2USvv81Akp0wfWvVHis8VxHaurDJIhWOt94n+taJuEzrtNnA==",
        "dependencies": {
          "Microsoft.AspNetCore.Cryptography.Internal": "10.0.6"
        }
      },
      "Microsoft.Data.Sqlite.Core": {
        "type": "Transitive",
        "resolved": "10.0.6",
        "contentHash": "OqZDg2/SROHR33XJLaf3kIU2zEbxcZ2ef+O/HIyZWfiKenp/B2qgy/jv6wJmmsBgh4ETaRKdlcLyJ9es2woKCg==",
        "dependencies": {
          "SQLitePCLRaw.core": "2.1.11"
        }
      },
      "Microsoft.EntityFrameworkCore": {
        "type": "Transitive",
        "resolved": "10.0.6",
        "contentHash": "eDy7bu3G+51FRC0cPtXTqUI9iAdDYl/XBQ5UguN8NFOA7QNmFvUEf36wA7PZ4ctsnxRN4t3dIvs2VKVE5H+EQQ==",
        "dependencies": {
          "Microsoft.EntityFrameworkCore.Abstractions": "10.0.6",
          "Microsoft.EntityFrameworkCore.Analyzers": "10.0.6",
          "Microsoft.Extensions.Caching.Memory": "10.0.6",
          "Microsoft.Extensions.Logging": "10.0.6"
        }
      },
      "Microsoft.EntityFrameworkCore.Abstractions": {
        "type": "Transitive",
        "resolved": "10.0.6",
        "contentHash": "4F+e6uxhVmyduu+Ve1INxek94adt4RAddWqykXNDnOOWQrJJ20izw/9qRpZdkLnIW9oj/3qnLWUtsv37U0xJCw=="
      },
      "Microsoft.EntityFrameworkCore.Analyzers": {
        "type": "Transitive",
        "resolved": "10.0.6",
        "contentHash": "PIcmALdKzeSJNWmxsLDsS8XKFqiH5+9GzIM+qd3w1efYIwmO0w5304i37/SkfynctHZwkiiQjb2mkoIXU1CGZg=="
      },
      "Microsoft.EntityFrameworkCore.Relational": {
        "type": "Transitive",
        "resolved": "10.0.6",
        "contentHash": "t+pXPUjiAemBTstY57yUAoywOO6znVD3lwy7UERJpji0wmS70XHg0h8EcpX6+7KT6ZVCIndr1pW0GdOobZ4yCg==",
        "dependencies": {
          "Microsoft.EntityFrameworkCore": "10.0.6",
          "Microsoft.Extensions.Caching.Memory": "10.0.6",
          "Microsoft.Extensions.Configuration.Abstractions": "10.0.6",
          "Microsoft.Extensions.Logging": "10.0.6"
        }
      },
      "Microsoft.EntityFrameworkCore.Sqlite.Core": {
        "type": "Transitive",
        "resolved": "10.0.6",
        "contentHash": "dxlPx5pTERV+MhoG35tDyZ5sj50uoOs3FjLaHjpG62dpGXKsDk85VN0H0iDbJYBU+7w7F0wNr4HPxgl62utWqw==",
        "dependencies": {
          "Microsoft.Data.Sqlite.Core": "10.0.6",
          "Microsoft.EntityFrameworkCore.Relational": "10.0.6",
          "Microsoft.Extensions.Caching.Memory": "10.0.6",
          "Microsoft.Extensions.Configuration.Abstractions": "10.0.6",
          "Microsoft.Extensions.DependencyModel": "10.0.6",
          "Microsoft.Extensions.Logging": "10.0.6",
          "SQLitePCLRaw.core": "2.1.11"
        }
      },
      "Microsoft.Extensions.Caching.Abstractions": {
        "type": "Transitive",
        "resolved": "10.0.6",
        "contentHash": "Ilr690V+E1H116ncF00KIlvRloKXBdCExaNqcT9BvCcS5nFGR1pcTamSA2EI8pOXbNp0DHZm8K8h6Wl1hMSbIQ==",
        "dependencies": {
          "Microsoft.Extensions.Primitives": "10.0.6"
        }
      },
      "Microsoft.Extensions.Caching.Memory": {
        "type": "Transitive",
        "resolved": "10.0.6",
        "contentHash": "5godKXBBsObgl/dBQKgrFeHFd6vVVOMGK3TuKLPNlwJgabFKl5vISSHLw5hWUtd+zKcl/Llmw25dsGlySxXJJg==",
        "dependencies": {
          "Microsoft.Extensions.Caching.Abstractions": "10.0.6",
          "Microsoft.Extensions.DependencyInjection.Abstractions": "10.0.6",
          "Microsoft.Extensions.Logging.Abstractions": "10.0.6",
          "Microsoft.Extensions.Options": "10.0.6",
          "Microsoft.Extensions.Primitives": "10.0.6"
        }
      },
      "Microsoft.Extensions.Configuration": {
        "type": "Transitive",
        "resolved": "10.0.6",
        "contentHash": "lYQ9S1FGXIWIU7243RimdAXQYsFDeLhSSZvbSDwbeI/kCzZ4MIYXpp3kMQ+bDJXwl9pzMRIYkd4f9zGqcYxfAQ==",
        "dependencies": {
          "Microsoft.Extensions.Configuration.Abstractions": "10.0.6",
          "Microsoft.Extensions.Primitives": "10.0.6"
        }
      },
      "Microsoft.Extensions.Configuration.Abstractions": {
        "type": "Transitive",
        "resolved": "10.0.6",
        "contentHash": "a7bA7IT3ngIgcOMb/2MVH5CcfSxUCeQ6QXWS1Vt6oFpzLTH3U1+J2Xtc64Uw3whX9akYG8eR/UQeEzxo64zZLg==",
        "dependencies": {
          "Microsoft.Extensions.Primitives": "10.0.6"
        }
      },
      "Microsoft.Extensions.Configuration.Binder": {
        "type": "Transitive",
        "resolved": "10.0.6",
        "contentHash": "h22Fm4VxRmr4ty9rxJaW0i51xD56Bl5QhQ2hsGY2vl+6FioWmBhkpg3B78XQaK25N+hE41gZLZuYKGQS+OGbdw==",
        "dependencies": {
          "Microsoft.Extensions.Configuration": "10.0.6",
          "Microsoft.Extensions.Configuration.Abstractions": "10.0.6"
        }
      },
      "Microsoft.Extensions.DependencyInjection": {
        "type": "Transitive",
        "resolved": "10.0.6",
        "contentHash": "poUvwtf92bEs8uBH3aRRs/ZgiAw+Z485EU7TtVPBt//MmD0uMPERe7+v3Ur7lpD8XgIEDL9sDoTBcW1LMG97CQ==",
        "dependencies": {
          "Microsoft.Extensions.DependencyInjection.Abstractions": "10.0.6"
        }
      },
      "Microsoft.Extensions.DependencyModel": {
        "type": "Transitive",
        "resolved": "10.0.6",
        "contentHash": "xHMiq0J/wbyKDQ/tHB1FxylNWZLLlSf61Fw8XRneG6KTovjabNJiWtQoJ1MKCk71Bjr1TG1wAPVe8QZYphihLQ=="
      },
      "Microsoft.Extensions.Diagnostics": {
        "type": "Transitive",
        "resolved": "10.0.6",
        "contentHash": "vbigpAOKX+Bbm2uJQ/AqXqONEPPB3ZYkynRT24vo5ZWF1rzKPtVjpkQkJx5qTGp2dqNV5In9QqboayqmKdvGUA==",
        "dependencies": {
          "Microsoft.Extensions.Configuration": "10.0.6",
          "Microsoft.Extensions.Diagnostics.Abstractions": "10.0.6",
          "Microsoft.Extensions.Options.ConfigurationExtensions": "10.0.6"
        }
      },
      "Microsoft.Extensions.Diagnostics.Abstractions": {
        "type": "Transitive",
        "resolved": "10.0.6",
        "contentHash": "L98Xe5C+xyKytLNLiEyQ0rcY8GNXAeAn1xKsE0YDxPx/mXBYYtRoj8pC2cnbSFQUlOzBkyO90ivMSV22SRETFg==",
        "dependencies": {
          "Microsoft.Extensions.DependencyInjection.Abstractions": "10.0.6",
          "Microsoft.Extensions.Options": "10.0.6"
        }
      },
      "Microsoft.Extensions.Identity.Core": {
        "type": "Transitive",
        "resolved": "10.0.6",
        "contentHash": "yDTzOrAccPWGjHVsfCVrlmPFYzCvYuMQup+UhlVy+Z74eeUawdgHHR2a2NbjUQCek/Bkb1iCYt8WyRxKI7Nj6w==",
        "dependencies": {
          "Microsoft.AspNetCore.Cryptography.KeyDerivation": "10.0.6",
          "Microsoft.Extensions.Diagnostics": "10.0.6",
          "Microsoft.Extensions.Logging": "10.0.6",
          "Microsoft.Extensions.Options": "10.0.6"
        }
      },
      "Microsoft.Extensions.Logging": {
        "type": "Transitive",
        "resolved": "10.0.6",
        "contentHash": "ZjpnbMD88IcZQE2pE9lcGv3mkH2mlApPWNh88ya1wJpcxZLp7p4aN7twI2FpawGPAsXNpmMgtKaz3o796YWKWQ==",
        "dependencies": {
          "Microsoft.Extensions.DependencyInjection": "10.0.6",
          "Microsoft.Extensions.Logging.Abstractions": "10.0.6",
          "Microsoft.Extensions.Options": "10.0.6"
        }
      },
      "Microsoft.Extensions.Logging.Abstractions": {
        "type": "Transitive",
        "resolved": "10.0.6",
        "contentHash": "1YgBO3wAy0dlpQyVTKWBSPND/t0yZHsvd3shGpbeEwH8JSb2hnFI2pNFrOOUi/stsp+T/dqwqmRIGh47ibo9bw==",
        "dependencies": {
          "Microsoft.Extensions.DependencyInjection.Abstractions": "10.0.6"
        }
      },
      "Microsoft.Extensions.Primitives": {
        "type": "Transitive",
        "resolved": "10.0.6",
        "contentHash": "L8P21mqaG+CXvPheLndean/cHCOcItJqH8nx+0YQnK7wAiOR0G1IOC418ZSzTMD2D6Gmo0f2M5WR70XtpX2B8g=="
      },
      "Microsoft.NETCore.Platforms": {
        "type": "Transitive",
        "resolved": "1.1.0",
        "contentHash": "kz0PEW2lhqygehI/d6XsPCQzD7ff7gUJaVGPVETX611eadGsA3A877GdSlU0LRVMCTH/+P3o2iDTak+S08V2+A=="
      },
      "NETStandard.Library": {
        "type": "Transitive",
        "resolved": "1.6.1",
        "contentHash": "WcSp3+vP+yHNgS8EV5J7pZ9IRpeDuARBPN28by8zqff1wJQXm26PVU8L3/fYLBJVU7BtDyqNVWq2KlCVvSSR4A==",
        "dependencies": {
          "Microsoft.NETCore.Platforms": "1.1.0"
        }
      },
      "SQLitePCLRaw.bundle_e_sqlite3": {
        "type": "Transitive",
        "resolved": "2.1.11",
        "contentHash": "DC4nA7yWnf4UZdgJDF+9Mus4/cb0Y3Sfgi3gDnAoKNAIBwzkskNAbNbyu+u4atT0ruVlZNJfwZmwiEwE5oz9LQ==",
        "dependencies": {
          "SQLitePCLRaw.lib.e_sqlite3": "2.1.11",
          "SQLitePCLRaw.provider.e_sqlite3": "2.1.11"
        }
      },
      "SQLitePCLRaw.core": {
        "type": "Transitive",
        "resolved": "2.1.11",
        "contentHash": "PK0GLFkfhZzLQeR3PJf71FmhtHox+U3vcY6ZtswoMjrefkB9k6ErNJEnwXqc5KgXDSjige2XXrezqS39gkpQKA=="
      },
      "SQLitePCLRaw.lib.e_sqlite3": {
        "type": "Transitive",
        "resolved": "2.1.11",
        "contentHash": "Ev2ytaXiOlWZ4b3R67GZBsemTINslLD1DCJr2xiacpn4tbapu0Q4dHEzSvZSMnVWeE5nlObU3VZN2p81q3XOYQ=="
      },
      "SQLitePCLRaw.provider.e_sqlite3": {
        "type": "Transitive",
        "resolved": "2.1.11",
        "contentHash": "Y/0ZkR+r0Cg3DQFuCl1RBnv/tmxpIZRU3HUvelPw6MVaKHwYYR8YNvgs0vuNuXCMvlyJ+Fh88U1D4tah1tt6qw==",
        "dependencies": {
          "SQLitePCLRaw.core": "2.1.11"
        }
      },
      "StyleCop.Analyzers.Unstable": {
        "type": "Transitive",
        "resolved": "1.2.0.556",
        "contentHash": "zvn9Mqs/ox/83cpYPignI8hJEM2A93s2HkHs8HYMOAQW0PkampyoErAiIyKxgTLqbbad29HX/shv/6LGSjPJNQ=="
      },
      "gnomeshade.data": {
        "type": "Project",
        "dependencies": {
          "Dapper": "[2.1.72, )",
          "Microsoft.AspNetCore.Identity.EntityFrameworkCore": "[10.0.6, )",
          "Microsoft.Extensions.Identity.Stores": "[10.0.6, )",
          "NodaTime": "[3.3.1, )",
          "dbup-core": "[5.0.87, )"
        }
      },
      "Dapper": {
        "type": "CentralTransitive",
        "requested": "[2.1.72, )",
        "resolved": "2.1.72",
        "contentHash": "ns4mGqQd9a/MhP8m6w556vVlZIa0/MfUu03zrxjZC/jlr1uVCsUac8bkdB+Fs98Llbd56rRSo1eZH5VVmeGZyw=="
      },
      "dbup-core": {
        "type": "CentralTransitive",
        "requested": "[5.0.87, )",
        "resolved": "5.0.87",
        "contentHash": "KhcbHJfaxNA4yRwFGGewD4znkOweyPLIbSQnUU2tMjLDkEWiBNFKlojhk46J7qsyKssk/RSzC0s/Rohjp4Y9xA=="
      },
      "Microsoft.AspNetCore.Identity.EntityFrameworkCore": {
        "type": "CentralTransitive",
        "requested": "[10.0.6, )",
        "resolved": "10.0.6",
        "contentHash": "zLlJ5K1vxA3c5/YVLFH4RxnqG+fXnYqkzutOJZ8TeGyrm/hzDq6W01AunvhYOAp3m5kLeeoxMDVapXSgTtd6Yg==",
        "dependencies": {
          "Microsoft.EntityFrameworkCore.Relational": "10.0.6",
          "Microsoft.Extensions.Identity.Stores": "10.0.6"
        }
      },
      "Microsoft.Extensions.DependencyInjection.Abstractions": {
        "type": "CentralTransitive",
        "requested": "[10.0.6, )",
        "resolved": "10.0.6",
        "contentHash": "w+dX4SIr1X9yegX2yX2dU1XtP4JAUVNdvOG/Evn+H+ndn96YzfIPX52FALXChrRNWFR9l77FQyg1mB7WQo6iOA=="
      },
      "Microsoft.Extensions.Identity.Stores": {
        "type": "CentralTransitive",
        "requested": "[10.0.6, )",
        "resolved": "10.0.6",
        "contentHash": "ujKclUOCemLz1r/jdIVcI6anzssaPbqDQq0IZqVclwErhfsH+QgG+dh8PLdtavUCtJ2SXVx/+JRxEYI/WrueMQ==",
        "dependencies": {
          "Microsoft.Extensions.Caching.Abstractions": "10.0.6",
          "Microsoft.Extensions.Identity.Core": "10.0.6",
          "Microsoft.Extensions.Logging": "10.0.6"
        }
      },
      "Microsoft.Extensions.Options": {
        "type": "CentralTransitive",
        "requested": "[10.0.6, )",
        "resolved": "10.0.6",
        "contentHash": "v5RTWm+3Gdub21ADJeRG5bunOOxutFNBZk6qGH6Az4L5nyRZoLe3Kse7jfAyUcdEoiKp72XpNw/wGR+9wP+MtQ==",
        "dependencies": {
          "Microsoft.Extensions.DependencyInjection.Abstractions": "10.0.6",
          "Microsoft.Extensions.Primitives": "10.0.6"
        }
      },
      "Microsoft.Extensions.Options.ConfigurationExtensions": {
        "type": "CentralTransitive",
        "requested": "[10.0.6, )",
        "resolved": "10.0.6",
        "contentHash": "O7xt1vYMxku2+/WpFkh6X8RzUtYbKR+XCt0KOO0W9TbRbFeQdfb9Nry/CdVq57kOyOKS3Z4qD1xqV/8LpJQ0Xw==",
        "dependencies": {
          "Microsoft.Extensions.Configuration.Abstractions": "10.0.6",
          "Microsoft.Extensions.Configuration.Binder": "10.0.6",
          "Microsoft.Extensions.DependencyInjection.Abstractions": "10.0.6",
          "Microsoft.Extensions.Options": "10.0.6",
          "Microsoft.Extensions.Primitives": "10.0.6"
        }
      },
      "NodaTime": {
        "type": "CentralTransitive",
        "requested": "[3.3.1, )",
        "resolved": "3.3.1",
        "contentHash": "7zkTEqmakybTTuDuifpnzl5s8MkmpAdyvoqIPIO2+M2ThF8ixavPcPt1afPfFyCI+A6t3ySujgpGq/5iWc4/RQ=="
      }
    }
  }
}