{
  "version": 2,
  "dependencies": {
    "net9.0": {
      "dbup-sqlite": {
        "type": "Direct",
        "requested": "[6.0.1, )",
        "resolved": "6.0.1",
        "contentHash": "NuwhSyfAg9g/RyJ1DqV4LyE644Of8rxu1NmH+TCZXyG2illYI0d+AKsMXP1Ks28nwfhHPlqPG3ZFbpWTip8uaQ==",
        "dependencies": {
          "Microsoft.Data.Sqlite.Core": "9.0.0",
          "dbup-core": "6.0.4"
        }
      },
      "DotNet.ReproducibleBuilds": {
        "type": "Direct",
        "requested": "[1.2.25, )",
        "resolved": "1.2.25",
        "contentHash": "xCXiw7BCxHJ8pF6wPepRUddlh2dlQlbr81gXA72hdk4FLHkKXas7EH/n+fk5UCA/YfMqG1Z6XaPiUjDbUNBUzg=="
      },
      "DotNet.ReproducibleBuilds.Isolated": {
        "type": "Direct",
        "requested": "[1.2.25, )",
        "resolved": "1.2.25",
        "contentHash": "jaAno7qr9Cgx+/DitnJXYJ3JGkqhwtH0tgKqeBtAg9kmKayvUH63EELAtxbBZr56ntyuHBfy536FlXu+UpbDlw=="
      },
      "JetBrains.Annotations": {
        "type": "Direct",
        "requested": "[2024.3.0, )",
        "resolved": "2024.3.0",
        "contentHash": "ox5pkeLQXjvJdyAB4b2sBYAlqZGLh3PjSnP1bQNVx72ONuTJ9+34/+Rq91Fc0dG29XG9RgZur9+NcP4riihTug=="
      },
      "Microsoft.Data.Sqlite": {
        "type": "Direct",
        "requested": "[9.0.3, )",
        "resolved": "9.0.3",
        "contentHash": "rqw1EZ30C6bRTQ2P9/UVWNpiJhw+n4YtmBqoXXlxpdZuACvGDIZcOsOv2WPjL8HHdOJvTIh8yOufJI0HLWfAoA==",
        "dependencies": {
          "Microsoft.Data.Sqlite.Core": "9.0.3",
          "SQLitePCLRaw.bundle_e_sqlite3": "2.1.10",
          "SQLitePCLRaw.core": "2.1.10"
        }
      },
      "Microsoft.EntityFrameworkCore.Sqlite": {
        "type": "Direct",
        "requested": "[9.0.3, )",
        "resolved": "9.0.3",
        "contentHash": "M9iJfMa9f/kHsjq1CIW14vDaKZ3qJgqJtN8/4sw5bSZpEk9RvXAwLXpUVZecPJpwmN3/HqTHIXiXlMsL84ET4w==",
        "dependencies": {
          "Microsoft.EntityFrameworkCore.Sqlite.Core": "9.0.3",
          "Microsoft.Extensions.Caching.Memory": "9.0.3",
          "Microsoft.Extensions.Configuration.Abstractions": "9.0.3",
          "Microsoft.Extensions.DependencyModel": "9.0.3",
          "Microsoft.Extensions.Logging": "9.0.3",
          "SQLitePCLRaw.bundle_e_sqlite3": "2.1.10",
          "SQLitePCLRaw.core": "2.1.10",
          "System.Text.Json": "9.0.3"
        }
      },
      "Microsoft.NET.ILLink.Tasks": {
        "type": "Direct",
        "requested": "[9.0.3, )",
        "resolved": "9.0.3",
        "contentHash": "1rqGTfubVg0qj2PsK6esyq3PIxtYJYrN3LsYUV9RrvH3anmt3fT3ozYdAZZH4U8JU/pt5pPIUk8NBSu26wtekA=="
      },
      "StyleCop.Analyzers": {
        "type": "Direct",
        "requested": "[1.2.0-beta.556, )",
        "resolved": "1.2.0-beta.556",
        "contentHash": "llRPgmA1fhC0I0QyFLEcjvtM2239QzKr/tcnbsjArLMJxJlu0AA5G7Fft0OI30pHF3MW63Gf4aSSsjc5m82J1Q==",
        "dependencies": {
          "StyleCop.Analyzers.Unstable": "1.2.0.556"
        }
      },
      "Microsoft.AspNetCore.Cryptography.Internal": {
        "type": "Transitive",
        "resolved": "9.0.3",
        "contentHash": "tKXLFMMefKRyDbbVJM+5Gtd1CgPS6vwc9yTLnaStT9+DmkI6iFrEOdKMjZt5q3ijqQVjWew0/EcB9EbEKeP0DA=="
      },
      "Microsoft.AspNetCore.Cryptography.KeyDerivation": {
        "type": "Transitive",
        "resolved": "9.0.3",
        "contentHash": "gkhJ1uMfYnOH7hylbLx4VxeHHIpNWKEMXAZH3BJwUd+pkTGbm0etmL2dzHJLBrlblvTjZy4e9sg8Tpvkfetj7A==",
        "dependencies": {
          "Microsoft.AspNetCore.Cryptography.Internal": "9.0.3"
        }
      },
      "Microsoft.Data.Sqlite.Core": {
        "type": "Transitive",
        "resolved": "9.0.3",
        "contentHash": "rhNmI4KqeL6bOtZ7KwLVZLjrj0Bnf0PFq5Nlv2uOj9n1UuPYTbJaa816EJH5Hp5FM04H2iUcFtmmvqrl3xRCmA==",
        "dependencies": {
          "SQLitePCLRaw.core": "2.1.10"
        }
      },
      "Microsoft.EntityFrameworkCore": {
        "type": "Transitive",
        "resolved": "9.0.3",
        "contentHash": "ji6fWE8bFWTvqaMue49RSCcAeqlec13hAbitTBZyz/RmYsQDhqM9VkWUoXS1x1mjcsyWjc5EQr2XyuAkwp0eNQ==",
        "dependencies": {
          "Microsoft.EntityFrameworkCore.Abstractions": "9.0.3",
          "Microsoft.EntityFrameworkCore.Analyzers": "9.0.3",
          "Microsoft.Extensions.Caching.Memory": "9.0.3",
          "Microsoft.Extensions.Logging": "9.0.3"
        }
      },
      "Microsoft.EntityFrameworkCore.Abstractions": {
        "type": "Transitive",
        "resolved": "9.0.3",
        "contentHash": "HQH7HgwTl6IyasW7t6F2+ihuHLDmf9+8XaS41v8VHN5Z7x5ZMQIiHCbwxme4P5ICAjBG6VsWcjMCoh4fHbEwJg=="
      },
      "Microsoft.EntityFrameworkCore.Analyzers": {
        "type": "Transitive",
        "resolved": "9.0.3",
        "contentHash": "M+iOxejD3HqPV8/KE148wIehHA3cmMF+FgnpiN8CFB7DLokVSKQPPrwtHjcrNYJ/BDEssviEPNok/jtQWxj7xA=="
      },
      "Microsoft.EntityFrameworkCore.Relational": {
        "type": "Transitive",
        "resolved": "9.0.3",
        "contentHash": "xsS+5TM7M5f3tCSRaSbzouGCoIgD2zokQxBGXvf9z3DusRztWvT1NNT9XJaY2JoK1qEEDcHah8is6azYmpZhIg==",
        "dependencies": {
          "Microsoft.EntityFrameworkCore": "9.0.3",
          "Microsoft.Extensions.Caching.Memory": "9.0.3",
          "Microsoft.Extensions.Configuration.Abstractions": "9.0.3",
          "Microsoft.Extensions.Logging": "9.0.3"
        }
      },
      "Microsoft.EntityFrameworkCore.Sqlite.Core": {
        "type": "Transitive",
        "resolved": "9.0.3",
        "contentHash": "0jFSAf/mRAB+YoZgrIc5FaFcgBAyan6T6vYNMGJFOLpghyh8RxBfrIlupzuzl4zsFRO6xvuGwfdru1n/YkhNiw==",
        "dependencies": {
          "Microsoft.Data.Sqlite.Core": "9.0.3",
          "Microsoft.EntityFrameworkCore.Relational": "9.0.3",
          "Microsoft.Extensions.Caching.Memory": "9.0.3",
          "Microsoft.Extensions.Configuration.Abstractions": "9.0.3",
          "Microsoft.Extensions.DependencyModel": "9.0.3",
          "Microsoft.Extensions.Logging": "9.0.3",
          "SQLitePCLRaw.core": "2.1.10",
          "System.Text.Json": "9.0.3"
        }
      },
      "Microsoft.Extensions.Caching.Abstractions": {
        "type": "Transitive",
        "resolved": "9.0.3",
        "contentHash": "t8b0R6wtqC4o0hJ+oQkLPydw2MMLEoLEpQXCWbzXAm9NBMOngkDZNcvwF6DxbYdL5SlfZJXbYmiOxKZmwHNgNg==",
        "dependencies": {
          "Microsoft.Extensions.Primitives": "9.0.3"
        }
      },
      "Microsoft.Extensions.Caching.Memory": {
        "type": "Transitive",
        "resolved": "9.0.3",
        "contentHash": "TXggBGDDd6r+J7FV09plXpzGmWcknVyoDsHlY2qcCbcAhmb0eH7Q9IkfIZl54/zEedVTa9jPgiPFTxH9WuCGMQ==",
        "dependencies": {
          "Microsoft.Extensions.Caching.Abstractions": "9.0.3",
          "Microsoft.Extensions.DependencyInjection.Abstractions": "9.0.3",
          "Microsoft.Extensions.Logging.Abstractions": "9.0.3",
          "Microsoft.Extensions.Options": "9.0.3",
          "Microsoft.Extensions.Primitives": "9.0.3"
        }
      },
      "Microsoft.Extensions.Configuration.Abstractions": {
        "type": "Transitive",
        "resolved": "9.0.3",
        "contentHash": "q5qlbm6GRUrle2ZZxy9aqS/wWoc+mRD3JeP6rcpiJTh5XcemYkplAcJKq8lU11ZfPom5lfbZZfnQvDqcUhqD5Q==",
        "dependencies": {
          "Microsoft.Extensions.Primitives": "9.0.3"
        }
      },
      "Microsoft.Extensions.DependencyInjection": {
        "type": "Transitive",
        "resolved": "9.0.3",
        "contentHash": "lDbxJpkl6X8KZGpkAxgrrthQ42YeiR0xjPp7KPx+sCPc3ZbpaIbjzd0QQ+9kDdK2RU2DOl3pc6tQyAgEZY3V0A==",
        "dependencies": {
          "Microsoft.Extensions.DependencyInjection.Abstractions": "9.0.3"
        }
      },
      "Microsoft.Extensions.DependencyModel": {
        "type": "Transitive",
        "resolved": "9.0.3",
        "contentHash": "194P+NOekDXrPHmM2R8678T4bRfZ2isQXDDAsXKE5qI0QLUnXbwB0upljAkyxk+Kkt1DV1tV+9tHOtHEEh3ksw=="
      },
      "Microsoft.Extensions.Identity.Core": {
        "type": "Transitive",
        "resolved": "9.0.3",
        "contentHash": "3cmtvVU2ejnXPI9drZNruEygs3utAtF+My9vcFomIN5nCDwVCQv2IJjZntJW0iyn2WM0epIsUGWdy+OfNNET8Q==",
        "dependencies": {
          "Microsoft.AspNetCore.Cryptography.KeyDerivation": "9.0.3",
          "Microsoft.Extensions.Logging": "9.0.3",
          "Microsoft.Extensions.Options": "9.0.3"
        }
      },
      "Microsoft.Extensions.Logging": {
        "type": "Transitive",
        "resolved": "9.0.3",
        "contentHash": "utIi2R1nm+PCWkvWBf1Ou6LWqg9iLfHU23r8yyU9VCvda4dEs7xbTZSwGa5KuwbpzpgCbHCIuKaFHB3zyFmnGw==",
        "dependencies": {
          "Microsoft.Extensions.DependencyInjection": "9.0.3",
          "Microsoft.Extensions.Logging.Abstractions": "9.0.3",
          "Microsoft.Extensions.Options": "9.0.3"
        }
      },
      "Microsoft.Extensions.Logging.Abstractions": {
        "type": "Transitive",
        "resolved": "9.0.3",
        "contentHash": "H/MBMLt9A/69Ux4OrV7oCKt3DcMT04o5SCqDolulzQA66TLFEpYYb4qedMs/uwrLtyHXGuDGWKZse/oa8W9AZw==",
        "dependencies": {
          "Microsoft.Extensions.DependencyInjection.Abstractions": "9.0.3"
        }
      },
      "Microsoft.Extensions.Primitives": {
        "type": "Transitive",
        "resolved": "9.0.3",
        "contentHash": "yCCJHvBcRyqapMSNzP+kTc57Eaavq2cr5Tmuil6/XVnipQf5xmskxakSQ1enU6S4+fNg3sJ27WcInV64q24JsA=="
      },
      "SQLitePCLRaw.bundle_e_sqlite3": {
        "type": "Transitive",
        "resolved": "2.1.10",
        "contentHash": "UxWuisvZ3uVcVOLJQv7urM/JiQH+v3TmaJc1BLKl5Dxfm/nTzTUrqswCqg/INiYLi61AXnHo1M1JPmPqqLnAdg==",
        "dependencies": {
          "SQLitePCLRaw.lib.e_sqlite3": "2.1.10",
          "SQLitePCLRaw.provider.e_sqlite3": "2.1.10"
        }
      },
      "SQLitePCLRaw.core": {
        "type": "Transitive",
        "resolved": "2.1.10",
        "contentHash": "Ii8JCbC7oiVclaE/mbDEK000EFIJ+ShRPwAvvV89GOZhQ+ZLtlnSWl6ksCNMKu/VGXA4Nfi2B7LhN/QFN9oBcw==",
        "dependencies": {
          "System.Memory": "4.5.3"
        }
      },
      "SQLitePCLRaw.lib.e_sqlite3": {
        "type": "Transitive",
        "resolved": "2.1.10",
        "contentHash": "mAr69tDbnf3QJpRy2nJz8Qdpebdil00fvycyByR58Cn9eARvR+UiG2Vzsp+4q1tV3ikwiYIjlXCQFc12GfebbA=="
      },
      "SQLitePCLRaw.provider.e_sqlite3": {
        "type": "Transitive",
        "resolved": "2.1.10",
        "contentHash": "uZVTi02C1SxqzgT0HqTWatIbWGb40iIkfc3FpFCpE/r7g6K0PqzDUeefL6P6HPhDtc6BacN3yQysfzP7ks+wSQ==",
        "dependencies": {
          "SQLitePCLRaw.core": "2.1.10"
        }
      },
      "StyleCop.Analyzers.Unstable": {
        "type": "Transitive",
        "resolved": "1.2.0.556",
        "contentHash": "zvn9Mqs/ox/83cpYPignI8hJEM2A93s2HkHs8HYMOAQW0PkampyoErAiIyKxgTLqbbad29HX/shv/6LGSjPJNQ=="
      },
      "System.Memory": {
        "type": "Transitive",
        "resolved": "4.5.3",
        "contentHash": "3oDzvc/zzetpTKWMShs1AADwZjQ/36HnsufHRPcOjyRAAMLDlu2iD33MBI2opxnezcVUtXyqDXXjoFMOU9c7SA=="
      },
      "System.Text.Json": {
        "type": "Transitive",
        "resolved": "9.0.3",
        "contentHash": "r2JRkLjsYrq5Dpo7+y3Wa73OfirZPdVhxiTJWwZ+oJM7FOAe0LkM3GlH+pgkNRdd1G1kwUbmRCdmh4uoaWwu1g=="
      },
      "gnomeshade.data": {
        "type": "Project",
        "dependencies": {
          "Dapper": "[2.1.66, )",
          "Microsoft.AspNetCore.Identity.EntityFrameworkCore": "[9.0.3, )",
          "Microsoft.Extensions.Identity.Stores": "[9.0.3, )",
          "NodaTime": "[3.2.2, )",
          "dbup-core": "[6.0.4, )"
        }
      },
      "Dapper": {
        "type": "CentralTransitive",
        "requested": "[2.1.66, )",
        "resolved": "2.1.66",
        "contentHash": "/q77jUgDOS+bzkmk3Vy9SiWMaetTw+NOoPAV0xPBsGVAyljd5S6P+4RUW7R3ZUGGr9lDRyPKgAMj2UAOwvqZYw=="
      },
      "dbup-core": {
        "type": "CentralTransitive",
        "requested": "[6.0.4, )",
        "resolved": "6.0.4",
        "contentHash": "+7btP67vLsBM1VBPMH8H3RHfSy715qlMkOV3JJFzErA4Mz+b6EzDS2KNd/rQyBpSWsuJI3d58GtU0nYZxoLBqA==",
        "dependencies": {
          "Microsoft.Extensions.Logging.Abstractions": "8.0.0"
        }
      },
      "Microsoft.AspNetCore.Identity.EntityFrameworkCore": {
        "type": "CentralTransitive",
        "requested": "[9.0.3, )",
        "resolved": "9.0.3",
        "contentHash": "qC4KdZVBI+aKRIcTVkepcfs0VDlcXT6yOQshyG4lDcBhWcingOGU87c19pQBqOB8cG9/cGpphet4xCgMBXQZrQ==",
        "dependencies": {
          "Microsoft.EntityFrameworkCore.Relational": "9.0.3",
          "Microsoft.Extensions.Identity.Stores": "9.0.3"
        }
      },
      "Microsoft.Extensions.DependencyInjection.Abstractions": {
        "type": "CentralTransitive",
        "requested": "[9.0.3, )",
        "resolved": "9.0.3",
        "contentHash": "TfaHPSe39NyL2wxkisRxXK7xvHGZYBZ+dy3r+mqGvnxKgAPdHkMu3QMQZI4pquP6W5FIQBqs8FJpWV8ffCgDqQ=="
      },
      "Microsoft.Extensions.Identity.Stores": {
        "type": "CentralTransitive",
        "requested": "[9.0.3, )",
        "resolved": "9.0.3",
        "contentHash": "IlOCMVEXGZ2uKpbtKaAMdq6LEeIc3VXlH0SO2gxGckgI7LFSVGWpzmB0ebrQEeiVyzD4yDKS8UH9Pk0Zgpugfw==",
        "dependencies": {
          "Microsoft.Extensions.Caching.Abstractions": "9.0.3",
          "Microsoft.Extensions.Identity.Core": "9.0.3",
          "Microsoft.Extensions.Logging": "9.0.3"
        }
      },
      "Microsoft.Extensions.Options": {
        "type": "CentralTransitive",
        "requested": "[9.0.3, )",
        "resolved": "9.0.3",
        "contentHash": "xE7MpY70lkw1oiid5y6FbL9dVw8oLfkx8RhSNGN8sSzBlCqGn0SyT3Fqc8tZnDaPIq7Z8R9RTKlS564DS+MV3g==",
        "dependencies": {
          "Microsoft.Extensions.DependencyInjection.Abstractions": "9.0.3",
          "Microsoft.Extensions.Primitives": "9.0.3"
        }
      },
      "NodaTime": {
        "type": "CentralTransitive",
        "requested": "[3.2.2, )",
        "resolved": "3.2.2",
        "contentHash": "dmju5W0UYC3QP/UJM0juKAZkH0HSDMp0gH91A0+mT9M0kgyM2Jm67hUZPl/WRQLq8Lijjqmdk8kyAViWFWM7dA=="
      }
    }
  }
}