{
  "version": 2,
  "dependencies": {
    "net10.0": {
      "coverlet.collector": {
        "type": "Direct",
        "requested": "[10.0.0, )",
        "resolved": "10.0.0",
        "contentHash": "WFejCcOUR6k8UYyDnnR6Gk+obFYMsWrZuNqPJnsVFGVhpPSN0y20D4qbdKJnXinYGx9PQ397Hf9TnU1NBST8vA=="
      },
      "DotNet.ReproducibleBuilds": {
        "type": "Direct",
        "requested": "[2.0.2, )",
        "resolved": "2.0.2",
        "contentHash": "VaHoEN6YHp0jXucxm67vfuRy8zo9ufiKSuaZ4ZudRi8xmWcEFMKxfCsg2nvYNvdISFTURDu+IHqADGh53+Bamw=="
      },
      "DotNet.ReproducibleBuilds.Isolated": {
        "type": "Direct",
        "requested": "[2.0.2, )",
        "resolved": "2.0.2",
        "contentHash": "5jWfUacx6T8solcE3qkhigeCLz/PK50MOgmyf3aauKZP8LxOC2b7wmXU65Okx+9n0Nd355ShrDZ0NIKK4njvag=="
      },
      "FluentAssertions": {
        "type": "Direct",
        "requested": "[7.0.0, )",
        "resolved": "7.0.0",
        "contentHash": "mTLbcU991EQ1SEmNbVBaGGGJy0YFzvGd1sYJGNZ07nlPKuyHSn1I22aeKzqQXgEiaKyRO6MSCto9eN9VxMwBdA==",
        "dependencies": {
          "System.Configuration.ConfigurationManager": "6.0.0"
        }
      },
      "JetBrains.Annotations": {
        "type": "Direct",
        "requested": "[2025.2.4, )",
        "resolved": "2025.2.4",
        "contentHash": "TwbgxAkXxY+vNEhNVx/QXjJ4vqxmepOjsgRvvImQPbHkHMMb4W+ahL3laMsxXKtNT7iMy+E1B3xkqao2hf1n3A=="
      },
      "JunitXml.TestLogger": {
        "type": "Direct",
        "requested": "[8.0.0, )",
        "resolved": "8.0.0",
        "contentHash": "rO2ugKcbVy8SHNKeqfX/DshUcTtolnEUwMKehVB6gh5/YoL+U07zoACCyGRvgMtzq7fr9o6GLkXOmVj9WMgx+w=="
      },
      "Microsoft.NET.ILLink.Tasks": {
        "type": "Direct",
        "requested": "[10.0.6, )",
        "resolved": "10.0.6",
        "contentHash": "QKuvS0LWX4fjFqeDkyM7Kqt8P3wYTiPD4nwU+9y59n0sCiG714fxDgbbN82vDnzq89AF/PiHl92TP2C4aFDUQA=="
      },
      "Microsoft.NET.Test.Sdk": {
        "type": "Direct",
        "requested": "[18.4.0, )",
        "resolved": "18.4.0",
        "contentHash": "w49iZdL4HL6V25l41NVQLXWQ+e71GvSkKVteMrOL02gP/PUkcnO/1yEb2s9FntU4wGmJWfKnyrRAhcMHd9ZZNA==",
        "dependencies": {
          "Microsoft.CodeCoverage": "18.4.0",
          "Microsoft.TestPlatform.TestHost": "18.4.0"
        }
      },
      "NUnit": {
        "type": "Direct",
        "requested": "[4.5.1, )",
        "resolved": "4.5.1",
        "contentHash": "x1sIqU9i0IkxqFayqthzmJs/75jTMbrfNMixj4vtfTi7rRzGbtuY27V+iAhfTY02u5k2qvW3QBGM414OG4q8Lw=="
      },
      "NUnit.Analyzers": {
        "type": "Direct",
        "requested": "[4.12.0, )",
        "resolved": "4.12.0",
        "contentHash": "QuEHoNlYPyjX+MUNLgj5WquT4MFFJIhIVjbZelP13z6hQP5eCl/7QgSCA0xxhTJLnrMkc7QcnEp2lTchx5pHYA=="
      },
      "NUnit3TestAdapter": {
        "type": "Direct",
        "requested": "[6.2.0, )",
        "resolved": "6.2.0",
        "contentHash": "8PMJB8za2u8S0ey/nEtvh9BHjLhv5yzUEMCmA0+VIPLKSeOAZ3TEHWDyAp0+iPQb3jnBH1o8k0PoU2FgzXLRnQ==",
        "dependencies": {
          "Microsoft.Extensions.DependencyModel": "8.0.2",
          "Microsoft.Testing.Extensions.VSTestBridge": "2.1.0",
          "Microsoft.Testing.Platform.MSBuild": "2.1.0"
        }
      },
      "StyleCop.Analyzers": {
        "type": "Direct",
        "requested": "[1.2.0-beta.556, )",
        "resolved": "1.2.0-beta.556",
        "contentHash": "llRPgmA1fhC0I0QyFLEcjvtM2239QzKr/tcnbsjArLMJxJlu0AA5G7Fft0OI30pHF3MW63Gf4aSSsjc5m82J1Q==",
        "dependencies": {
          "StyleCop.Analyzers.Unstable": "1.2.0.556"
        }
      },
      "Verify.NUnit": {
        "type": "Direct",
        "requested": "[31.16.1, )",
        "resolved": "31.16.1",
        "contentHash": "qRLcI3gLuOtBqtr4Y2wx06UKJ1zkZk6uOuhEEimW7GgQuH12nBEN89O5SRK7uc+z+Dtby9PWb2sD+ibTJe8PMw==",
        "dependencies": {
          "Argon": "0.33.5",
          "DiffEngine": "19.1.2",
          "NUnit": "4.5.1",
          "SimpleInfoName": "3.2.0",
          "Verify": "31.16.1"
        }
      },
      "Argon": {
        "type": "Transitive",
        "resolved": "0.33.5",
        "contentHash": "J6821zxO+EqMzO9C/V5uiWc2eBGyzN7Z8Z0xq3Q1/e6IxYcHDA32OgiZX5/7/f8rVPQQa7aYtm6f0UfnrgKNBg=="
      },
      "Avalonia": {
        "type": "Transitive",
        "resolved": "12.0.1",
        "contentHash": "4OK0u9EdD3ukqA3qTwwTQ7MnRMj+gzBgm/KmpbYRdRTd94OzcioTRnHrc5PJo94SfMEYKq2rfpO3nq9Jddet+w==",
        "dependencies": {
          "Avalonia.BuildServices": "11.3.2",
          "Avalonia.Remote.Protocol": "12.0.1",
          "MicroCom.Runtime": "0.11.4"
        }
      },
      "Avalonia.Angle.Windows.Natives": {
        "type": "Transitive",
        "resolved": "2.1.25547.20250602",
        "contentHash": "ZL0VLc4s9rvNNFt19Pxm5UNAkmKNylugAwJPX9ulXZ6JWs/l6XZihPWWTyezaoNOVyEPU8YbURtW7XMAtqXH5A=="
      },
      "Avalonia.BuildServices": {
        "type": "Transitive",
        "resolved": "11.3.2",
        "contentHash": "qHDToxto1e3hci5YqbG9n0Ty8mlp3zBUN5wT66wKqaDVzXyQ0do3EnRILd4Ke9jpvsktaPpgE0YjEk7hornryQ=="
      },
      "Avalonia.FreeDesktop": {
        "type": "Transitive",
        "resolved": "12.0.1",
        "contentHash": "BbYDbu3hEwv2stkLlCh8/+2Y94IjdyxQNj8wQVAiKton2yZEmnwYpBRfQ8v/q7I6BjIJing6dofZk8IG/i82/g==",
        "dependencies": {
          "Avalonia": "12.0.1",
          "Tmds.DBus.Protocol": "0.92.0"
        }
      },
      "Avalonia.FreeDesktop.AtSpi": {
        "type": "Transitive",
        "resolved": "12.0.1",
        "contentHash": "cswoLoW/QkCQ9X/CRUTscLYS1OgUSAf67N/7BucENwaNX+lQoTPOS4dd8aD+cQjcSPEctc9SH11D4dW1hPx5vw==",
        "dependencies": {
          "Avalonia": "12.0.1"
        }
      },
      "Avalonia.HarfBuzz": {
        "type": "Transitive",
        "resolved": "12.0.1",
        "contentHash": "17A+VIAeIGsYqZSK/ydYzZbbzatBDj2Ls8aF/ZVo6OdeN5W+J9eAQGhS1wPw/GIkGuOkRPBSVwicFXIFCDf/kA==",
        "dependencies": {
          "Avalonia": "12.0.1",
          "HarfBuzzSharp": "8.3.1.3",
          "HarfBuzzSharp.NativeAssets.Linux": "8.3.1.3",
          "HarfBuzzSharp.NativeAssets.WebAssembly": "8.3.1.3"
        }
      },
      "Avalonia.Native": {
        "type": "Transitive",
        "resolved": "12.0.1",
        "contentHash": "RmMRxAMsZDbouQEZtayAR1JBhQ/CSYKpmjyQocAIjUtOWprifueBigr685VCt5TNJRGPPY0OZbDvD8aVpMNUbw==",
        "dependencies": {
          "Avalonia": "12.0.1"
        }
      },
      "Avalonia.Remote.Protocol": {
        "type": "Transitive",
        "resolved": "12.0.1",
        "contentHash": "8rqhNyde2I/JiW2TjQ8AkUoRclynr0e8yFXKB8VhehA07ejthx4Bnmt3k1DTSlpwTXbM0FRgYAtB1bTlUc6rgg=="
      },
      "Avalonia.Skia": {
        "type": "Transitive",
        "resolved": "12.0.1",
        "contentHash": "T850YAUgHpkRX4d3RkfH1ewabA2aLTgdGK+f4hyqeGhZlJYmMs6YjVps266wvr+MggAVUCZ601OLQd9KVfJb6g==",
        "dependencies": {
          "Avalonia": "12.0.1",
          "HarfBuzzSharp": "8.3.1.3",
          "HarfBuzzSharp.NativeAssets.Linux": "8.3.1.3",
          "HarfBuzzSharp.NativeAssets.WebAssembly": "8.3.1.3",
          "SkiaSharp": "3.119.3-preview.1.1",
          "SkiaSharp.NativeAssets.Linux": "3.119.3-preview.1.1",
          "SkiaSharp.NativeAssets.WebAssembly": "3.119.3-preview.1.1"
        }
      },
      "Avalonia.Win32": {
        "type": "Transitive",
        "resolved": "12.0.1",
        "contentHash": "7ETmt7DUlpmGiGRP923B+O8T+I5xjA9yYlUROMAa5Om/IfMutUndj2GOd6RGYw2O9yMgEKJuU0sIumqfB9lAFg==",
        "dependencies": {
          "Avalonia": "12.0.1",
          "Avalonia.Angle.Windows.Natives": "2.1.25547.20250602"
        }
      },
      "Avalonia.X11": {
        "type": "Transitive",
        "resolved": "12.0.1",
        "contentHash": "8YipKW4Icadwv3og4Fyf2Gj1ISHDjVRy/2qUgWkJTYK9/pXvB0zVsHv96ktWM7CIlpCq1VHkSrrVhnpeQUcXEw==",
        "dependencies": {
          "Avalonia": "12.0.1",
          "Avalonia.FreeDesktop": "12.0.1",
          "Avalonia.FreeDesktop.AtSpi": "12.0.1",
          "Avalonia.Skia": "12.0.1"
        }
      },
      "DiffEngine": {
        "type": "Transitive",
        "resolved": "19.1.2",
        "contentHash": "5fteTgsAXovFNT8wnZT3US51KzVOipI2ptvBG5O27BuHqBPgdu6G8dwAnfF7BoP7RCJyLoT4AyoQ5KS3b3YhCw==",
        "dependencies": {
          "EmptyFiles": "8.17.2"
        }
      },
      "EmptyFiles": {
        "type": "Transitive",
        "resolved": "8.17.2",
        "contentHash": "2oyDVmM/DU3g0h2kqcV05zjOUfo9AdwPoduIGh0LZL6nXqSN4qhZna2M/aJoYiQrmIznJ52wxYCmxDnWaRZ1JQ=="
      },
      "HarfBuzzSharp": {
        "type": "Transitive",
        "resolved": "8.3.1.3",
        "contentHash": "NGZ2+ZVNPM+NdHB/asW0/ykWngyHWwcqjrbN2nDeH1B/aptPGlCUl8wkQ2cSJxw5fdWgdmIPmNuTPWpLwNVXWg==",
        "dependencies": {
          "HarfBuzzSharp.NativeAssets.Win32": "8.3.1.3",
          "HarfBuzzSharp.NativeAssets.macOS": "8.3.1.3"
        }
      },
      "HarfBuzzSharp.NativeAssets.Linux": {
        "type": "Transitive",
        "resolved": "8.3.1.3",
        "contentHash": "RI6A1LgmooU30+4QIyFt5rmBCzP0VzTR+587IJSGvYIsHHWlahFufihYxtraLfsIhW7I8dn6+xX+DZGygOPKWQ=="
      },
      "HarfBuzzSharp.NativeAssets.macOS": {
        "type": "Transitive",
        "resolved": "8.3.1.3",
        "contentHash": "KPTq0xnslkI6nAo0jh3ptcQPJvZZr7MWYXa2jUe4SnHc9q+JlHElmNXp0sfFoiTgoCX7WOYpYsurypuH9Gehxw=="
      },
      "HarfBuzzSharp.NativeAssets.WebAssembly": {
        "type": "Transitive",
        "resolved": "8.3.1.3",
        "contentHash": "w2QfdNm9Uz/sUa0B5D+OnVQhyq3G/fBq6ibQMdWBlQqqwh0g0/5j3RFvYqZAmRZ5+RzvjVe8o8SFFnWYUSkuxA=="
      },
      "HarfBuzzSharp.NativeAssets.Win32": {
        "type": "Transitive",
        "resolved": "8.3.1.3",
        "contentHash": "bx8CE8Js+XGX8PUxAHCBDEORt5aaBYtMN4Hr9QFs57Xithh6yjUyYqksizH6eRDhJkwsGI+SXWmPmMm8lZC9Pw=="
      },
      "IdentityModel": {
        "type": "Transitive",
        "resolved": "7.0.0",
        "contentHash": "to99aLL5Gev1GOb2gUao/UZXT/uXMyjEmHPNrf/vJI2HBD1LMCTeC4SBCe/cqMIB12V9v+eSieq7ff0lju9pOQ=="
      },
      "LiveChartsCore": {
        "type": "Transitive",
        "resolved": "2.1.0-dev-292",
        "contentHash": "ze7pkwh2QWd+9PBS2EnOOaMnZ02ZzBRGDhUxs3AGhCa7S0uuSE3Vo86O38KcX0KuKPsJIhCzTtnn+bJGfNsQNg=="
      },
      "LiveChartsCore.SkiaSharpView": {
        "type": "Transitive",
        "resolved": "2.1.0-dev-292",
        "contentHash": "Jhnci9JgpAo5qGRd0OIlGLEbFyJKwwgC/mRBNjYYrrj1UazpiVgq7QJmQxAY2HqSFZI748yLNeWamxtWv7s1dQ==",
        "dependencies": {
          "LiveChartsCore": "2.1.0-dev-292",
          "SkiaSharp": "2.88.9",
          "SkiaSharp.HarfBuzz": "2.88.9"
        }
      },
      "MicroCom.Runtime": {
        "type": "Transitive",
        "resolved": "0.11.4",
        "contentHash": "yZ8+Lgwo+KtRI29TB2mIOEMzV+csMJ+pKZg4YHReAP3vRewWLKKeYfrBDo5FS69rWnEbCfU3sbM+ZEQr+GDLtg=="
      },
      "Microsoft.ApplicationInsights": {
        "type": "Transitive",
        "resolved": "2.23.0",
        "contentHash": "nWArUZTdU7iqZLycLKWe0TDms48KKGE6pONH2terYNa8REXiqixrMOkf1sk5DHGMaUTqONU2YkS4SAXBhLStgw=="
      },
      "Microsoft.CodeCoverage": {
        "type": "Transitive",
        "resolved": "18.4.0",
        "contentHash": "9O0BtCfzCWrkAmK187ugKdq72HHOXoOUjuWFDVc2LsZZ0pOnA9bTt+Sg9q4cF+MoAaUU+MuWtvBuFsnduviJow=="
      },
      "Microsoft.Extensions.Configuration": {
        "type": "Transitive",
        "resolved": "10.0.6",
        "contentHash": "lYQ9S1FGXIWIU7243RimdAXQYsFDeLhSSZvbSDwbeI/kCzZ4MIYXpp3kMQ+bDJXwl9pzMRIYkd4f9zGqcYxfAQ==",
        "dependencies": {
          "Microsoft.Extensions.Configuration.Abstractions": "10.0.6",
          "Microsoft.Extensions.Primitives": "10.0.6"
        }
      },
      "Microsoft.Extensions.Configuration.Abstractions": {
        "type": "Transitive",
        "resolved": "10.0.6",
        "contentHash": "a7bA7IT3ngIgcOMb/2MVH5CcfSxUCeQ6QXWS1Vt6oFpzLTH3U1+J2Xtc64Uw3whX9akYG8eR/UQeEzxo64zZLg==",
        "dependencies": {
          "Microsoft.Extensions.Primitives": "10.0.6"
        }
      },
      "Microsoft.Extensions.Configuration.Binder": {
        "type": "Transitive",
        "resolved": "10.0.6",
        "contentHash": "h22Fm4VxRmr4ty9rxJaW0i51xD56Bl5QhQ2hsGY2vl+6FioWmBhkpg3B78XQaK25N+hE41gZLZuYKGQS+OGbdw==",
        "dependencies": {
          "Microsoft.Extensions.Configuration": "10.0.6",
          "Microsoft.Extensions.Configuration.Abstractions": "10.0.6"
        }
      },
      "Microsoft.Extensions.Configuration.FileExtensions": {
        "type": "Transitive",
        "resolved": "10.0.6",
        "contentHash": "hils30RkqBbtQVupvgUr7sgxJUYPc6YMEDge1QAXGTOhbRlqk2I0OH+BWMSsQjYnbGX2Ytl6EkrLgu9im6vE0w==",
        "dependencies": {
          "Microsoft.Extensions.Configuration": "10.0.6",
          "Microsoft.Extensions.Configuration.Abstractions": "10.0.6",
          "Microsoft.Extensions.FileProviders.Abstractions": "10.0.6",
          "Microsoft.Extensions.FileProviders.Physical": "10.0.6",
          "Microsoft.Extensions.Primitives": "10.0.6"
        }
      },
      "Microsoft.Extensions.DependencyInjection": {
        "type": "Transitive",
        "resolved": "10.0.6",
        "contentHash": "poUvwtf92bEs8uBH3aRRs/ZgiAw+Z485EU7TtVPBt//MmD0uMPERe7+v3Ur7lpD8XgIEDL9sDoTBcW1LMG97CQ==",
        "dependencies": {
          "Microsoft.Extensions.DependencyInjection.Abstractions": "10.0.6"
        }
      },
      "Microsoft.Extensions.DependencyModel": {
        "type": "Transitive",
        "resolved": "10.0.0",
        "contentHash": "RFYJR7APio/BiqdQunRq6DB+nDB6nc2qhHr77mlvZ0q0BT8PubMXN7XicmfzCbrDE/dzhBnUKBRXLTcqUiZDGg=="
      },
      "Microsoft.Extensions.Diagnostics": {
        "type": "Transitive",
        "resolved": "10.0.6",
        "contentHash": "vbigpAOKX+Bbm2uJQ/AqXqONEPPB3ZYkynRT24vo5ZWF1rzKPtVjpkQkJx5qTGp2dqNV5In9QqboayqmKdvGUA==",
        "dependencies": {
          "Microsoft.Extensions.Configuration": "10.0.6",
          "Microsoft.Extensions.Diagnostics.Abstractions": "10.0.6",
          "Microsoft.Extensions.Options.ConfigurationExtensions": "10.0.6"
        }
      },
      "Microsoft.Extensions.Diagnostics.Abstractions": {
        "type": "Transitive",
        "resolved": "10.0.6",
        "contentHash": "L98Xe5C+xyKytLNLiEyQ0rcY8GNXAeAn1xKsE0YDxPx/mXBYYtRoj8pC2cnbSFQUlOzBkyO90ivMSV22SRETFg==",
        "dependencies": {
          "Microsoft.Extensions.DependencyInjection.Abstractions": "10.0.6",
          "Microsoft.Extensions.Options": "10.0.6"
        }
      },
      "Microsoft.Extensions.FileProviders.Abstractions": {
        "type": "Transitive",
        "resolved": "10.0.6",
        "contentHash": "iU/lPyrjHVA4jJ7Bl/VpXvgsAD4qJWc4oPSVJjMBeZjmv7IIo8wBKxnOUoXdZcSCUJ6MeBMs3WpXNfncO7OzRg==",
        "dependencies": {
          "Microsoft.Extensions.Primitives": "10.0.6"
        }
      },
      "Microsoft.Extensions.FileProviders.Physical": {
        "type": "Transitive",
        "resolved": "10.0.6",
        "contentHash": "t6T7umdzTKkSBOUMe5RYk826cTCsDU0hne9lPN5RGOSb3Kq0Xw8OEErM4zJ4dgZWV3G0ObK1Hf1IVU88uIKe6A==",
        "dependencies": {
          "Microsoft.Extensions.FileProviders.Abstractions": "10.0.6",
          "Microsoft.Extensions.FileSystemGlobbing": "10.0.6",
          "Microsoft.Extensions.Primitives": "10.0.6"
        }
      },
      "Microsoft.Extensions.FileSystemGlobbing": {
        "type": "Transitive",
        "resolved": "10.0.6",
        "contentHash": "EG9GuYJlj1o1G8maSpKceZdj88OehKFRWaWp8BWUQWlvIJDWD8N0sIYDoRMGL/yX85H8KbVYPR9+dH/UjPEiKw=="
      },
      "Microsoft.Extensions.Hosting.Abstractions": {
        "type": "Transitive",
        "resolved": "10.0.0",
        "contentHash": "KrN6TGFwCwqOkLLk/idW/XtDQh+8In+CL9T4M1Dx+5ScsjTq4TlVbal8q532m82UYrMr6RiQJF2HvYCN0QwVsA==",
        "dependencies": {
          "Microsoft.Extensions.Configuration.Abstractions": "10.0.0",
          "Microsoft.Extensions.DependencyInjection.Abstractions": "10.0.0",
          "Microsoft.Extensions.Diagnostics.Abstractions": "10.0.0",
          "Microsoft.Extensions.FileProviders.Abstractions": "10.0.0",
          "Microsoft.Extensions.Logging.Abstractions": "10.0.0"
        }
      },
      "Microsoft.Extensions.Logging": {
        "type": "Transitive",
        "resolved": "10.0.6",
        "contentHash": "ZjpnbMD88IcZQE2pE9lcGv3mkH2mlApPWNh88ya1wJpcxZLp7p4aN7twI2FpawGPAsXNpmMgtKaz3o796YWKWQ==",
        "dependencies": {
          "Microsoft.Extensions.DependencyInjection": "10.0.6",
          "Microsoft.Extensions.Logging.Abstractions": "10.0.6",
          "Microsoft.Extensions.Options": "10.0.6"
        }
      },
      "Microsoft.Extensions.Logging.Abstractions": {
        "type": "Transitive",
        "resolved": "10.0.6",
        "contentHash": "1YgBO3wAy0dlpQyVTKWBSPND/t0yZHsvd3shGpbeEwH8JSb2hnFI2pNFrOOUi/stsp+T/dqwqmRIGh47ibo9bw==",
        "dependencies": {
          "Microsoft.Extensions.DependencyInjection.Abstractions": "10.0.6"
        }
      },
      "Microsoft.Extensions.Primitives": {
        "type": "Transitive",
        "resolved": "10.0.6",
        "contentHash": "L8P21mqaG+CXvPheLndean/cHCOcItJqH8nx+0YQnK7wAiOR0G1IOC418ZSzTMD2D6Gmo0f2M5WR70XtpX2B8g=="
      },
      "Microsoft.Testing.Extensions.Telemetry": {
        "type": "Transitive",
        "resolved": "2.1.0",
        "contentHash": "5TwgTx2u7k9Al/xbZ18QXq4Hdy2xewkVTI6K3sk+jY2ykqUkIKNuj7rFu3GOV5KnEUkevhw6eZcyZs77STHJIA==",
        "dependencies": {
          "Microsoft.ApplicationInsights": "2.23.0",
          "Microsoft.Testing.Platform": "2.1.0"
        }
      },
      "Microsoft.Testing.Extensions.TrxReport.Abstractions": {
        "type": "Transitive",
        "resolved": "2.1.0",
        "contentHash": "D8xmIJYQFJ6D49Rx5/vPrkZZxb338Jkew+eSqZLBfBiWKw4QZKy3i1BOXiLfz0lOmaNErwDz/YWRojCdNl+B9Q==",
        "dependencies": {
          "Microsoft.Testing.Platform": "2.1.0"
        }
      },
      "Microsoft.Testing.Extensions.VSTestBridge": {
        "type": "Transitive",
        "resolved": "2.1.0",
        "contentHash": "bNRIEA2YoGr+Y+7LHdA7i1U80+7BAdf4K4Qh4Kx6eKkoBK/NV7QpoMg+GWPP0/eqAFzuUmUOIPVZ87Oo0Vyxmw==",
        "dependencies": {
          "Microsoft.TestPlatform.ObjectModel": "18.0.1",
          "Microsoft.Testing.Extensions.Telemetry": "2.1.0",
          "Microsoft.Testing.Extensions.TrxReport.Abstractions": "2.1.0",
          "Microsoft.Testing.Platform": "2.1.0"
        }
      },
      "Microsoft.Testing.Platform": {
        "type": "Transitive",
        "resolved": "2.1.0",
        "contentHash": "aHkjNTGIA+Zbdw6RJgSFrbDrCjO0CgqpElqYcvkRSeUhBv2bKarnvU3ep786U7UqrPlArT/B7VmImRibJD0Zrg=="
      },
      "Microsoft.Testing.Platform.MSBuild": {
        "type": "Transitive",
        "resolved": "2.1.0",
        "contentHash": "UpfPebXQtHGrWz21+YLHmJSm+5zsuPE9U9pfdCtoB+67g75fDmWlNgpkH2ZmdVhSwkjNIed9Icg8Iu63z2ei5Q==",
        "dependencies": {
          "Microsoft.Testing.Platform": "2.1.0"
        }
      },
      "Microsoft.TestPlatform.ObjectModel": {
        "type": "Transitive",
        "resolved": "18.4.0",
        "contentHash": "4L6m2kS2pY5uJ9cpeRxzW22opr6ttScIRqsOpMDQpgENp/ZwxkkQCcmc6LRSURo2dFaaSW5KVflQZvroiJ7Wzg=="
      },
      "Microsoft.TestPlatform.TestHost": {
        "type": "Transitive",
        "resolved": "18.4.0",
        "contentHash": "gZsCHI+zOmZCcKZieIL4Jg14qKD2OGZOmX5DehuIk1EA9BN6Crm0+taXQNEuajOH1G9CCyBxw8VWR4t5tumcng==",
        "dependencies": {
          "Microsoft.TestPlatform.ObjectModel": "18.4.0",
          "Newtonsoft.Json": "13.0.3"
        }
      },
      "Microsoft.Win32.SystemEvents": {
        "type": "Transitive",
        "resolved": "6.0.0",
        "contentHash": "hqTM5628jSsQiv+HGpiq3WKBl2c8v1KZfby2J6Pr7pEPlK9waPdgEO6b8A/+/xn/yZ9ulv8HuqK71ONy2tg67A=="
      },
      "Newtonsoft.Json": {
        "type": "Transitive",
        "resolved": "13.0.3",
        "contentHash": "HrC5BXdl00IP9zeV+0Z848QWPAoCr9P3bDEZguI+gkLcBKAOxix/tLEAAHC+UvDNPv4a2d18lOReHMOagPa+zQ=="
      },
      "Serilog.Extensions.Logging": {
        "type": "Transitive",
        "resolved": "10.0.0",
        "contentHash": "vx0kABKl2dWbBhhqAfTOk53/i8aV/5VaT3a6il9gn72Wqs2pM7EK2OB6No6xdqK2IaY6Zf9gdjLuK9BVa2rT+Q==",
        "dependencies": {
          "Microsoft.Extensions.Logging": "10.0.0",
          "Serilog": "4.2.0"
        }
      },
      "SimpleInfoName": {
        "type": "Transitive",
        "resolved": "3.2.0",
        "contentHash": "K8ivHRbPWfncijk62Dan/r/z55gwq3aFzqB6yFlD9X0bbpIaacHyHH2cpcIdz0FECUpERUZTwxts0z4gRWpQpA=="
      },
      "SkiaSharp": {
        "type": "Transitive",
        "resolved": "3.119.3-preview.1.1",
        "contentHash": "+3ndwD845G4jfuyhtg5rrjryh2mEOr2QfAPFtncvAsRLzGX0ferSJ0223av6Sbw9zsEL6Wk0sk/DrXtEpJoo5A==",
        "dependencies": {
          "SkiaSharp.NativeAssets.Win32": "3.119.3-preview.1.1",
          "SkiaSharp.NativeAssets.macOS": "3.119.3-preview.1.1"
        }
      },
      "SkiaSharp.HarfBuzz": {
        "type": "Transitive",
        "resolved": "2.88.9",
        "contentHash": "5lyjX04CSWTKFYMSNN6SMupV2qzYDr8W/u8S3ZEkr+Sg3kOi0YE06EOqG0tzn/YPBID89xam4L3rz3hUUKOGEQ==",
        "dependencies": {
          "HarfBuzzSharp": "7.3.0.3",
          "SkiaSharp": "2.88.9"
        }
      },
      "SkiaSharp.NativeAssets.Linux": {
        "type": "Transitive",
        "resolved": "3.119.3-preview.1.1",
        "contentHash": "ZvpglyfQzhVIUmnPGngliPYcg6ROJNs0BV7XwJ+kktdqY0qe8jifP+UUgaMqTlOTjvuvyCbV7AI4qIBUfRe3Vw=="
      },
      "SkiaSharp.NativeAssets.macOS": {
        "type": "Transitive",
        "resolved": "3.119.3-preview.1.1",
        "contentHash": "rv8B3OxG5PGQVxudIPV+ppjqUkt98VRzczNV3qNtearHebWXIcelpHEWzCtMSAYBm1rIsTs+KKAQv8/1exr0kQ=="
      },
      "SkiaSharp.NativeAssets.WebAssembly": {
        "type": "Transitive",
        "resolved": "3.119.3-preview.1.1",
        "contentHash": "Gzvr/fcJZODWNoLVBAIiM8NKudvZ9yL6WHb87fk7iadio9BWQR7GS0fUvWvE3kYaRAAutsjPdGAnkDR0ujlVDw=="
      },
      "SkiaSharp.NativeAssets.Win32": {
        "type": "Transitive",
        "resolved": "3.119.3-preview.1.1",
        "contentHash": "PkMb1pGPBSW3ZL0IVKP9DZs+w065HVs4jGQELsbkmKzKSL5P8KHLkrrmnv2XpFpXtx2njOllB8243N1dBMK+CQ=="
      },
      "StyleCop.Analyzers.Unstable": {
        "type": "Transitive",
        "resolved": "1.2.0.556",
        "contentHash": "zvn9Mqs/ox/83cpYPignI8hJEM2A93s2HkHs8HYMOAQW0PkampyoErAiIyKxgTLqbbad29HX/shv/6LGSjPJNQ=="
      },
      "System.Configuration.ConfigurationManager": {
        "type": "Transitive",
        "resolved": "6.0.0",
        "contentHash": "7T+m0kDSlIPTHIkPMIu6m6tV6qsMqJpvQWW2jIc2qi7sn40qxFo0q+7mEQAhMPXZHMKnWrnv47ntGlM/ejvw3g==",
        "dependencies": {
          "System.Security.Cryptography.ProtectedData": "6.0.0",
          "System.Security.Permissions": "6.0.0"
        }
      },
      "System.Drawing.Common": {
        "type": "Transitive",
        "resolved": "6.0.0",
        "contentHash": "NfuoKUiP2nUWwKZN6twGqXioIe1zVD0RIj2t976A+czLHr2nY454RwwXs6JU9Htc6mwqL6Dn/nEL3dpVf2jOhg==",
        "dependencies": {
          "Microsoft.Win32.SystemEvents": "6.0.0"
        }
      },
      "System.Security.Cryptography.ProtectedData": {
        "type": "Transitive",
        "resolved": "6.0.0",
        "contentHash": "rp1gMNEZpvx9vP0JW0oHLxlf8oSiQgtno77Y4PLUBjSiDYoD77Y8uXHr1Ea5XG4/pIKhqAdxZ8v8OTUtqo9PeQ=="
      },
      "System.Security.Permissions": {
        "type": "Transitive",
        "resolved": "6.0.0",
        "contentHash": "T/uuc7AklkDoxmcJ7LGkyX1CcSviZuLCa4jg3PekfJ7SU0niF0IVTXwUiNVP9DSpzou2PpxJ+eNY2IfDM90ZCg==",
        "dependencies": {
          "System.Windows.Extensions": "6.0.0"
        }
      },
      "System.Windows.Extensions": {
        "type": "Transitive",
        "resolved": "6.0.0",
        "contentHash": "IXoJOXIqc39AIe+CIR7koBtRGMiCt/LPM3lI+PELtDIy9XdyeSrwXFdWV9dzJ2Awl0paLWUaknLxFQ5HpHZUog==",
        "dependencies": {
          "System.Drawing.Common": "6.0.0"
        }
      },
      "Tmds.DBus.Protocol": {
        "type": "Transitive",
        "resolved": "0.92.0",
        "contentHash": "h7IMakm0PF2jxiagoysoAjrzzLQ0UBdnSXQL5kb17YW0Fvyo12Tg96A99QkzwktWRrd7H+Uw9EzjasNLUfGYlA=="
      },
      "Verify": {
        "type": "Transitive",
        "resolved": "31.16.1",
        "contentHash": "nw/NcGR7RjkFyin5Vh8Txm7jn+TDi9PI4dYaFUj3gKx5oBGEqCdEvHfiTOZ3rshHzcQcfVi669itNx0ApFwTxA==",
        "dependencies": {
          "Argon": "0.33.5",
          "DiffEngine": "19.1.2",
          "SimpleInfoName": "3.2.0"
        }
      },
      "Xaml.Behaviors.Interactions": {
        "type": "Transitive",
        "resolved": "12.0.0",
        "contentHash": "FiI01YC8AJq6FsLne1sOCzNoDNdeJzxcXz/EnS20kbq2y6Siu5XfQWtW5PDEEUXOqTndh3NNc4YtvuB778LGqw==",
        "dependencies": {
          "Avalonia": "12.0.0",
          "Xaml.Behaviors.Interactivity": "12.0.0"
        }
      },
      "Xaml.Behaviors.Interactions.Custom": {
        "type": "Transitive",
        "resolved": "12.0.0",
        "contentHash": "4qOPbg1sjMegB5a5b65HA/hK5tr9RYsyzT3uabZEcEMNbws3E25Fdupo1HuZUOswi3jZVMZTRME553+RgUlB6w==",
        "dependencies": {
          "Avalonia": "12.0.0",
          "Xaml.Behaviors.Interactivity": "12.0.0"
        }
      },
      "Xaml.Behaviors.Interactions.DragAndDrop": {
        "type": "Transitive",
        "resolved": "12.0.0",
        "contentHash": "eDROUl4qzS9y/mEQRbmmm8+8sQ8d0L+3CMEGVOI2nxMenJ9RGq6SYqIckgjqwSX3dQdAaefPcYGt6usUZ4HbyQ==",
        "dependencies": {
          "Avalonia": "12.0.0",
          "Xaml.Behaviors.Interactivity": "12.0.0"
        }
      },
      "Xaml.Behaviors.Interactions.Draggable": {
        "type": "Transitive",
        "resolved": "12.0.0",
        "contentHash": "NKe0+Etg8YKG6uOMfqb8wcBr9fEPxswd4IFTNnVVvFxTRmydkblyLPo7S0s0BOgPTw1NWFJFsiBwhxudpMfytA==",
        "dependencies": {
          "Avalonia": "12.0.0",
          "Xaml.Behaviors.Interactivity": "12.0.0"
        }
      },
      "Xaml.Behaviors.Interactions.Events": {
        "type": "Transitive",
        "resolved": "12.0.0",
        "contentHash": "f/W/wfqdUWcfbUlD+0ot6kEe0HknSD+RkNXT2Ol2ISjXH9kf9MzK74br0hCUY74AJhWBgbzcipEtG/074dw37Q==",
        "dependencies": {
          "Avalonia": "12.0.0",
          "Xaml.Behaviors.Interactivity": "12.0.0"
        }
      },
      "Xaml.Behaviors.Interactions.Responsive": {
        "type": "Transitive",
        "resolved": "12.0.0",
        "contentHash": "/b+PeWQWJe9BPmrdwzZOjsFtTaRcogRf2a/12+//l5/ggtSQXy6UQcNeb+8eK61l8Bw5R7MclkX5QiN9wg8Bbw==",
        "dependencies": {
          "Avalonia": "12.0.0",
          "Xaml.Behaviors.Interactivity": "12.0.0"
        }
      },
      "Xaml.Behaviors.Interactivity": {
        "type": "Transitive",
        "resolved": "12.0.0",
        "contentHash": "cGySeZHbrndOIdR52tfeY/Rq9riN9j1OaeH1r1b6O1TgbfyHGEsR2ixKKjlbffyCZO//hAEpZWo+D5XJjjsQTw==",
        "dependencies": {
          "Avalonia": "12.0.0"
        }
      },
      "gnomeshade.avalonia.core": {
        "type": "Project",
        "dependencies": {
          "Avalonia.Controls.DataGrid": "[12.0.0, )",
          "Gnomeshade.WebApi.Client": "[1.0.0, )",
          "IdentityModel.OidcClient": "[6.0.0, )",
          "LiveChartsCore.SkiaSharpView.Avalonia": "[2.1.0-dev-292, )",
          "Microsoft.Extensions.Configuration.EnvironmentVariables": "[10.0.6, )",
          "Microsoft.Extensions.DependencyInjection.Abstractions": "[10.0.6, )",
          "Microsoft.Extensions.Http": "[10.0.6, )",
          "Microsoft.Extensions.Options.ConfigurationExtensions": "[10.0.6, )",
          "Microsoft.Extensions.Options.DataAnnotations": "[10.0.6, )",
          "PropertyChanged.SourceGenerator": "[1.0.8, )",
          "Xaml.Behaviors.Avalonia": "[12.0.0, )"
        }
      },
      "gnomeshade.desktop": {
        "type": "Project",
        "dependencies": {
          "AdysTech.CredentialManager": "[2.6.0, )",
          "Avalonia.Controls.DataGrid": "[12.0.0, )",
          "Avalonia.Desktop": "[12.0.1, )",
          "Avalonia.Themes.Fluent": "[12.0.1, )",
          "Gnomeshade.Avalonia.Core": "[1.0.0, )",
          "Microsoft.Extensions.Configuration.Json": "[10.0.6, )",
          "Serilog": "[4.3.1, )",
          "Serilog.Extensions.Hosting": "[10.0.0, )",
          "Serilog.Settings.Configuration": "[10.0.0, )",
          "Serilog.Sinks.File": "[7.0.0, )",
          "Serilog.Sinks.Trace": "[4.0.0, )",
          "Xaml.Behaviors.Avalonia": "[12.0.0, )"
        }
      },
      "gnomeshade.webapi.client": {
        "type": "Project",
        "dependencies": {
          "Gnomeshade.WebApi.Models": "[1.0.0, )",
          "IdentityModel.OidcClient": "[6.0.0, )",
          "Microsoft.Extensions.DependencyInjection.Abstractions": "[10.0.6, )",
          "Microsoft.Extensions.Http": "[10.0.6, )",
          "Microsoft.Extensions.Options": "[10.0.6, )",
          "Microsoft.Extensions.Options.ConfigurationExtensions": "[10.0.6, )",
          "Microsoft.Extensions.Options.DataAnnotations": "[10.0.6, )",
          "NodaTime.Serialization.SystemTextJson": "[1.3.1, )"
        }
      },
      "gnomeshade.webapi.models": {
        "type": "Project",
        "dependencies": {
          "Microsoft.AspNetCore.Http.Features": "[5.0.17, )",
          "NodaTime": "[3.3.1, )"
        }
      },
      "AdysTech.CredentialManager": {
        "type": "CentralTransitive",
        "requested": "[2.6.0, )",
        "resolved": "2.6.0",
        "contentHash": "3R3DB9ezOHC39upAwdrTEnju18k6lQ/BNmxjlLJhDPiE/09cWOeg9u1s8K1a85CGikn77KrASB+C0Vf2m+JNIA=="
      },
      "Avalonia.Controls.DataGrid": {
        "type": "CentralTransitive",
        "requested": "[12.0.0, )",
        "resolved": "12.0.0",
        "contentHash": "pQ9NiviIoxbZ7fiD/KTdoEHRgdKibKtx8Low3nTrU6ZbvULtesuB65aLL/umjibsGMhzPOveqs/om98QAA5FMg==",
        "dependencies": {
          "Avalonia": "12.0.0"
        }
      },
      "Avalonia.Desktop": {
        "type": "CentralTransitive",
        "requested": "[12.0.1, )",
        "resolved": "12.0.1",
        "contentHash": "jSjO026cA8IqgXszxlcdTkaOM60veMjFgA/D6eqEYLwtLvho/72hdzLeOj/qzgF+ZgEo40gmDKca2Se5VkqlNQ==",
        "dependencies": {
          "Avalonia": "12.0.1",
          "Avalonia.HarfBuzz": "12.0.1",
          "Avalonia.Native": "12.0.1",
          "Avalonia.Skia": "12.0.1",
          "Avalonia.Win32": "12.0.1",
          "Avalonia.X11": "12.0.1"
        }
      },
      "Avalonia.Themes.Fluent": {
        "type": "CentralTransitive",
        "requested": "[12.0.1, )",
        "resolved": "12.0.1",
        "contentHash": "/vfTVnz0mZR91cDQn5dHKzngLV0OfCZ0i/uT01uxKu6jqyaPbRwpO68d07N0d6ll6hnvdfySfP4lDY7JWtqr4A==",
        "dependencies": {
          "Avalonia": "12.0.1"
        }
      },
      "IdentityModel.OidcClient": {
        "type": "CentralTransitive",
        "requested": "[6.0.0, )",
        "resolved": "6.0.0",
        "contentHash": "m2PZbjeG3nXIQ72NLZvFz3FLFk7GmqLnxO/ifUvaTEE3BDZXp7DXAdjDP6TQKaL20+wDnej2ffA1Yh3vVcJOkA==",
        "dependencies": {
          "IdentityModel": "7.0.0",
          "Microsoft.Extensions.Logging.Abstractions": "8.0.0"
        }
      },
      "LiveChartsCore.SkiaSharpView.Avalonia": {
        "type": "CentralTransitive",
        "requested": "[2.1.0-dev-292, )",
        "resolved": "2.1.0-dev-292",
        "contentHash": "8AkLdbtKSS/W2VZPq3Bxxr69FszWY45pyUdnjc0/YfXRLUvddYulMZ0CUe3vXSdDS6tEtlV4DEXxX3abW6zYvQ==",
        "dependencies": {
          "Avalonia": "12.0.0",
          "Avalonia.Skia": "12.0.0",
          "LiveChartsCore.SkiaSharpView": "2.1.0-dev-292"
        }
      },
      "Microsoft.AspNetCore.Http.Features": {
        "type": "CentralTransitive",
        "requested": "[5.0.17, )",
        "resolved": "5.0.17",
        "contentHash": "3jG2xS+dx8DDCGV/F+STdPTg89lX3ao3dF/VEPvJaz3wzBIjuadipTtYNEXDIVuOPZwb6jdmhrX9jkzOIBm5cw==",
        "dependencies": {
          "Microsoft.Extensions.Primitives": "5.0.1"
        }
      },
      "Microsoft.Extensions.Configuration.EnvironmentVariables": {
        "type": "CentralTransitive",
        "requested": "[10.0.6, )",
        "resolved": "10.0.6",
        "contentHash": "ZqkqIq6AXCBrLHqLGpjv0otGo0Dx1rF1UdDuVWDiog8jXuRwb3IH59fDONIxUschwDcYaD5xftrPCWdH1YD6lQ==",
        "dependencies": {
          "Microsoft.Extensions.Configuration": "10.0.6",
          "Microsoft.Extensions.Configuration.Abstractions": "10.0.6"
        }
      },
      "Microsoft.Extensions.Configuration.Json": {
        "type": "CentralTransitive",
        "requested": "[10.0.6, )",
        "resolved": "10.0.6",
        "contentHash": "o/IG5ywTfT5U1ANCAC4w1vKtXapdL/OlunywrWboySYJB79eX0+mw7qxqNRkq1WMZOJoSyjPjbyZ17l3LS7A6Q==",
        "dependencies": {
          "Microsoft.Extensions.Configuration": "10.0.6",
          "Microsoft.Extensions.Configuration.Abstractions": "10.0.6",
          "Microsoft.Extensions.Configuration.FileExtensions": "10.0.6",
          "Microsoft.Extensions.FileProviders.Abstractions": "10.0.6"
        }
      },
      "Microsoft.Extensions.DependencyInjection.Abstractions": {
        "type": "CentralTransitive",
        "requested": "[10.0.6, )",
        "resolved": "10.0.6",
        "contentHash": "w+dX4SIr1X9yegX2yX2dU1XtP4JAUVNdvOG/Evn+H+ndn96YzfIPX52FALXChrRNWFR9l77FQyg1mB7WQo6iOA=="
      },
      "Microsoft.Extensions.Http": {
        "type": "CentralTransitive",
        "requested": "[10.0.6, )",
        "resolved": "10.0.6",
        "contentHash": "FbWxJqgUUQosm/tZEnjbdS2EfE+kBT5C8AQdWJsOtpgAR82gNGdfnYF4ZyHReGa7wpNltBB/GFKWMr9GlVuZbw==",
        "dependencies": {
          "Microsoft.Extensions.Configuration.Abstractions": "10.0.6",
          "Microsoft.Extensions.DependencyInjection.Abstractions": "10.0.6",
          "Microsoft.Extensions.Diagnostics": "10.0.6",
          "Microsoft.Extensions.Logging": "10.0.6",
          "Microsoft.Extensions.Logging.Abstractions": "10.0.6",
          "Microsoft.Extensions.Options": "10.0.6"
        }
      },
      "Microsoft.Extensions.Options": {
        "type": "CentralTransitive",
        "requested": "[10.0.6, )",
        "resolved": "10.0.6",
        "contentHash": "v5RTWm+3Gdub21ADJeRG5bunOOxutFNBZk6qGH6Az4L5nyRZoLe3Kse7jfAyUcdEoiKp72XpNw/wGR+9wP+MtQ==",
        "dependencies": {
          "Microsoft.Extensions.DependencyInjection.Abstractions": "10.0.6",
          "Microsoft.Extensions.Primitives": "10.0.6"
        }
      },
      "Microsoft.Extensions.Options.ConfigurationExtensions": {
        "type": "CentralTransitive",
        "requested": "[10.0.6, )",
        "resolved": "10.0.6",
        "contentHash": "O7xt1vYMxku2+/WpFkh6X8RzUtYbKR+XCt0KOO0W9TbRbFeQdfb9Nry/CdVq57kOyOKS3Z4qD1xqV/8LpJQ0Xw==",
        "dependencies": {
          "Microsoft.Extensions.Configuration.Abstractions": "10.0.6",
          "Microsoft.Extensions.Configuration.Binder": "10.0.6",
          "Microsoft.Extensions.DependencyInjection.Abstractions": "10.0.6",
          "Microsoft.Extensions.Options": "10.0.6",
          "Microsoft.Extensions.Primitives": "10.0.6"
        }
      },
      "Microsoft.Extensions.Options.DataAnnotations": {
        "type": "CentralTransitive",
        "requested": "[10.0.6, )",
        "resolved": "10.0.6",
        "contentHash": "xZHgg0OlFTKmuyz8GB9W1SQ+EBM5JGqILktBz929yBkMjLJBUwtLUWYAGrw3nKA/t7FZueuurkVPWrvk77tW9g==",
        "dependencies": {
          "Microsoft.Extensions.DependencyInjection.Abstractions": "10.0.6",
          "Microsoft.Extensions.Options": "10.0.6"
        }
      },
      "NodaTime": {
        "type": "CentralTransitive",
        "requested": "[3.3.1, )",
        "resolved": "3.3.1",
        "contentHash": "7zkTEqmakybTTuDuifpnzl5s8MkmpAdyvoqIPIO2+M2ThF8ixavPcPt1afPfFyCI+A6t3ySujgpGq/5iWc4/RQ=="
      },
      "NodaTime.Serialization.SystemTextJson": {
        "type": "CentralTransitive",
        "requested": "[1.3.1, )",
        "resolved": "1.3.1",
        "contentHash": "Ndo6VK/TwyIjcppiHY3I3p1iFM+dkjIghiSR/eC3rzu0whoV2GY9F5xCERf5BZDmkI4HuExlA4UE/smDV46SkQ==",
        "dependencies": {
          "NodaTime": "[3.0.0, 4.0.0)"
        }
      },
      "PropertyChanged.SourceGenerator": {
        "type": "CentralTransitive",
        "requested": "[1.0.8, )",
        "resolved": "1.0.8",
        "contentHash": "XufLv9ReskTWjx3assV8aRAfcHfAATAkR/MugYSHkyYm7d2voQJHtQKSncVMNZiVGwXaEg5aGtWgKMweR11TAg=="
      },
      "Serilog": {
        "type": "CentralTransitive",
        "requested": "[4.3.1, )",
        "resolved": "4.3.1",
        "contentHash": "savYe7h5yRlkqBVOwP8cIRDOdqKiPmYCU4W87JH38sBmcKD5EBoXvQIw6bNEvZ/pTe1gsiye3VFCzBsoppGkXQ=="
      },
      "Serilog.Extensions.Hosting": {
        "type": "CentralTransitive",
        "requested": "[10.0.0, )",
        "resolved": "10.0.0",
        "contentHash": "E7juuIc+gzoGxgzFooFgAV8g9BfiSXNKsUok9NmEpyAXg2odkcPsMa/Yo4axkJRlh0se7mkYQ1GXDaBemR+b6w==",
        "dependencies": {
          "Microsoft.Extensions.DependencyInjection.Abstractions": "10.0.0",
          "Microsoft.Extensions.Hosting.Abstractions": "10.0.0",
          "Microsoft.Extensions.Logging.Abstractions": "10.0.0",
          "Serilog": "4.3.0",
          "Serilog.Extensions.Logging": "10.0.0"
        }
      },
      "Serilog.Settings.Configuration": {
        "type": "CentralTransitive",
        "requested": "[10.0.0, )",
        "resolved": "10.0.0",
        "contentHash": "LNq+ibS1sbhTqPV1FIE69/9AJJbfaOhnaqkzcjFy95o+4U+STsta9mi97f1smgXsWYKICDeGUf8xUGzd/52/uA==",
        "dependencies": {
          "Microsoft.Extensions.Configuration.Binder": "10.0.0",
          "Microsoft.Extensions.DependencyModel": "10.0.0",
          "Serilog": "4.3.0"
        }
      },
      "Serilog.Sinks.File": {
        "type": "CentralTransitive",
        "requested": "[7.0.0, )",
        "resolved": "7.0.0",
        "contentHash": "fKL7mXv7qaiNBUC71ssvn/dU0k9t0o45+qm2XgKAlSt19xF+ijjxyA3R6HmCgfKEKwfcfkwWjayuQtRueZFkYw==",
        "dependencies": {
          "Serilog": "4.2.0"
        }
      },
      "Serilog.Sinks.Trace": {
        "type": "CentralTransitive",
        "requested": "[4.0.0, )",
        "resolved": "4.0.0",
        "contentHash": "9wILC29WU2t7D4t/KGzKxUEFza+4B2MCfBjn9ouIHbZJDOmL9S1P33pxR9pLhH8fAY80U+8rweNtyjOoDDt9cA==",
        "dependencies": {
          "Serilog": "4.0.0"
        }
      },
      "Xaml.Behaviors.Avalonia": {
        "type": "CentralTransitive",
        "requested": "[12.0.0, )",
        "resolved": "12.0.0",
        "contentHash": "Y5/ug+aG80HXzxefe7mPfpXmC+6QZT/Mewii6lY/fpSG8Rcgmt4M5pTHPzEYJDhXxu/86A+bzwlSR/L3FJd0kg==",
        "dependencies": {
          "Avalonia": "12.0.0",
          "Xaml.Behaviors.Interactions": "12.0.0",
          "Xaml.Behaviors.Interactions.Custom": "12.0.0",
          "Xaml.Behaviors.Interactions.DragAndDrop": "12.0.0",
          "Xaml.Behaviors.Interactions.Draggable": "12.0.0",
          "Xaml.Behaviors.Interactions.Events": "12.0.0",
          "Xaml.Behaviors.Interactions.Responsive": "12.0.0",
          "Xaml.Behaviors.Interactivity": "12.0.0"
        }
      }
    }
  }
}