{
  "version": 2,
  "dependencies": {
    "net8.0": {
      "Bogus": {
        "type": "Direct",
        "requested": "[35.6.3, )",
        "resolved": "35.6.3",
        "contentHash": "+5omfZWy8gOcbpc48vKfMI4h/ecbdf3NQm6xCl3zMbaP4J3rMMm5h3kPFeIWBgt4mbz6YY0eeZDLR/6yv1khKw=="
      },
      "coverlet.collector": {
        "type": "Direct",
        "requested": "[6.0.4, )",
        "resolved": "6.0.4",
        "contentHash": "lkhqpF8Pu2Y7IiN7OntbsTtdbpR1syMsm2F3IgX6ootA4ffRqWL5jF7XipHuZQTdVuWG/gVAAcf8mjk8Tz0xPg=="
      },
      "DotNet.ReproducibleBuilds": {
        "type": "Direct",
        "requested": "[1.2.25, )",
        "resolved": "1.2.25",
        "contentHash": "xCXiw7BCxHJ8pF6wPepRUddlh2dlQlbr81gXA72hdk4FLHkKXas7EH/n+fk5UCA/YfMqG1Z6XaPiUjDbUNBUzg=="
      },
      "DotNet.ReproducibleBuilds.Isolated": {
        "type": "Direct",
        "requested": "[1.2.25, )",
        "resolved": "1.2.25",
        "contentHash": "jaAno7qr9Cgx+/DitnJXYJ3JGkqhwtH0tgKqeBtAg9kmKayvUH63EELAtxbBZr56ntyuHBfy536FlXu+UpbDlw=="
      },
      "FluentAssertions": {
        "type": "Direct",
        "requested": "[7.0.0, )",
        "resolved": "7.0.0",
        "contentHash": "mTLbcU991EQ1SEmNbVBaGGGJy0YFzvGd1sYJGNZ07nlPKuyHSn1I22aeKzqQXgEiaKyRO6MSCto9eN9VxMwBdA==",
        "dependencies": {
          "System.Configuration.ConfigurationManager": "6.0.0"
        }
      },
      "JetBrains.Annotations": {
        "type": "Direct",
        "requested": "[2024.3.0, )",
        "resolved": "2024.3.0",
        "contentHash": "ox5pkeLQXjvJdyAB4b2sBYAlqZGLh3PjSnP1bQNVx72ONuTJ9+34/+Rq91Fc0dG29XG9RgZur9+NcP4riihTug=="
      },
      "JunitXml.TestLogger": {
        "type": "Direct",
        "requested": "[6.1.0, )",
        "resolved": "6.1.0",
        "contentHash": "a3ciawoHOzqcry7yS5z9DerNyF9QZi6fEZZJPILSy6Noj6+r8Ydma+cENA6wvivXDCblpXxw72wWT9QApNy/0w=="
      },
      "Microsoft.NET.Test.Sdk": {
        "type": "Direct",
        "requested": "[18.0.0, )",
        "resolved": "18.0.0",
        "contentHash": "bvxj2Asb7nT+tqOFFerrhQeEjUYLwx0Poi0Rznu63WbqN+A4uDn1t5NWXfAOOQsF6lpmK6N2v+Vvgso7KWZS7g==",
        "dependencies": {
          "Microsoft.CodeCoverage": "18.0.0",
          "Microsoft.TestPlatform.TestHost": "18.0.0"
        }
      },
      "NodaTime.Bogus": {
        "type": "Direct",
        "requested": "[3.0.2, )",
        "resolved": "3.0.2",
        "contentHash": "0X3qY/I4hYSCBoCT8yXezNCFhd01YWQ4kTtBiC8X4ZpE0ZpjqQkMOndv1bz2lpzQiP4oFiv3XBM7sqGPIulytw==",
        "dependencies": {
          "Bogus": "34.0.2",
          "NodaTime": "3.1.9"
        }
      },
      "NUnit": {
        "type": "Direct",
        "requested": "[4.3.2, )",
        "resolved": "4.3.2",
        "contentHash": "puVXayXNmEu7MFQSUswGmUjOy3M3baprMbkLl5PAutpeDoGTr+jPv33qAYsqxywi2wJCq8l/O3EhHoLulPE1iQ=="
      },
      "NUnit.Analyzers": {
        "type": "Direct",
        "requested": "[4.9.2, )",
        "resolved": "4.9.2",
        "contentHash": "4OjmtBP57N7bZc36Ej1dlvshxbkXf4VSgNMWjYjN/TqXVGtUaT/GSXa+CCqK178gbrnTKJSLrKl2AYdh1fbcAg=="
      },
      "NUnit3TestAdapter": {
        "type": "Direct",
        "requested": "[5.0.0, )",
        "resolved": "5.0.0",
        "contentHash": "sy4cLoUAdE6TDM4wNX5gmNCyhMev5wUz4cA6ZRf/aON9vf9t4xTVGLj/4huhDKcS4dFfmVVcgcP70yC7WC9kKg==",
        "dependencies": {
          "Microsoft.Testing.Extensions.VSTestBridge": "1.5.3",
          "Microsoft.Testing.Platform.MSBuild": "1.5.3"
        }
      },
      "StyleCop.Analyzers": {
        "type": "Direct",
        "requested": "[1.2.0-beta.556, )",
        "resolved": "1.2.0-beta.556",
        "contentHash": "llRPgmA1fhC0I0QyFLEcjvtM2239QzKr/tcnbsjArLMJxJlu0AA5G7Fft0OI30pHF3MW63Gf4aSSsjc5m82J1Q==",
        "dependencies": {
          "StyleCop.Analyzers.Unstable": "1.2.0.556"
        }
      },
      "Verify.NUnit": {
        "type": "Direct",
        "requested": "[30.4.0, )",
        "resolved": "30.4.0",
        "contentHash": "UIJiiBrTELbDSorrJzI3oo2CzS5QeOdH+wpqKkGjKuXgtMxu9vjDs3jrBKY7vsFEglsklvzlpSpEJaj9eo5k1A==",
        "dependencies": {
          "Argon": "0.30.1",
          "DiffEngine": "16.2.3",
          "NUnit": "4.3.2",
          "SimpleInfoName": "3.1.2",
          "Verify": "30.4.0"
        }
      },
      "Argon": {
        "type": "Transitive",
        "resolved": "0.30.1",
        "contentHash": "kjKnBzxJ1Xp4Sh9B7inrP1YjefXH4X8hV4/J5EoDKloog09Kp4KUVoJS8xxYfUbUzJ+Xe5PKZm3hj5pi4ZuCZw=="
      },
      "DiffEngine": {
        "type": "Transitive",
        "resolved": "16.2.3",
        "contentHash": "QWnG0MR3//Ss0G0N9mIfe1HLOrOIRZqau0AOiLt9Gm53ZQf/TLvzoccTkczEW5ACkbhRY5m+p+W7bzFVln2GDw==",
        "dependencies": {
          "EmptyFiles": "8.10.1",
          "System.Management": "8.0.0"
        }
      },
      "EmptyFiles": {
        "type": "Transitive",
        "resolved": "8.10.1",
        "contentHash": "vhLPAqdKuo2qjVkrJbCyacGXO9XTha7G1R5amw44m877FDR/gqFjCfdncj8VyHAC6eNqrCXgYTbHJGO5+l3TJg=="
      },
      "IdentityModel": {
        "type": "Transitive",
        "resolved": "7.0.0",
        "contentHash": "to99aLL5Gev1GOb2gUao/UZXT/uXMyjEmHPNrf/vJI2HBD1LMCTeC4SBCe/cqMIB12V9v+eSieq7ff0lju9pOQ=="
      },
      "Microsoft.ApplicationInsights": {
        "type": "Transitive",
        "resolved": "2.22.0",
        "contentHash": "3AOM9bZtku7RQwHyMEY3tQMrHIgjcfRDa6YQpd/QG2LDGvMydSlL9Di+8LLMt7J2RDdfJ7/2jdYv6yHcMJAnNw==",
        "dependencies": {
          "System.Diagnostics.DiagnosticSource": "5.0.0"
        }
      },
      "Microsoft.CodeCoverage": {
        "type": "Transitive",
        "resolved": "18.0.0",
        "contentHash": "DFPhMrsIofgJ1DDU3ModqqRArDm15/bNl4ecmcuBspZkZ4ONYnCC0R8U27WzK7cYv6r8l6Q/fRmvg7cb+I/dJA=="
      },
      "Microsoft.Extensions.Configuration": {
        "type": "Transitive",
        "resolved": "9.0.9",
        "contentHash": "w87wF/90/VI0ZQBhf4rbMEeyEy0vi2WKjFmACsNAKNaorY+ZlVz7ddyXkbADvaWouMKffNmR0yQOGcrvSSvKGg==",
        "dependencies": {
          "Microsoft.Extensions.Configuration.Abstractions": "9.0.9",
          "Microsoft.Extensions.Primitives": "9.0.9"
        }
      },
      "Microsoft.Extensions.Configuration.Abstractions": {
        "type": "Transitive",
        "resolved": "9.0.9",
        "contentHash": "p5RKAY9POvs3axwA/AQRuJeM8AHuE8h4qbP1NxQeGm0ep46aXz1oCLAp/oOYxX1GsjStgdhHrN3XXLLXr0+b3w==",
        "dependencies": {
          "Microsoft.Extensions.Primitives": "9.0.9"
        }
      },
      "Microsoft.Extensions.Configuration.Binder": {
        "type": "Transitive",
        "resolved": "9.0.9",
        "contentHash": "6SIp/6Bngk4jm2W36JekZbiIbFPdE/eMUtrJEqIqHGpd1zar3jvgnwxnpWQfzUiGrkyY8q8s6V82zkkEZozghA==",
        "dependencies": {
          "Microsoft.Extensions.Configuration.Abstractions": "9.0.9"
        }
      },
      "Microsoft.Extensions.DependencyInjection": {
        "type": "Transitive",
        "resolved": "9.0.9",
        "contentHash": "zQV2WOSP+3z1EuK91ULxfGgo2Y75bTRnmJHp08+w/YXAyekZutX/qCd88/HOMNh35MDW9mJJJxPpMPS+1Rww8A==",
        "dependencies": {
          "Microsoft.Extensions.DependencyInjection.Abstractions": "9.0.9"
        }
      },
      "Microsoft.Extensions.Diagnostics": {
        "type": "Transitive",
        "resolved": "9.0.9",
        "contentHash": "gtzl9SD6CvFYOb92qEF41Z9rICzYniM342TWbbJwN3eLS6a5fCLFvO1pQGtpMSnP3h1zHXupMEeKSA9musWYCQ==",
        "dependencies": {
          "Microsoft.Extensions.Configuration": "9.0.9",
          "Microsoft.Extensions.Diagnostics.Abstractions": "9.0.9",
          "Microsoft.Extensions.Options.ConfigurationExtensions": "9.0.9"
        }
      },
      "Microsoft.Extensions.Diagnostics.Abstractions": {
        "type": "Transitive",
        "resolved": "9.0.9",
        "contentHash": "YHGmxccrVZ2Ar3eI+/NdbOHkd1/HzrHvmQ5yBsp0Gl7jTyBe6qcXNYjUt9v9JIO+Z14la44+YYEe63JSqs1fYg==",
        "dependencies": {
          "Microsoft.Extensions.DependencyInjection.Abstractions": "9.0.9",
          "Microsoft.Extensions.Options": "9.0.9",
          "System.Diagnostics.DiagnosticSource": "9.0.9"
        }
      },
      "Microsoft.Extensions.Logging": {
        "type": "Transitive",
        "resolved": "9.0.9",
        "contentHash": "MaCB0Y9hNDs4YLu3HCJbo199WnJT8xSgajG1JYGANz9FkseQ5f3v/llu3HxLI6mjDlu7pa7ps9BLPWjKzsAAzQ==",
        "dependencies": {
          "Microsoft.Extensions.DependencyInjection": "9.0.9",
          "Microsoft.Extensions.Logging.Abstractions": "9.0.9",
          "Microsoft.Extensions.Options": "9.0.9"
        }
      },
      "Microsoft.Extensions.Logging.Abstractions": {
        "type": "Transitive",
        "resolved": "9.0.9",
        "contentHash": "FEgpSF+Z9StMvrsSViaybOBwR0f0ZZxDm8xV5cSOFiXN/t+ys+rwAlTd/6yG7Ld1gfppgvLcMasZry3GsI9lGA==",
        "dependencies": {
          "Microsoft.Extensions.DependencyInjection.Abstractions": "9.0.9",
          "System.Diagnostics.DiagnosticSource": "9.0.9"
        }
      },
      "Microsoft.Extensions.Primitives": {
        "type": "Transitive",
        "resolved": "9.0.9",
        "contentHash": "z4pyMePOrl733ltTowbN565PxBw1oAr8IHmIXNDiDqd22nFpYltX9KhrNC/qBWAG1/Zx5MHX+cOYhWJQYCO/iw=="
      },
      "Microsoft.Testing.Extensions.Telemetry": {
        "type": "Transitive",
        "resolved": "1.5.3",
        "contentHash": "U9pGd5DQuX1PfkrdFI+xH34JGgQ2nes5QAwIITTk+MQfLvRITqsZjJeHTjpGWh33D/0q1l7aA8/LQHR7UuCgLQ==",
        "dependencies": {
          "Microsoft.ApplicationInsights": "2.22.0",
          "Microsoft.Testing.Platform": "1.5.3"
        }
      },
      "Microsoft.Testing.Extensions.TrxReport.Abstractions": {
        "type": "Transitive",
        "resolved": "1.5.3",
        "contentHash": "h34zKNpGyni66VH738mRHeXSnf3klSShUdavUWNhSfWICUUi5aXeI0LBvoX/ad93N0+9xBDU3Fyi6WfxrwKQGw==",
        "dependencies": {
          "Microsoft.Testing.Platform": "1.5.3"
        }
      },
      "Microsoft.Testing.Extensions.VSTestBridge": {
        "type": "Transitive",
        "resolved": "1.5.3",
        "contentHash": "cJD67YfDT98wEWyazKVD/yPVW6+H1usXeuselCnRes7JZBTIYWtrCchcOzOahnmajT79eDKqt9sta7DXwTDU4Q==",
        "dependencies": {
          "Microsoft.ApplicationInsights": "2.22.0",
          "Microsoft.TestPlatform.ObjectModel": "17.12.0",
          "Microsoft.Testing.Extensions.Telemetry": "1.5.3",
          "Microsoft.Testing.Extensions.TrxReport.Abstractions": "1.5.3",
          "Microsoft.Testing.Platform": "1.5.3"
        }
      },
      "Microsoft.Testing.Platform": {
        "type": "Transitive",
        "resolved": "1.5.3",
        "contentHash": "WqJydnJ99dEKtquR9HwINz104ehWJKTXbQQrydGatlLRw14bmsx0pa8+E6KUXMYXZAimN0swWlDmcJGjjW4TIg=="
      },
      "Microsoft.Testing.Platform.MSBuild": {
        "type": "Transitive",
        "resolved": "1.5.3",
        "contentHash": "bOtpRMSPeT5YLQo+NNY8EtdNTphAUcmALjW4ABU7P0rb6yR2XAZau3TzNieLmR3lRuwudguWzzBhgcLRXwZh0A==",
        "dependencies": {
          "Microsoft.Testing.Platform": "1.5.3"
        }
      },
      "Microsoft.TestPlatform.ObjectModel": {
        "type": "Transitive",
        "resolved": "18.0.0",
        "contentHash": "Al/a99ymb8UdEEh6DKNiaoFn5i8fvX5PdM9LfU9Z/Q8NJrlyHHzF+LRHLbR+t89gRsJ2fFMpwYxgEn3eH1BQwA==",
        "dependencies": {
          "System.Reflection.Metadata": "8.0.0"
        }
      },
      "Microsoft.TestPlatform.TestHost": {
        "type": "Transitive",
        "resolved": "18.0.0",
        "contentHash": "aAxE8Thr9ZHGrljOYaDeLJqitQi75iE4xeEFn6CEGFirlHSn1KwpKPniuEn6zCLZ90Z3XqNlrC3ZJTuvBov45w==",
        "dependencies": {
          "Microsoft.TestPlatform.ObjectModel": "18.0.0",
          "Newtonsoft.Json": "13.0.3"
        }
      },
      "Microsoft.Win32.SystemEvents": {
        "type": "Transitive",
        "resolved": "6.0.0",
        "contentHash": "hqTM5628jSsQiv+HGpiq3WKBl2c8v1KZfby2J6Pr7pEPlK9waPdgEO6b8A/+/xn/yZ9ulv8HuqK71ONy2tg67A=="
      },
      "Newtonsoft.Json": {
        "type": "Transitive",
        "resolved": "13.0.3",
        "contentHash": "HrC5BXdl00IP9zeV+0Z848QWPAoCr9P3bDEZguI+gkLcBKAOxix/tLEAAHC+UvDNPv4a2d18lOReHMOagPa+zQ=="
      },
      "SimpleInfoName": {
        "type": "Transitive",
        "resolved": "3.1.2",
        "contentHash": "/OoEZQxSW6DeTJ9nfrg8BLCOCWpxBiWHV4NkG3t+Xpe8tvzm7yCwKwxkhpauMl3fg9OjlIjJMKX61H6VavLkrw=="
      },
      "StyleCop.Analyzers.Unstable": {
        "type": "Transitive",
        "resolved": "1.2.0.556",
        "contentHash": "zvn9Mqs/ox/83cpYPignI8hJEM2A93s2HkHs8HYMOAQW0PkampyoErAiIyKxgTLqbbad29HX/shv/6LGSjPJNQ=="
      },
      "System.CodeDom": {
        "type": "Transitive",
        "resolved": "8.0.0",
        "contentHash": "WTlRjL6KWIMr/pAaq3rYqh0TJlzpouaQ/W1eelssHgtlwHAH25jXTkUphTYx9HaIIf7XA6qs/0+YhtLEQRkJ+Q=="
      },
      "System.Collections.Immutable": {
        "type": "Transitive",
        "resolved": "8.0.0",
        "contentHash": "AurL6Y5BA1WotzlEvVaIDpqzpIPvYnnldxru8oXJU2yFxFUy3+pNXjXd1ymO+RA0rq0+590Q8gaz2l3Sr7fmqg=="
      },
      "System.Configuration.ConfigurationManager": {
        "type": "Transitive",
        "resolved": "6.0.0",
        "contentHash": "7T+m0kDSlIPTHIkPMIu6m6tV6qsMqJpvQWW2jIc2qi7sn40qxFo0q+7mEQAhMPXZHMKnWrnv47ntGlM/ejvw3g==",
        "dependencies": {
          "System.Security.Cryptography.ProtectedData": "6.0.0",
          "System.Security.Permissions": "6.0.0"
        }
      },
      "System.Diagnostics.DiagnosticSource": {
        "type": "Transitive",
        "resolved": "9.0.9",
        "contentHash": "8hy61dsFYYSDjT9iTAfygGMU3A0EAnG69x5FUXeKsCjMhBmtTBt4UMUEW3ipprFoorOW6Jw/7hDMjXtlrsOvVQ=="
      },
      "System.Drawing.Common": {
        "type": "Transitive",
        "resolved": "6.0.0",
        "contentHash": "NfuoKUiP2nUWwKZN6twGqXioIe1zVD0RIj2t976A+czLHr2nY454RwwXs6JU9Htc6mwqL6Dn/nEL3dpVf2jOhg==",
        "dependencies": {
          "Microsoft.Win32.SystemEvents": "6.0.0"
        }
      },
      "System.IO.Pipelines": {
        "type": "Transitive",
        "resolved": "5.0.2",
        "contentHash": "Iew+dfa6FFiyvWBdRmXApixRY1db+beyutpIck4SOSe0NLM8FD/7AD54MscqVLhvfSMLHO7KadjTRT7fqxOGTA=="
      },
      "System.Management": {
        "type": "Transitive",
        "resolved": "8.0.0",
        "contentHash": "jrK22i5LRzxZCfGb+tGmke2VH7oE0DvcDlJ1HAKYU8cPmD8XnpUT0bYn2Gy98GEhGjtfbR/sxKTVb+dE770pfA==",
        "dependencies": {
          "System.CodeDom": "8.0.0"
        }
      },
      "System.Reflection.Metadata": {
        "type": "Transitive",
        "resolved": "8.0.0",
        "contentHash": "ptvgrFh7PvWI8bcVqG5rsA/weWM09EnthFHR5SCnS6IN+P4mj6rE1lBDC4U8HL9/57htKAqy4KQ3bBj84cfYyQ==",
        "dependencies": {
          "System.Collections.Immutable": "8.0.0"
        }
      },
      "System.Security.AccessControl": {
        "type": "Transitive",
        "resolved": "6.0.0",
        "contentHash": "AUADIc0LIEQe7MzC+I0cl0rAT8RrTAKFHl53yHjEUzNVIaUlhFY11vc2ebiVJzVBuOzun6F7FBA+8KAbGTTedQ=="
      },
      "System.Security.Cryptography.ProtectedData": {
        "type": "Transitive",
        "resolved": "6.0.0",
        "contentHash": "rp1gMNEZpvx9vP0JW0oHLxlf8oSiQgtno77Y4PLUBjSiDYoD77Y8uXHr1Ea5XG4/pIKhqAdxZ8v8OTUtqo9PeQ=="
      },
      "System.Security.Permissions": {
        "type": "Transitive",
        "resolved": "6.0.0",
        "contentHash": "T/uuc7AklkDoxmcJ7LGkyX1CcSviZuLCa4jg3PekfJ7SU0niF0IVTXwUiNVP9DSpzou2PpxJ+eNY2IfDM90ZCg==",
        "dependencies": {
          "System.Security.AccessControl": "6.0.0",
          "System.Windows.Extensions": "6.0.0"
        }
      },
      "System.Windows.Extensions": {
        "type": "Transitive",
        "resolved": "6.0.0",
        "contentHash": "IXoJOXIqc39AIe+CIR7koBtRGMiCt/LPM3lI+PELtDIy9XdyeSrwXFdWV9dzJ2Awl0paLWUaknLxFQ5HpHZUog==",
        "dependencies": {
          "System.Drawing.Common": "6.0.0"
        }
      },
      "Verify": {
        "type": "Transitive",
        "resolved": "30.4.0",
        "contentHash": "ZoPOO21Dm3GS3V1fYeEcedCJdk5XS4X6mYBwQk+813QFkPLNr4/EvCDtGXH2NrFXtmWhu0WiIiiLMa0cZ7ynqQ==",
        "dependencies": {
          "Argon": "0.30.1",
          "DiffEngine": "16.2.3",
          "SimpleInfoName": "3.1.2"
        }
      },
      "gnomeshade.webapi.client": {
        "type": "Project",
        "dependencies": {
          "Gnomeshade.WebApi.Models": "[1.0.0, )",
          "IdentityModel.OidcClient": "[6.0.0, )",
          "Microsoft.Extensions.DependencyInjection.Abstractions": "[9.0.9, )",
          "Microsoft.Extensions.Http": "[9.0.9, )",
          "Microsoft.Extensions.Options": "[9.0.9, )",
          "Microsoft.Extensions.Options.ConfigurationExtensions": "[9.0.9, )",
          "Microsoft.Extensions.Options.DataAnnotations": "[9.0.9, )",
          "NodaTime.Serialization.SystemTextJson": "[1.3.0, )"
        }
      },
      "gnomeshade.webapi.models": {
        "type": "Project",
        "dependencies": {
          "Microsoft.AspNetCore.Http.Features": "[5.0.17, )",
          "NodaTime": "[3.2.2, )"
        }
      },
      "IdentityModel.OidcClient": {
        "type": "CentralTransitive",
        "requested": "[6.0.0, )",
        "resolved": "6.0.0",
        "contentHash": "m2PZbjeG3nXIQ72NLZvFz3FLFk7GmqLnxO/ifUvaTEE3BDZXp7DXAdjDP6TQKaL20+wDnej2ffA1Yh3vVcJOkA==",
        "dependencies": {
          "IdentityModel": "7.0.0",
          "Microsoft.Extensions.Logging.Abstractions": "8.0.0"
        }
      },
      "Microsoft.AspNetCore.Http.Features": {
        "type": "CentralTransitive",
        "requested": "[5.0.17, )",
        "resolved": "5.0.17",
        "contentHash": "3jG2xS+dx8DDCGV/F+STdPTg89lX3ao3dF/VEPvJaz3wzBIjuadipTtYNEXDIVuOPZwb6jdmhrX9jkzOIBm5cw==",
        "dependencies": {
          "Microsoft.Extensions.Primitives": "5.0.1",
          "System.IO.Pipelines": "5.0.2"
        }
      },
      "Microsoft.Extensions.DependencyInjection.Abstractions": {
        "type": "CentralTransitive",
        "requested": "[9.0.9, )",
        "resolved": "9.0.9",
        "contentHash": "/hymojfWbE9AlDOa0mczR44m00Jj+T3+HZO0ZnVTI032fVycI0ZbNOVFP6kqZMcXiLSYXzR2ilcwaRi6dzeGyA=="
      },
      "Microsoft.Extensions.Http": {
        "type": "CentralTransitive",
        "requested": "[9.0.9, )",
        "resolved": "9.0.9",
        "contentHash": "dTmh5Rj4/WpirsN1PDs8YhyaodgtzxWqPKaT+B3Zn72uHKLJOuxIt06HTea126eEDWHYSLNN61I4snw7PuerFg==",
        "dependencies": {
          "Microsoft.Extensions.Configuration.Abstractions": "9.0.9",
          "Microsoft.Extensions.DependencyInjection.Abstractions": "9.0.9",
          "Microsoft.Extensions.Diagnostics": "9.0.9",
          "Microsoft.Extensions.Logging": "9.0.9",
          "Microsoft.Extensions.Logging.Abstractions": "9.0.9",
          "Microsoft.Extensions.Options": "9.0.9"
        }
      },
      "Microsoft.Extensions.Options": {
        "type": "CentralTransitive",
        "requested": "[9.0.9, )",
        "resolved": "9.0.9",
        "contentHash": "loxGGHE1FC2AefwPHzrjPq7X92LQm64qnU/whKfo6oWaceewPUVYQJBJs3S3E2qlWwnCpeZ+dGCPTX+5dgVAuQ==",
        "dependencies": {
          "Microsoft.Extensions.DependencyInjection.Abstractions": "9.0.9",
          "Microsoft.Extensions.Primitives": "9.0.9"
        }
      },
      "Microsoft.Extensions.Options.ConfigurationExtensions": {
        "type": "CentralTransitive",
        "requested": "[9.0.9, )",
        "resolved": "9.0.9",
        "contentHash": "n4DCdnn2qs6V5U06Sx62FySEAZsJiJJgOzrPHDh9hPK7c2W8hEabC76F3Re3tGPjpiKa02RvB6FxZyxo8iICzg==",
        "dependencies": {
          "Microsoft.Extensions.Configuration.Abstractions": "9.0.9",
          "Microsoft.Extensions.Configuration.Binder": "9.0.9",
          "Microsoft.Extensions.DependencyInjection.Abstractions": "9.0.9",
          "Microsoft.Extensions.Options": "9.0.9",
          "Microsoft.Extensions.Primitives": "9.0.9"
        }
      },
      "Microsoft.Extensions.Options.DataAnnotations": {
        "type": "CentralTransitive",
        "requested": "[9.0.9, )",
        "resolved": "9.0.9",
        "contentHash": "Al+1FXnKKFygTXz0Zsa1+jYEPvsx5dKavlJxMXjRbrL6lmBhQZsVMhjuNB5lWvdRhdoxt5y/Q3v5kbLZLsXWdA==",
        "dependencies": {
          "Microsoft.Extensions.DependencyInjection.Abstractions": "9.0.9",
          "Microsoft.Extensions.Options": "9.0.9"
        }
      },
      "NodaTime": {
        "type": "CentralTransitive",
        "requested": "[3.2.2, )",
        "resolved": "3.2.2",
        "contentHash": "dmju5W0UYC3QP/UJM0juKAZkH0HSDMp0gH91A0+mT9M0kgyM2Jm67hUZPl/WRQLq8Lijjqmdk8kyAViWFWM7dA=="
      },
      "NodaTime.Serialization.SystemTextJson": {
        "type": "CentralTransitive",
        "requested": "[1.3.0, )",
        "resolved": "1.3.0",
        "contentHash": "Zf9sdKrfcId0rvZLOB7Yncy/cfCv20TdQ84IKE6CkcWW33u1wsRvmYUbfaP5MYUm+9vp9Yoi3G2vN1/9nZ/JCA==",
        "dependencies": {
          "NodaTime": "[3.0.0, 4.0.0)"
        }
      }
    }
  }
}