{
  "version": 2,
  "dependencies": {
    "net7.0": {
      "coverlet.collector": {
        "type": "Direct",
        "requested": "[6.0.0, )",
        "resolved": "6.0.0",
        "contentHash": "tW3lsNS+dAEII6YGUX/VMoJjBS1QvsxqJeqLaJXub08y1FSjasFPtQ4UBUsudE9PNrzLjooClMsPtY2cZLdXpQ=="
      },
      "DotNet.ReproducibleBuilds": {
        "type": "Direct",
        "requested": "[1.1.1, )",
        "resolved": "1.1.1",
        "contentHash": "+H2t/t34h6mhEoUvHi8yGXyuZ2GjSovcGYehJrS2MDm2XgmPfZL2Sdxg+uL2lKgZ4M6tTwKHIlxOob2bgh0NRQ==",
        "dependencies": {
          "Microsoft.SourceLink.AzureRepos.Git": "1.1.1",
          "Microsoft.SourceLink.Bitbucket.Git": "1.1.1",
          "Microsoft.SourceLink.GitHub": "1.1.1",
          "Microsoft.SourceLink.GitLab": "1.1.1"
        }
      },
      "DotNet.ReproducibleBuilds.Isolated": {
        "type": "Direct",
        "requested": "[1.1.1, )",
        "resolved": "1.1.1",
        "contentHash": "mdk9ue5KRj+2uaWpyrqUtnMw2c0RMVK1MhdOyvEB3xeBO80G28zAGRnHw/Eu/fnOfIYyUl79Ld2BTWwjmpanQA=="
      },
      "FluentAssertions": {
        "type": "Direct",
        "requested": "[6.11.0, )",
        "resolved": "6.11.0",
        "contentHash": "aBaagwdNtVKkug1F3imGXUlmoBd8ZUZX8oQ5niThaJhF79SpESe1Gzq7OFuZkQdKD5Pa4Mone+jrbas873AT4g==",
        "dependencies": {
          "System.Configuration.ConfigurationManager": "4.4.0"
        }
      },
      "JetBrains.Annotations": {
        "type": "Direct",
        "requested": "[2023.2.0, )",
        "resolved": "2023.2.0",
        "contentHash": "dvO//8aLmLRsCVVgoc/7qBqi2/y4BTyRcg20LCBWtK4n6E9Um06Zp7jF1n0hOE+yqBHwcrDzAjWvCaM3qH8flg=="
      },
      "Microsoft.NET.Test.Sdk": {
        "type": "Direct",
        "requested": "[17.7.2, )",
        "resolved": "17.7.2",
        "contentHash": "WOSF/GUYcnrLGkdvCbXDRig2rShtBwfQc5l7IxQE6PZI3CeXAqF1SpyzwlGA5vw+MdEAXs3niy+ZkGBBWna6tw==",
        "dependencies": {
          "Microsoft.CodeCoverage": "17.7.2",
          "Microsoft.TestPlatform.TestHost": "17.7.2"
        }
      },
      "NUnit": {
        "type": "Direct",
        "requested": "[3.13.3, )",
        "resolved": "3.13.3",
        "contentHash": "KNPDpls6EfHwC3+nnA67fh5wpxeLb3VLFAfLxrug6JMYDLHH6InaQIWR7Sc3y75d/9IKzMksH/gi08W7XWbmnQ==",
        "dependencies": {
          "NETStandard.Library": "2.0.0"
        }
      },
      "NUnit3TestAdapter": {
        "type": "Direct",
        "requested": "[4.5.0, )",
        "resolved": "4.5.0",
        "contentHash": "s8JpqTe9bI2f49Pfr3dFRfoVSuFQyraTj68c3XXjIS/MRGvvkLnrg6RLqnTjdShX+AdFUCCU/4Xex58AdUfs6A=="
      },
      "StyleCop.Analyzers": {
        "type": "Direct",
        "requested": "[1.2.0-beta.507, )",
        "resolved": "1.2.0-beta.507",
        "contentHash": "/FtugDT66cKJJ+GGH7rNpG6UDrT4iIWz45M6lrXXHobDUFDHw+q5VgkbiR+6ffTO564ge7w6fQh/eoQhVdJO8Q==",
        "dependencies": {
          "StyleCop.Analyzers.Unstable": "1.2.0.507"
        }
      },
      "Avalonia": {
        "type": "Transitive",
        "resolved": "11.0.0",
        "contentHash": "L2URRKcRyD/oySJE09pdDIkc9lUnZJH9KRtuZqZbgqeb5ALzZ8RYRPYg4/DQkreDYECdOarn5gzmUZcOz255iQ==",
        "dependencies": {
          "Avalonia.BuildServices": "0.0.28",
          "Avalonia.Remote.Protocol": "11.0.0",
          "MicroCom.Runtime": "0.11.0",
          "System.ComponentModel.Annotations": "4.5.0"
        }
      },
      "Avalonia.BuildServices": {
        "type": "Transitive",
        "resolved": "0.0.28",
        "contentHash": "MSM0H8d8PlsPOj490DrmM4qOWAWJsweUQznZPqJ92Rdy2Rp8LfQ7JUFF0b3zceO3LXpGKKi+GSUk1GNsjjkfFQ=="
      },
      "Avalonia.Remote.Protocol": {
        "type": "Transitive",
        "resolved": "11.0.0",
        "contentHash": "T+HX5uK41zyV/jiP+qhhtAjkcd4quf1bxbuJ8WPjaXu20Icx1a5oyJRN+mkKzHueSympjfiLSEicCWPq6OiG6w=="
      },
      "Avalonia.Skia": {
        "type": "Transitive",
        "resolved": "11.0.0-rc1.1",
        "contentHash": "mfqqLmRxYi9SfgQ4p873um33bMTDLgYUdsX4l6TARJ3qOY1s4sRTyjep1D9Fqs3rLpA8aJesg59wsNKjrLg+sw==",
        "dependencies": {
          "Avalonia": "11.0.0-rc1.1",
          "HarfBuzzSharp": "2.8.2.3",
          "HarfBuzzSharp.NativeAssets.Linux": "2.8.2.3",
          "HarfBuzzSharp.NativeAssets.WebAssembly": "2.8.2.3",
          "SkiaSharp": "2.88.3",
          "SkiaSharp.NativeAssets.Linux": "2.88.3",
          "SkiaSharp.NativeAssets.WebAssembly": "2.88.3"
        }
      },
      "HarfBuzzSharp": {
        "type": "Transitive",
        "resolved": "2.8.2.3",
        "contentHash": "8MwXm9J4dXHuTdzPo29nHgDbt4+6P+RrPrH/qrxcERf29cpLlFbjvP3eFPwHmdUrl4KL2SHEZi2ZuQ5ndeIL1w==",
        "dependencies": {
          "HarfBuzzSharp.NativeAssets.Win32": "2.8.2.3",
          "HarfBuzzSharp.NativeAssets.macOS": "2.8.2.3"
        }
      },
      "HarfBuzzSharp.NativeAssets.Linux": {
        "type": "Transitive",
        "resolved": "2.8.2.3",
        "contentHash": "Qu1yJSHEN7PD3+fqfkaClnORWN5e2xJ2Xoziz/GUi/oBT1Z+Dp2oZeiONKP6NFltboSOBkvH90QuOA6YN/U1zg==",
        "dependencies": {
          "HarfBuzzSharp": "2.8.2.3"
        }
      },
      "HarfBuzzSharp.NativeAssets.macOS": {
        "type": "Transitive",
        "resolved": "2.8.2.3",
        "contentHash": "uwz9pB3hMuxzI/bSkjVrsOJH7Wo1L+0Md5ZmEMDM/j7xDHtR9d3mfg/CfxhMIcTiUC4JgX49FZK0y2ojgu1dww=="
      },
      "HarfBuzzSharp.NativeAssets.WebAssembly": {
        "type": "Transitive",
        "resolved": "2.8.2.3",
        "contentHash": "a6t2X1GrZDt3ErjFbG+qXdxaO8EvMMUN1AVZYfayh7EACHU3yU/SG/rveKLWhT8Ln5GFLqe2r+5dsDrHK1qScw=="
      },
      "HarfBuzzSharp.NativeAssets.Win32": {
        "type": "Transitive",
        "resolved": "2.8.2.3",
        "contentHash": "Wo6QpE4+a+PFVdfIBoLkLr4wq2uC0m9TZC8FAfy4ZnLsUc10WL0Egk9EBHHhDCeokNOXDse5YtvuTYtS/rbHfg=="
      },
      "IdentityModel": {
        "type": "Transitive",
        "resolved": "5.2.0",
        "contentHash": "nuhkbaDH9l5QzNJp2MtP3qio57MPtiRneUN8Ocr7od0JvSYaIe3gBj/vxllr11S/Qvu1AG4GZXoyv5469ewYDA=="
      },
      "LiveChartsCore": {
        "type": "Transitive",
        "resolved": "2.0.0-beta.800",
        "contentHash": "S59x4dc22wXLHV/HG9+l3+nQ+W6ePJg4tJgejlsCmjwuRRA1U0fQLf4OVkDq2CebiiYsO20x0+gjy3zURMwn5Q=="
      },
      "LiveChartsCore.SkiaSharpView": {
        "type": "Transitive",
        "resolved": "2.0.0-beta.800",
        "contentHash": "DBhp5M4Nz8dIyNLI78kOkoQDjanT5AFCJeTynLuwBm9wr7Dj5xei0kz00k4XdHehDHunCQTCiYIFOVLfipXONg==",
        "dependencies": {
          "LiveChartsCore": "2.0.0-beta.800",
          "SkiaSharp": "2.88.3",
          "SkiaSharp.HarfBuzz": "2.88.3"
        }
      },
      "MicroCom.Runtime": {
        "type": "Transitive",
        "resolved": "0.11.0",
        "contentHash": "MEnrZ3UIiH40hjzMDsxrTyi8dtqB5ziv3iBeeU4bXsL/7NLSal9F1lZKpK+tfBRnUoDSdtcW3KufE4yhATOMCA=="
      },
      "Microsoft.Build.Tasks.Git": {
        "type": "Transitive",
        "resolved": "1.1.1",
        "contentHash": "AT3HlgTjsqHnWpBHSNeR0KxbLZD7bztlZVj7I8vgeYG9SYqbeFGh0TM/KVtC6fg53nrWHl3VfZFvb5BiQFcY6Q=="
      },
      "Microsoft.CodeCoverage": {
        "type": "Transitive",
        "resolved": "17.7.2",
        "contentHash": "ntbkwIqwszkfCRjxVZOyEQiHauiYsY9NtYjw9ASsoxDSiG8YtV6AGcOAwrAk3TZv2UOq4MrpX+3MYEeMHSb03w=="
      },
      "Microsoft.Extensions.Configuration": {
        "type": "Transitive",
        "resolved": "7.0.0",
        "contentHash": "tldQUBWt/xeH2K7/hMPPo5g8zuLc3Ro9I5d4o/XrxvxOCA2EZBtW7bCHHTc49fcBtvB8tLAb/Qsmfrq+2SJ4vA==",
        "dependencies": {
          "Microsoft.Extensions.Configuration.Abstractions": "7.0.0",
          "Microsoft.Extensions.Primitives": "7.0.0"
        }
      },
      "Microsoft.Extensions.Configuration.Abstractions": {
        "type": "Transitive",
        "resolved": "7.0.0",
        "contentHash": "f34u2eaqIjNO9YLHBz8rozVZ+TcFiFs0F3r7nUJd7FRkVSxk8u4OpoK226mi49MwexHOR2ibP9MFvRUaLilcQQ==",
        "dependencies": {
          "Microsoft.Extensions.Primitives": "7.0.0"
        }
      },
      "Microsoft.Extensions.Configuration.Binder": {
        "type": "Transitive",
        "resolved": "7.0.0",
        "contentHash": "tgU4u7bZsoS9MKVRiotVMAwHtbREHr5/5zSEV+JPhg46+ox47Au84E3D2IacAaB0bk5ePNaNieTlPrfjbbRJkg==",
        "dependencies": {
          "Microsoft.Extensions.Configuration.Abstractions": "7.0.0"
        }
      },
      "Microsoft.Extensions.DependencyInjection": {
        "type": "Transitive",
        "resolved": "7.0.0",
        "contentHash": "elNeOmkeX3eDVG6pYVeV82p29hr+UKDaBhrZyWvWLw/EVZSYEkZlQdkp0V39k/Xehs2Qa0mvoCvkVj3eQxNQ1Q==",
        "dependencies": {
          "Microsoft.Extensions.DependencyInjection.Abstractions": "7.0.0"
        }
      },
      "Microsoft.Extensions.Logging": {
        "type": "Transitive",
        "resolved": "7.0.0",
        "contentHash": "Nw2muoNrOG5U5qa2ZekXwudUn2BJcD41e65zwmDHb1fQegTX66UokLWZkJRpqSSHXDOWZ5V0iqhbxOEky91atA==",
        "dependencies": {
          "Microsoft.Extensions.DependencyInjection": "7.0.0",
          "Microsoft.Extensions.DependencyInjection.Abstractions": "7.0.0",
          "Microsoft.Extensions.Logging.Abstractions": "7.0.0",
          "Microsoft.Extensions.Options": "7.0.0"
        }
      },
      "Microsoft.Extensions.Logging.Abstractions": {
        "type": "Transitive",
        "resolved": "7.0.0",
        "contentHash": "kmn78+LPVMOWeITUjIlfxUPDsI0R6G0RkeAMBmQxAJ7vBJn4q2dTva7pWi65ceN5vPGjJ9q/Uae2WKgvfktJAw=="
      },
      "Microsoft.Extensions.Primitives": {
        "type": "Transitive",
        "resolved": "7.0.0",
        "contentHash": "um1KU5kxcRp3CNuI8o/GrZtD4AIOXDk+RLsytjZ9QPok3ttLUelLKpilVPuaFT3TFjOhSibUAso0odbOaCDj3Q=="
      },
      "Microsoft.NETCore.Platforms": {
        "type": "Transitive",
        "resolved": "1.1.0",
        "contentHash": "kz0PEW2lhqygehI/d6XsPCQzD7ff7gUJaVGPVETX611eadGsA3A877GdSlU0LRVMCTH/+P3o2iDTak+S08V2+A=="
      },
      "Microsoft.SourceLink.AzureRepos.Git": {
        "type": "Transitive",
        "resolved": "1.1.1",
        "contentHash": "qB5urvw9LO2bG3eVAkuL+2ughxz2rR7aYgm2iyrB8Rlk9cp2ndvGRCvehk3rNIhRuNtQaeKwctOl1KvWiklv5w==",
        "dependencies": {
          "Microsoft.Build.Tasks.Git": "1.1.1",
          "Microsoft.SourceLink.Common": "1.1.1"
        }
      },
      "Microsoft.SourceLink.Bitbucket.Git": {
        "type": "Transitive",
        "resolved": "1.1.1",
        "contentHash": "cDzxXwlyWpLWaH0em4Idj0H3AmVo3L/6xRXKssYemx+7W52iNskj/SQ4FOmfCb8YQt39otTDNMveCZzYtMoucQ==",
        "dependencies": {
          "Microsoft.Build.Tasks.Git": "1.1.1",
          "Microsoft.SourceLink.Common": "1.1.1"
        }
      },
      "Microsoft.SourceLink.Common": {
        "type": "Transitive",
        "resolved": "1.1.1",
        "contentHash": "WMcGpWKrmJmzrNeuaEb23bEMnbtR/vLmvZtkAP5qWu7vQsY59GqfRJd65sFpBszbd2k/bQ8cs8eWawQKAabkVg=="
      },
      "Microsoft.SourceLink.GitHub": {
        "type": "Transitive",
        "resolved": "1.1.1",
        "contentHash": "IaJGnOv/M7UQjRJks7B6p7pbPnOwisYGOIzqCz5ilGFTApZ3ktOR+6zJ12ZRPInulBmdAf1SrGdDG2MU8g6XTw==",
        "dependencies": {
          "Microsoft.Build.Tasks.Git": "1.1.1",
          "Microsoft.SourceLink.Common": "1.1.1"
        }
      },
      "Microsoft.SourceLink.GitLab": {
        "type": "Transitive",
        "resolved": "1.1.1",
        "contentHash": "tvsg47DDLqqedlPeYVE2lmiTpND8F0hkrealQ5hYltSmvruy/Gr5nHAKSsjyw5L3NeM/HLMI5ORv7on/M4qyZw==",
        "dependencies": {
          "Microsoft.Build.Tasks.Git": "1.1.1",
          "Microsoft.SourceLink.Common": "1.1.1"
        }
      },
      "Microsoft.TestPlatform.ObjectModel": {
        "type": "Transitive",
        "resolved": "17.7.2",
        "contentHash": "aHzQWgDMVBnk39HhQVmn06w+YxzF1h2V5/M4WgrNQAn7q97GR4Si3vLRTDlmJo9nK/Nknce+H4tXx4gqOKyLeg==",
        "dependencies": {
          "NuGet.Frameworks": "6.5.0",
          "System.Reflection.Metadata": "1.6.0"
        }
      },
      "Microsoft.TestPlatform.TestHost": {
        "type": "Transitive",
        "resolved": "17.7.2",
        "contentHash": "pv9yVD7IKPLJV28zYjLsWFiM3j506I2ye+6NquG8vsbm/gR7lgyig8IgY6Vo57VMvGaAKwtUECzcj+C5tH271Q==",
        "dependencies": {
          "Microsoft.TestPlatform.ObjectModel": "17.7.2",
          "Newtonsoft.Json": "13.0.1"
        }
      },
      "Microsoft.Win32.SystemEvents": {
        "type": "Transitive",
        "resolved": "7.0.0",
        "contentHash": "2nXPrhdAyAzir0gLl8Yy8S5Mnm/uBSQQA7jEsILOS1MTyS7DbmV1NgViMtvV1sfCD1ebITpNwb1NIinKeJgUVQ=="
      },
      "NETStandard.Library": {
        "type": "Transitive",
        "resolved": "2.0.0",
        "contentHash": "7jnbRU+L08FXKMxqUflxEXtVymWvNOrS8yHgu9s6EM8Anr6T/wIX4nZ08j/u3Asz+tCufp3YVwFSEvFTPYmBPA==",
        "dependencies": {
          "Microsoft.NETCore.Platforms": "1.1.0"
        }
      },
      "Newtonsoft.Json": {
        "type": "Transitive",
        "resolved": "13.0.1",
        "contentHash": "ppPFpBcvxdsfUonNcvITKqLl3bqxWbDCZIzDWHzjpdAHRFfZe0Dw9HmA0+za13IdyrgJwpkDTDA9fHaxOrt20A=="
      },
      "NuGet.Frameworks": {
        "type": "Transitive",
        "resolved": "6.5.0",
        "contentHash": "QWINE2x3MbTODsWT1Gh71GaGb5icBz4chS8VYvTgsBnsi8esgN6wtHhydd7fvToWECYGq7T4cgBBDiKD/363fg=="
      },
      "SkiaSharp": {
        "type": "Transitive",
        "resolved": "2.88.3",
        "contentHash": "GG8X3EdfwyBfwjl639UIiOVOKEdeoqDgYrz0P1MUCnefXt9cofN+AK8YB/v1+5cLMr03ieWCQdDmPqnFIzSxZw==",
        "dependencies": {
          "SkiaSharp.NativeAssets.Win32": "2.88.3",
          "SkiaSharp.NativeAssets.macOS": "2.88.3"
        }
      },
      "SkiaSharp.HarfBuzz": {
        "type": "Transitive",
        "resolved": "2.88.3",
        "contentHash": "hH6v4ltTb34eqn5tx1qLSAN7O+ppZCV5DnZw0FR7RwxXYqCeQYbBNgsaPyrZ1nkvtCDD1pH79taeO6SvqG+IAg==",
        "dependencies": {
          "HarfBuzzSharp": "2.8.2.3",
          "SkiaSharp": "2.88.3"
        }
      },
      "SkiaSharp.NativeAssets.Linux": {
        "type": "Transitive",
        "resolved": "2.88.3",
        "contentHash": "wz29evZVWRqN7WHfenFwQIgqtr8f5vHCutcl1XuhWrHTRZeaIBk7ngjhyHpjUMcQxtIEAdq34ZRvMQshsBYjqg==",
        "dependencies": {
          "SkiaSharp": "2.88.3"
        }
      },
      "SkiaSharp.NativeAssets.macOS": {
        "type": "Transitive",
        "resolved": "2.88.3",
        "contentHash": "CEbWAXMGFkPV3S1snBKK7jEG3+xud/9kmSAhu0BEUKKtlMdxx+Qal0U9bntQREM9QpqP5xLWZooodi8IlV8MEg=="
      },
      "SkiaSharp.NativeAssets.WebAssembly": {
        "type": "Transitive",
        "resolved": "2.88.3",
        "contentHash": "fNKLe6jFqW4rYwaCGgvr+J7heB6S92Z52zp2z7sDSIWXgkkelrhSShDgMd/WKrSYPqlOmfOYnIGW1CQBq9amfg=="
      },
      "SkiaSharp.NativeAssets.Win32": {
        "type": "Transitive",
        "resolved": "2.88.3",
        "contentHash": "MU4ASL8VAbTv5vSw1PoiWjjjpjtGhWtFYuJnrN4sNHFCePb2ohQij9JhSdqLLxk7RpRtWPdV93fbA53Pt+J0yw=="
      },
      "StyleCop.Analyzers.Unstable": {
        "type": "Transitive",
        "resolved": "1.2.0.507",
        "contentHash": "gTY3IQdRqDJ4hbhSA3e/R48oE8b/OiKfvwkt1QdNVfrJK2gMHBV8ldaHJ885jxWZfllK66soa/sdcjh9bX49Tw=="
      },
      "System.ComponentModel.Annotations": {
        "type": "Transitive",
        "resolved": "4.5.0",
        "contentHash": "UxYQ3FGUOtzJ7LfSdnYSFd7+oEv6M8NgUatatIN2HxNtDdlcvFAf+VIq4Of9cDMJEJC0aSRv/x898RYhB4Yppg=="
      },
      "System.Configuration.ConfigurationManager": {
        "type": "Transitive",
        "resolved": "4.4.0",
        "contentHash": "gWwQv/Ug1qWJmHCmN17nAbxJYmQBM/E94QxKLksvUiiKB1Ld3Sc/eK1lgmbSjDFxkQhVuayI/cGFZhpBSodLrg==",
        "dependencies": {
          "System.Security.Cryptography.ProtectedData": "4.4.0"
        }
      },
      "System.IO.Pipelines": {
        "type": "Transitive",
        "resolved": "5.0.2",
        "contentHash": "Iew+dfa6FFiyvWBdRmXApixRY1db+beyutpIck4SOSe0NLM8FD/7AD54MscqVLhvfSMLHO7KadjTRT7fqxOGTA=="
      },
      "System.Reflection.Metadata": {
        "type": "Transitive",
        "resolved": "1.6.0",
        "contentHash": "COC1aiAJjCoA5GBF+QKL2uLqEBew4JsCkQmoHKbN3TlOZKa2fKLz5CpiRQKDz0RsAOEGsVKqOD5bomsXq/4STQ=="
      },
      "System.Runtime.CompilerServices.Unsafe": {
        "type": "Transitive",
        "resolved": "4.7.1",
        "contentHash": "zOHkQmzPCn5zm/BH+cxC1XbUS3P4Yoi3xzW7eRgVpDR2tPGSzyMZ17Ig1iRkfJuY0nhxkQQde8pgePNiA7z7TQ=="
      },
      "System.Security.Cryptography.ProtectedData": {
        "type": "Transitive",
        "resolved": "4.4.0",
        "contentHash": "cJV7ScGW7EhatRsjehfvvYVBvtiSMKgN8bOVI0bQhnF5bU7vnHVIsH49Kva7i7GWaWYvmEzkYVk1TC+gZYBEog=="
      },
      "System.Text.Json": {
        "type": "Transitive",
        "resolved": "4.7.1",
        "contentHash": "XwzMbct3iNepJaFylN1+l8weWlFburEzXidqleSsLvSXdHSIJHEKtRVKHPlpWcFmJX6k3goPFfVgUfp40RR+bg=="
      },
      "gnomeshade.avalonia.core": {
        "type": "Project",
        "dependencies": {
          "Avalonia.Controls.DataGrid": "[11.0.0, )",
          "Avalonia.Xaml.Interactivity": "[11.0.0.1, )",
          "Gnomeshade.WebApi.Client": "[1.0.0, )",
          "IdentityModel.OidcClient": "[5.2.1, )",
          "LiveChartsCore.SkiaSharpView.Avalonia": "[2.0.0-beta.800-11.0.0-rc1.1, )",
          "Microsoft.Extensions.Configuration.EnvironmentVariables": "[7.0.0, )",
          "Microsoft.Extensions.DependencyInjection.Abstractions": "[7.0.0, )",
          "Microsoft.Extensions.Http": "[7.0.0, )",
          "Microsoft.Extensions.Options.ConfigurationExtensions": "[7.0.0, )",
          "Microsoft.Extensions.Options.DataAnnotations": "[7.0.0, )",
          "PropertyChanged.SourceGenerator": "[1.0.8, )",
          "System.Drawing.Common": "[7.0.0, )"
        }
      },
      "gnomeshade.testinghelpers": {
        "type": "Project",
        "dependencies": {
          "Bogus": "[34.0.2, )",
          "FluentAssertions": "[6.11.0, )",
          "Gnomeshade.WebApi.Client": "[1.0.0, )",
          "Gnomeshade.WebApi.Models": "[1.0.0, )",
          "Microsoft.NET.Test.Sdk": "[17.7.2, )",
          "NUnit": "[3.13.3, )",
          "NUnit3TestAdapter": "[4.5.0, )",
          "NodaTime.Bogus": "[3.0.2, )"
        }
      },
      "gnomeshade.webapi.client": {
        "type": "Project",
        "dependencies": {
          "Gnomeshade.WebApi.Models": "[1.0.0, )",
          "IdentityModel.OidcClient": "[5.2.1, )",
          "Microsoft.Extensions.DependencyInjection.Abstractions": "[7.0.0, )",
          "Microsoft.Extensions.Http": "[7.0.0, )",
          "Microsoft.Extensions.Options": "[7.0.1, )",
          "Microsoft.Extensions.Options.ConfigurationExtensions": "[7.0.0, )",
          "Microsoft.Extensions.Options.DataAnnotations": "[7.0.0, )",
          "NodaTime.Serialization.SystemTextJson": "[1.0.0, )"
        }
      },
      "gnomeshade.webapi.models": {
        "type": "Project",
        "dependencies": {
          "Microsoft.AspNetCore.Http.Features": "[5.0.17, )",
          "NodaTime": "[3.1.9, )"
        }
      },
      "Avalonia.Controls.DataGrid": {
        "type": "CentralTransitive",
        "requested": "[11.0.0, )",
        "resolved": "11.0.0",
        "contentHash": "bUEsP11CPoI0BtMW9c0MP9zqTHePSGpYIYM7dndD9+bUEHZfhD7Af8Uw/+GeBbmRu1tm4xLGefcq0O9zmEKrqA==",
        "dependencies": {
          "Avalonia": "11.0.0",
          "Avalonia.Remote.Protocol": "11.0.0"
        }
      },
      "Avalonia.Xaml.Interactivity": {
        "type": "CentralTransitive",
        "requested": "[11.0.0.1, )",
        "resolved": "11.0.0.1",
        "contentHash": "dVvuQPp0i50w8ZHsEMLOKTYCqeSizEw5lRR7waacXsvSscy+eiOi3JzR1VvO1q3JSqJepFSLRode3zRZJ92GAw==",
        "dependencies": {
          "Avalonia": "11.0.0"
        }
      },
      "Bogus": {
        "type": "CentralTransitive",
        "requested": "[34.0.2, )",
        "resolved": "34.0.2",
        "contentHash": "2KQAuMn3fLAQ2r6jeiffZnpv0bi3GCW3iRB2v1KeHIEBu8MNTh9dBlLTZwGvM0pr+9doKkU8L5JgCURmTmT88A=="
      },
      "IdentityModel.OidcClient": {
        "type": "CentralTransitive",
        "requested": "[5.2.1, )",
        "resolved": "5.2.1",
        "contentHash": "OuPhDNAw/EoJVEmYO6/ChZUBcug4OGoGKTKLUyBCsGhlKegxJk25LYQ0EL7GCBMgkEL+BYNJukNZyaJ+JNaWog==",
        "dependencies": {
          "IdentityModel": "5.2.0",
          "Microsoft.Extensions.Logging": "6.0.0"
        }
      },
      "LiveChartsCore.SkiaSharpView.Avalonia": {
        "type": "CentralTransitive",
        "requested": "[2.0.0-beta.800-11.0.0-rc1.1, )",
        "resolved": "2.0.0-beta.800-11.0.0-rc1.1",
        "contentHash": "2c9oaqkMQUFVhil6n/lSOHEqli/0fpwnCak8WBloS+CZCdUT7lRP50nV1WNNQzuLql5CSrQGqsi7WZ/LEhzchA==",
        "dependencies": {
          "Avalonia": "11.0.0-rc1.1",
          "Avalonia.Skia": "11.0.0-rc1.1",
          "LiveChartsCore.SkiaSharpView": "2.0.0-beta.800"
        }
      },
      "Microsoft.AspNetCore.Http.Features": {
        "type": "CentralTransitive",
        "requested": "[5.0.17, )",
        "resolved": "5.0.17",
        "contentHash": "3jG2xS+dx8DDCGV/F+STdPTg89lX3ao3dF/VEPvJaz3wzBIjuadipTtYNEXDIVuOPZwb6jdmhrX9jkzOIBm5cw==",
        "dependencies": {
          "Microsoft.Extensions.Primitives": "5.0.1",
          "System.IO.Pipelines": "5.0.2"
        }
      },
      "Microsoft.Extensions.Configuration.EnvironmentVariables": {
        "type": "CentralTransitive",
        "requested": "[7.0.0, )",
        "resolved": "7.0.0",
        "contentHash": "RIkfqCkvrAogirjsqSrG1E1FxgrLsOZU2nhRbl07lrajnxzSU2isj2lwQah0CtCbLWo/pOIukQzM1GfneBUnxA==",
        "dependencies": {
          "Microsoft.Extensions.Configuration": "7.0.0",
          "Microsoft.Extensions.Configuration.Abstractions": "7.0.0"
        }
      },
      "Microsoft.Extensions.DependencyInjection.Abstractions": {
        "type": "CentralTransitive",
        "requested": "[7.0.0, )",
        "resolved": "7.0.0",
        "contentHash": "h3j/QfmFN4S0w4C2A6X7arXij/M/OVw3uQHSOFxnND4DyAzO1F9eMX7Eti7lU/OkSthEE0WzRsfT/Dmx86jzCw=="
      },
      "Microsoft.Extensions.Http": {
        "type": "CentralTransitive",
        "requested": "[7.0.0, )",
        "resolved": "7.0.0",
        "contentHash": "9Pq9f/CvOSz0t9yQa6g1uWpxa2sm13daLFm8EZwy9MaQUjKXWdNUXQwIxwhmba5N83UIqURiPHSNqGK1vfWF2w==",
        "dependencies": {
          "Microsoft.Extensions.DependencyInjection.Abstractions": "7.0.0",
          "Microsoft.Extensions.Logging": "7.0.0",
          "Microsoft.Extensions.Logging.Abstractions": "7.0.0",
          "Microsoft.Extensions.Options": "7.0.0"
        }
      },
      "Microsoft.Extensions.Options": {
        "type": "CentralTransitive",
        "requested": "[7.0.1, )",
        "resolved": "7.0.1",
        "contentHash": "pZRDYdN1FpepOIfHU62QoBQ6zdAoTvnjxFfqAzEd9Jhb2dfhA5i6jeTdgGgcgTWFRC7oT0+3XrbQu4LjvgX1Nw==",
        "dependencies": {
          "Microsoft.Extensions.DependencyInjection.Abstractions": "7.0.0",
          "Microsoft.Extensions.Primitives": "7.0.0"
        }
      },
      "Microsoft.Extensions.Options.ConfigurationExtensions": {
        "type": "CentralTransitive",
        "requested": "[7.0.0, )",
        "resolved": "7.0.0",
        "contentHash": "95UnxZkkFdXxF6vSrtJsMHCzkDeSMuUWGs2hDT54cX+U5eVajrCJ3qLyQRW+CtpTt5OJ8bmTvpQVHu1DLhH+cA==",
        "dependencies": {
          "Microsoft.Extensions.Configuration.Abstractions": "7.0.0",
          "Microsoft.Extensions.Configuration.Binder": "7.0.0",
          "Microsoft.Extensions.DependencyInjection.Abstractions": "7.0.0",
          "Microsoft.Extensions.Options": "7.0.0",
          "Microsoft.Extensions.Primitives": "7.0.0"
        }
      },
      "Microsoft.Extensions.Options.DataAnnotations": {
        "type": "CentralTransitive",
        "requested": "[7.0.0, )",
        "resolved": "7.0.0",
        "contentHash": "57cONN+EcyypxCmDlaJOL7tdeYMiRNVZmv2m7hi41zAu03p+r6jbGTx7bykg3o4GYPRQjsi0FGhjLn5XuVHM1Q==",
        "dependencies": {
          "Microsoft.Extensions.DependencyInjection.Abstractions": "7.0.0",
          "Microsoft.Extensions.Options": "7.0.0"
        }
      },
      "NodaTime": {
        "type": "CentralTransitive",
        "requested": "[3.1.9, )",
        "resolved": "3.1.9",
        "contentHash": "EzjwDOtsETlXWBDE6qvTQqc3guP+9xrAOf9j1mHL++UD4VeZay+dbCPNnXyZhoQMkKAOZ/+hIOtz7STl0Rkknw==",
        "dependencies": {
          "System.Runtime.CompilerServices.Unsafe": "4.7.1"
        }
      },
      "NodaTime.Bogus": {
        "type": "CentralTransitive",
        "requested": "[3.0.2, )",
        "resolved": "3.0.2",
        "contentHash": "0X3qY/I4hYSCBoCT8yXezNCFhd01YWQ4kTtBiC8X4ZpE0ZpjqQkMOndv1bz2lpzQiP4oFiv3XBM7sqGPIulytw==",
        "dependencies": {
          "Bogus": "34.0.2",
          "NodaTime": "3.1.9"
        }
      },
      "NodaTime.Serialization.SystemTextJson": {
        "type": "CentralTransitive",
        "requested": "[1.0.0, )",
        "resolved": "1.0.0",
        "contentHash": "q1Io5ELt6nqRUQEVtrssC6pZ9Cl1gllsCAHuAU6lv7rxVMZV0aaJi0xkXPRip2JmD7NaIczkiJ/MsqQMLOFxAQ==",
        "dependencies": {
          "NodaTime": "[3.0.0, 4.0.0)",
          "System.Text.Json": "4.7.1"
        }
      },
      "PropertyChanged.SourceGenerator": {
        "type": "CentralTransitive",
        "requested": "[1.0.8, )",
        "resolved": "1.0.8",
        "contentHash": "XufLv9ReskTWjx3assV8aRAfcHfAATAkR/MugYSHkyYm7d2voQJHtQKSncVMNZiVGwXaEg5aGtWgKMweR11TAg=="
      },
      "System.Drawing.Common": {
        "type": "CentralTransitive",
        "requested": "[7.0.0, )",
        "resolved": "7.0.0",
        "contentHash": "KIX+oBU38pxkKPxvLcLfIkOV5Ien8ReN78wro7OF5/erwcmortzeFx+iBswlh2Vz6gVne0khocQudGwaO1Ey6A==",
        "dependencies": {
          "Microsoft.Win32.SystemEvents": "7.0.0"
        }
      }
    }
  }
}